// !$*UTF8*$!
{
	archiveVersion = 1;
	classes = {
	};
	objectVersion = 55;
	objects = {

/* Begin PBXBuildFile section */
		B46D957027D730DE004262DF /* AppDelegate.swift in Sources */ = {isa = PBXBuildFile; fileRef = B46D956F27D730DE004262DF /* AppDelegate.swift */; };
		B46D957427D730DE004262DF /* ViewController.swift in Sources */ = {isa = PBXBuildFile; fileRef = B46D957327D730DE004262DF /* ViewController.swift */; };
		B46D957727D730DE004262DF /* Main.storyboard in Resources */ = {isa = PBXBuildFile; fileRef = B46D957527D730DE004262DF /* Main.storyboard */; };
		B46D957927D730DF004262DF /* Assets.xcassets in Resources */ = {isa = PBXBuildFile; fileRef = B46D957827D730DF004262DF /* Assets.xcassets */; };
		B46D957C27D730DF004262DF /* LaunchScreen.storyboard in Resources */ = {isa = PBXBuildFile; fileRef = B46D957A27D730DF004262DF /* LaunchScreen.storyboard */; };
		B46D958927D73509004262DF /* Follower.swift in Sources */ = {isa = PBXBuildFile; fileRef = B46D958827D73509004262DF /* Follower.swift */; };
		B46D958B27D73513004262DF /* FollowersPage.swift in Sources */ = {isa = PBXBuildFile; fileRef = B46D958A27D73513004262DF /* FollowersPage.swift */; };
		B46D958D27D73664004262DF /* SearchFollowersUseCase.swift in Sources */ = {isa = PBXBuildFile; fileRef = B46D958C27D73664004262DF /* SearchFollowersUseCase.swift */; };
		B46D958F27D73698004262DF /* FollowerQuery.swift in Sources */ = {isa = PBXBuildFile; fileRef = B46D958E27D73698004262DF /* FollowerQuery.swift */; };
		B46D959127D73894004262DF /* FollowersRepository.swift in Sources */ = {isa = PBXBuildFile; fileRef = B46D959027D73894004262DF /* FollowersRepository.swift */; };
/* End PBXBuildFile section */

/* Begin PBXFileReference section */
		B46D956C27D730DE004262DF /* GHFollowers.app */ = {isa = PBXFileReference; explicitFileType = wrapper.application; includeInIndex = 0; path = GHFollowers.app; sourceTree = BUILT_PRODUCTS_DIR; };
		B46D956F27D730DE004262DF /* AppDelegate.swift */ = {isa = PBXFileReference; lastKnownFileType = sourcecode.swift; path = AppDelegate.swift; sourceTree = "<group>"; };
		B46D957327D730DE004262DF /* ViewController.swift */ = {isa = PBXFileReference; lastKnownFileType = sourcecode.swift; path = ViewController.swift; sourceTree = "<group>"; };
		B46D957627D730DE004262DF /* Base */ = {isa = PBXFileReference; lastKnownFileType = file.storyboard; name = Base; path = Base.lproj/Main.storyboard; sourceTree = "<group>"; };
		B46D957827D730DF004262DF /* Assets.xcassets */ = {isa = PBXFileReference; lastKnownFileType = folder.assetcatalog; path = Assets.xcassets; sourceTree = "<group>"; };
		B46D957B27D730DF004262DF /* Base */ = {isa = PBXFileReference; lastKnownFileType = file.storyboard; name = Base; path = Base.lproj/LaunchScreen.storyboard; sourceTree = "<group>"; };
		B46D957D27D730DF004262DF /* Info.plist */ = {isa = PBXFileReference; lastKnownFileType = text.plist.xml; path = Info.plist; sourceTree = "<group>"; };
		B46D958827D73509004262DF /* Follower.swift */ = {isa = PBXFileReference; lastKnownFileType = sourcecode.swift; path = Follower.swift; sourceTree = "<group>"; };
		B46D958A27D73513004262DF /* FollowersPage.swift */ = {isa = PBXFileReference; lastKnownFileType = sourcecode.swift; path = FollowersPage.swift; sourceTree = "<group>"; };
		B46D958C27D73664004262DF /* SearchFollowersUseCase.swift */ = {isa = PBXFileReference; lastKnownFileType = sourcecode.swift; path = SearchFollowersUseCase.swift; sourceTree = "<group>"; };
		B46D958E27D73698004262DF /* FollowerQuery.swift */ = {isa = PBXFileReference; lastKnownFileType = sourcecode.swift; path = FollowerQuery.swift; sourceTree = "<group>"; };
		B46D959027D73894004262DF /* FollowersRepository.swift */ = {isa = PBXFileReference; lastKnownFileType = sourcecode.swift; path = FollowersRepository.swift; sourceTree = "<group>"; };
/* End PBXFileReference section */

/* Begin PBXFrameworksBuildPhase section */
		B46D956927D730DE004262DF /* Frameworks */ = {
			isa = PBXFrameworksBuildPhase;
			buildActionMask = 2147483647;
			files = (
			);
			runOnlyForDeploymentPostprocessing = 0;
		};
/* End PBXFrameworksBuildPhase section */

/* Begin PBXGroup section */
		B46D956327D730DE004262DF = {
			isa = PBXGroup;
			children = (
				B46D956E27D730DE004262DF /* GHFollowers */,
				B46D956D27D730DE004262DF /* Products */,
			);
			sourceTree = "<group>";
		};
		B46D956D27D730DE004262DF /* Products */ = {
			isa = PBXGroup;
			children = (
				B46D956C27D730DE004262DF /* GHFollowers.app */,
			);
			name = Products;
			sourceTree = "<group>";
		};
		B46D956E27D730DE004262DF /* GHFollowers */ = {
			isa = PBXGroup;
			children = (
				B46D958427D731DE004262DF /* Domain */,
				B46D956F27D730DE004262DF /* AppDelegate.swift */,
				B46D957327D730DE004262DF /* ViewController.swift */,
				B46D957527D730DE004262DF /* Main.storyboard */,
				B46D957827D730DF004262DF /* Assets.xcassets */,
				B46D957A27D730DF004262DF /* LaunchScreen.storyboard */,
				B46D957D27D730DF004262DF /* Info.plist */,
			);
			path = GHFollowers;
			sourceTree = "<group>";
		};
		B46D958427D731DE004262DF /* Domain */ = {
			isa = PBXGroup;
			children = (
				B46D958727D73335004262DF /* Interfaces */,
				B46D958627D73331004262DF /* UseCases */,
				B46D958527D7332E004262DF /* Entities */,
			);
			path = Domain;
			sourceTree = "<group>";
		};
		B46D958527D7332E004262DF /* Entities */ = {
			isa = PBXGroup;
			children = (
				B46D958827D73509004262DF /* Follower.swift */,
				B46D958A27D73513004262DF /* FollowersPage.swift */,
				B46D958E27D73698004262DF /* FollowerQuery.swift */,
			);
			path = Entities;
			sourceTree = "<group>";
		};
		B46D958627D73331004262DF /* UseCases */ = {
			isa = PBXGroup;
			children = (
				B46D958C27D73664004262DF /* SearchFollowersUseCase.swift */,
			);
			path = UseCases;
			sourceTree = "<group>";
		};
		B46D958727D73335004262DF /* Interfaces */ = {
			isa = PBXGroup;
			children = (
				B46D959027D73894004262DF /* FollowersRepository.swift */,
			);
			path = Interfaces;
			sourceTree = "<group>";
		};
/* End PBXGroup section */

/* Begin PBXNativeTarget section */
		B46D956B27D730DE004262DF /* GHFollowers */ = {
			isa = PBXNativeTarget;
			buildConfigurationList = B46D958027D730DF004262DF /* Build configuration list for PBXNativeTarget "GHFollowers" */;
			buildPhases = (
				B46D956827D730DE004262DF /* Sources */,
				B46D956927D730DE004262DF /* Frameworks */,
				B46D956A27D730DE004262DF /* Resources */,
			);
			buildRules = (
			);
			dependencies = (
			);
			name = GHFollowers;
			productName = GHFollowers;
			productReference = B46D956C27D730DE004262DF /* GHFollowers.app */;
			productType = "com.apple.product-type.application";
		};
/* End PBXNativeTarget section */

/* Begin PBXProject section */
		B46D956427D730DE004262DF /* Project object */ = {
			isa = PBXProject;
			attributes = {
				BuildIndependentTargetsInParallel = 1;
				LastSwiftUpdateCheck = 1320;
				LastUpgradeCheck = 1320;
				TargetAttributes = {
					B46D956B27D730DE004262DF = {
						CreatedOnToolsVersion = 13.2.1;
					};
				};
			};
			buildConfigurationList = B46D956727D730DE004262DF /* Build configuration list for PBXProject "GHFollowers" */;
			compatibilityVersion = "Xcode 13.0";
			developmentRegion = en;
			hasScannedForEncodings = 0;
			knownRegions = (
				en,
				Base,
			);
			mainGroup = B46D956327D730DE004262DF;
			productRefGroup = B46D956D27D730DE004262DF /* Products */;
			projectDirPath = "";
			projectRoot = "";
			targets = (
				B46D956B27D730DE004262DF /* GHFollowers */,
			);
		};
/* End PBXProject section */

/* Begin PBXResourcesBuildPhase section */
		B46D956A27D730DE004262DF /* Resources */ = {
			isa = PBXResourcesBuildPhase;
			buildActionMask = 2147483647;
			files = (
				B46D957C27D730DF004262DF /* LaunchScreen.storyboard in Resources */,
				B46D957927D730DF004262DF /* Assets.xcassets in Resources */,
				B46D957727D730DE004262DF /* Main.storyboard in Resources */,
			);
			runOnlyForDeploymentPostprocessing = 0;
		};
/* End PBXResourcesBuildPhase section */

/* Begin PBXSourcesBuildPhase section */
		B46D956827D730DE004262DF /* Sources */ = {
			isa = PBXSourcesBuildPhase;
			buildActionMask = 2147483647;
			files = (
				B46D958B27D73513004262DF /* FollowersPage.swift in Sources */,
				B46D957427D730DE004262DF /* ViewController.swift in Sources */,
				B46D959127D73894004262DF /* FollowersRepository.swift in Sources */,
				B46D958F27D73698004262DF /* FollowerQuery.swift in Sources */,
				B46D958927D73509004262DF /* Follower.swift in Sources */,
				B46D957027D730DE004262DF /* AppDelegate.swift in Sources */,
				B46D958D27D73664004262DF /* SearchFollowersUseCase.swift in Sources */,
			);
			runOnlyForDeploymentPostprocessing = 0;
		};
/* End PBXSourcesBuildPhase section */

/* Begin PBXVariantGroup section */
		B46D957527D730DE004262DF /* Main.storyboard */ = {
			isa = PBXVariantGroup;
			children = (
				B46D957627D730DE004262DF /* Base */,
			);
			name = Main.storyboard;
			sourceTree = "<group>";
		};
		B46D957A27D730DF004262DF /* LaunchScreen.storyboard */ = {
			isa = PBXVariantGroup;
			children = (
				B46D957B27D730DF004262DF /* Base */,
			);
			name = LaunchScreen.storyboard;
			sourceTree = "<group>";
		};
/* End PBXVariantGroup section */

/* Begin XCBuildConfiguration section */
		B46D957E27D730DF004262DF /* Debug */ = {
			isa = XCBuildConfiguration;
			buildSettings = {
				ALWAYS_SEARCH_USER_PATHS = NO;
				CLANG_ANALYZER_NONNULL = YES;
				CLANG_ANALYZER_NUMBER_OBJECT_CONVERSION = YES_AGGRESSIVE;
				CLANG_CXX_LANGUAGE_STANDARD = "gnu++17";
				CLANG_CXX_LIBRARY = "libc++";
				CLANG_ENABLE_MODULES = YES;
				CLANG_ENABLE_OBJC_ARC = YES;
				CLANG_ENABLE_OBJC_WEAK = YES;
				CLANG_WARN_BLOCK_CAPTURE_AUTORELEASING = YES;
				CLANG_WARN_BOOL_CONVERSION = YES;
				CLANG_WARN_COMMA = YES;
				CLANG_WARN_CONSTANT_CONVERSION = YES;
				CLANG_WARN_DEPRECATED_OBJC_IMPLEMENTATIONS = YES;
				CLANG_WARN_DIRECT_OBJC_ISA_USAGE = YES_ERROR;
				CLANG_WARN_DOCUMENTATION_COMMENTS = YES;
				CLANG_WARN_EMPTY_BODY = YES;
				CLANG_WARN_ENUM_CONVERSION = YES;
				CLANG_WARN_INFINITE_RECURSION = YES;
				CLANG_WARN_INT_CONVERSION = YES;
				CLANG_WARN_NON_LITERAL_NULL_CONVERSION = YES;
				CLANG_WARN_OBJC_IMPLICIT_RETAIN_SELF = YES;
				CLANG_WARN_OBJC_LITERAL_CONVERSION = YES;
				CLANG_WARN_OBJC_ROOT_CLASS = YES_ERROR;
				CLANG_WARN_QUOTED_INCLUDE_IN_FRAMEWORK_HEADER = YES;
				CLANG_WARN_RANGE_LOOP_ANALYSIS = YES;
				CLANG_WARN_STRICT_PROTOTYPES = YES;
				CLANG_WARN_SUSPICIOUS_MOVE = YES;
				CLANG_WARN_UNGUARDED_AVAILABILITY = YES_AGGRESSIVE;
				CLANG_WARN_UNREACHABLE_CODE = YES;
				CLANG_WARN__DUPLICATE_METHOD_MATCH = YES;
				COPY_PHASE_STRIP = NO;
				DEBUG_INFORMATION_FORMAT = dwarf;
				ENABLE_STRICT_OBJC_MSGSEND = YES;
				ENABLE_TESTABILITY = YES;
				GCC_C_LANGUAGE_STANDARD = gnu11;
				GCC_DYNAMIC_NO_PIC = NO;
				GCC_NO_COMMON_BLOCKS = YES;
				GCC_OPTIMIZATION_LEVEL = 0;
				GCC_PREPROCESSOR_DEFINITIONS = (
					"DEBUG=1",
					"$(inherited)",
				);
				GCC_WARN_64_TO_32_BIT_CONVERSION = YES;
				GCC_WARN_ABOUT_RETURN_TYPE = YES_ERROR;
				GCC_WARN_UNDECLARED_SELECTOR = YES;
				GCC_WARN_UNINITIALIZED_AUTOS = YES_AGGRESSIVE;
				GCC_WARN_UNUSED_FUNCTION = YES;
				GCC_WARN_UNUSED_VARIABLE = YES;
				IPHONEOS_DEPLOYMENT_TARGET = 15.2;
				MTL_ENABLE_DEBUG_INFO = INCLUDE_SOURCE;
				MTL_FAST_MATH = YES;
				ONLY_ACTIVE_ARCH = YES;
				SDKROOT = iphoneos;
				SWIFT_ACTIVE_COMPILATION_CONDITIONS = DEBUG;
				SWIFT_OPTIMIZATION_LEVEL = "-Onone";
			};
			name = Debug;
		};
		B46D957F27D730DF004262DF /* Release */ = {
			isa = XCBuildConfiguration;
			buildSettings = {
				ALWAYS_SEARCH_USER_PATHS = NO;
				CLANG_ANALYZER_NONNULL = YES;
				CLANG_ANALYZER_NUMBER_OBJECT_CONVERSION = YES_AGGRESSIVE;
				CLANG_CXX_LANGUAGE_STANDARD = "gnu++17";
				CLANG_CXX_LIBRARY = "libc++";
				CLANG_ENABLE_MODULES = YES;
				CLANG_ENABLE_OBJC_ARC = YES;
				CLANG_ENABLE_OBJC_WEAK = YES;
				CLANG_WARN_BLOCK_CAPTURE_AUTORELEASING = YES;
				CLANG_WARN_BOOL_CONVERSION = YES;
				CLANG_WARN_COMMA = YES;
				CLANG_WARN_CONSTANT_CONVERSION = YES;
				CLANG_WARN_DEPRECATED_OBJC_IMPLEMENTATIONS = YES;
				CLANG_WARN_DIRECT_OBJC_ISA_USAGE = YES_ERROR;
				CLANG_WARN_DOCUMENTATION_COMMENTS = YES;
				CLANG_WARN_EMPTY_BODY = YES;
				CLANG_WARN_ENUM_CONVERSION = YES;
				CLANG_WARN_INFINITE_RECURSION = YES;
				CLANG_WARN_INT_CONVERSION = YES;
				CLANG_WARN_NON_LITERAL_NULL_CONVERSION = YES;
				CLANG_WARN_OBJC_IMPLICIT_RETAIN_SELF = YES;
				CLANG_WARN_OBJC_LITERAL_CONVERSION = YES;
				CLANG_WARN_OBJC_ROOT_CLASS = YES_ERROR;
				CLANG_WARN_QUOTED_INCLUDE_IN_FRAMEWORK_HEADER = YES;
				CLANG_WARN_RANGE_LOOP_ANALYSIS = YES;
				CLANG_WARN_STRICT_PROTOTYPES = YES;
				CLANG_WARN_SUSPICIOUS_MOVE = YES;
				CLANG_WARN_UNGUARDED_AVAILABILITY = YES_AGGRESSIVE;
				CLANG_WARN_UNREACHABLE_CODE = YES;
				CLANG_WARN__DUPLICATE_METHOD_MATCH = YES;
				COPY_PHASE_STRIP = NO;
				DEBUG_INFORMATION_FORMAT = "dwarf-with-dsym";
				ENABLE_NS_ASSERTIONS = NO;
				ENABLE_STRICT_OBJC_MSGSEND = YES;
				GCC_C_LANGUAGE_STANDARD = gnu11;
				GCC_NO_COMMON_BLOCKS = YES;
				GCC_WARN_64_TO_32_BIT_CONVERSION = YES;
				GCC_WARN_ABOUT_RETURN_TYPE = YES_ERROR;
				GCC_WARN_UNDECLARED_SELECTOR = YES;
				GCC_WARN_UNINITIALIZED_AUTOS = YES_AGGRESSIVE;
				GCC_WARN_UNUSED_FUNCTION = YES;
				GCC_WARN_UNUSED_VARIABLE = YES;
				IPHONEOS_DEPLOYMENT_TARGET = 15.2;
				MTL_ENABLE_DEBUG_INFO = NO;
				MTL_FAST_MATH = YES;
				SDKROOT = iphoneos;
				SWIFT_COMPILATION_MODE = wholemodule;
				SWIFT_OPTIMIZATION_LEVEL = "-O";
				VALIDATE_PRODUCT = YES;
			};
			name = Release;
		};
		B46D958127D730DF004262DF /* Debug */ = {
			isa = XCBuildConfiguration;
			buildSettings = {
				ASSETCATALOG_COMPILER_APPICON_NAME = AppIcon;
				ASSETCATALOG_COMPILER_GLOBAL_ACCENT_COLOR_NAME = AccentColor;
				CODE_SIGN_STYLE = Automatic;
				CURRENT_PROJECT_VERSION = 1;
				DEVELOPMENT_TEAM = SK9D9HK9A2;
				GENERATE_INFOPLIST_FILE = YES;
				INFOPLIST_FILE = GHFollowers/Info.plist;
				INFOPLIST_KEY_UIApplicationSupportsIndirectInputEvents = YES;
				INFOPLIST_KEY_UILaunchStoryboardName = LaunchScreen;
				INFOPLIST_KEY_UISupportedInterfaceOrientations_iPad = "UIInterfaceOrientationPortrait UIInterfaceOrientationPortraitUpsideDown UIInterfaceOrientationLandscapeLeft UIInterfaceOrientationLandscapeRight";
				INFOPLIST_KEY_UISupportedInterfaceOrientations_iPhone = "UIInterfaceOrientationPortrait UIInterfaceOrientationLandscapeLeft UIInterfaceOrientationLandscapeRight";
				LD_RUNPATH_SEARCH_PATHS = (
					"$(inherited)",
					"@executable_path/Frameworks",
				);
				MARKETING_VERSION = 1.0;
				PRODUCT_BUNDLE_IDENTIFIER = com.howift.GHFollowers;
				PRODUCT_NAME = "$(TARGET_NAME)";
				SWIFT_EMIT_LOC_STRINGS = YES;
				SWIFT_VERSION = 5.0;
				TARGETED_DEVICE_FAMILY = "1,2";
			};
			name = Debug;
		};
		B46D958227D730DF004262DF /* Release */ = {
			isa = XCBuildConfiguration;
			buildSettings = {
				ASSETCATALOG_COMPILER_APPICON_NAME = AppIcon;
				ASSETCATALOG_COMPILER_GLOBAL_ACCENT_COLOR_NAME = AccentColor;
				CODE_SIGN_STYLE = Automatic;
				CURRENT_PROJECT_VERSION = 1;
				DEVELOPMENT_TEAM = SK9D9HK9A2;
				GENERATE_INFOPLIST_FILE = YES;
				INFOPLIST_FILE = GHFollowers/Info.plist;
				INFOPLIST_KEY_UIApplicationSupportsIndirectInputEvents = YES;
				INFOPLIST_KEY_UILaunchStoryboardName = LaunchScreen;
				INFOPLIST_KEY_UISupportedInterfaceOrientations_iPad = "UIInterfaceOrientationPortrait UIInterfaceOrientationPortraitUpsideDown UIInterfaceOrientationLandscapeLeft UIInterfaceOrientationLandscapeRight";
				INFOPLIST_KEY_UISupportedInterfaceOrientations_iPhone = "UIInterfaceOrientationPortrait UIInterfaceOrientationLandscapeLeft UIInterfaceOrientationLandscapeRight";
				LD_RUNPATH_SEARCH_PATHS = (
					"$(inherited)",
					"@executable_path/Frameworks",
				);
				MARKETING_VERSION = 1.0;
				PRODUCT_BUNDLE_IDENTIFIER = com.howift.GHFollowers;
				PRODUCT_NAME = "$(TARGET_NAME)";
				SWIFT_EMIT_LOC_STRINGS = YES;
				SWIFT_VERSION = 5.0;
				TARGETED_DEVICE_FAMILY = "1,2";
			};
			name = Release;
		};
/* End XCBuildConfiguration section */

/* Begin XCConfigurationList section */
		B46D956727D730DE004262DF /* Build configuration list for PBXProject "GHFollowers" */ = {
			isa = XCConfigurationList;
			buildConfigurations = (
				B46D957E27D730DF004262DF /* Debug */,
				B46D957F27D730DF004262DF /* Release */,
			);
			defaultConfigurationIsVisible = 0;
			defaultConfigurationName = Release;
		};
		B46D958027D730DF004262DF /* Build configuration list for PBXNativeTarget "GHFollowers" */ = {
			isa = XCConfigurationList;
			buildConfigurations = (
				B46D958127D730DF004262DF /* Debug */,
				B46D958227D730DF004262DF /* Release */,
			);
			defaultConfigurationIsVisible = 0;
			defaultConfigurationName = Release;
		};
/* End XCConfigurationList section */
	};
	rootObject = B46D956427D730DE004262DF /* Project object */;
}
