// !$*UTF8*$!
{
	archiveVersion = 1;
	classes = {
	};
	objectVersion = 55;
	objects = {

/* Begin PBXBuildFile section */
		B4F53C3D27D11724005FA43F /* AppDelegate.swift in Sources */ = {isa = PBXBuildFile; fileRef = B4F53C3C27D11724005FA43F /* AppDelegate.swift */; };
		B4F53C4127D11724005FA43F /* ViewController.swift in Sources */ = {isa = PBXBuildFile; fileRef = B4F53C4027D11724005FA43F /* ViewController.swift */; };
		B4F53C4627D11725005FA43F /* Assets.xcassets in Resources */ = {isa = PBXBuildFile; fileRef = B4F53C4527D11725005FA43F /* Assets.xcassets */; };
		B4F53C4927D11725005FA43F /* LaunchScreen.storyboard in Resources */ = {isa = PBXBuildFile; fileRef = B4F53C4727D11725005FA43F /* LaunchScreen.storyboard */; };
		B4F53C5327D11830005FA43F /* Repo.swift in Sources */ = {isa = PBXBuildFile; fileRef = B4F53C5227D11830005FA43F /* Repo.swift */; };
		B4F53C5527D1183A005FA43F /* SearchResponse.swift in Sources */ = {isa = PBXBuildFile; fileRef = B4F53C5427D1183A005FA43F /* SearchResponse.swift */; };
		B4F53C5727D1CDB3005FA43F /* NetworkingService.swift in Sources */ = {isa = PBXBuildFile; fileRef = B4F53C5627D1CDB3005FA43F /* NetworkingService.swift */; };
		B4F53C5927D1D630005FA43F /* NetworkingApi.swift in Sources */ = {isa = PBXBuildFile; fileRef = B4F53C5827D1D630005FA43F /* NetworkingApi.swift */; };
		B4F53C5C27D1DB39005FA43F /* UIViewController+Rx.swift in Sources */ = {isa = PBXBuildFile; fileRef = B4F53C5B27D1DB39005FA43F /* UIViewController+Rx.swift */; };
		B4F53C5F27D1DC03005FA43F /* ViewModelType.swift in Sources */ = {isa = PBXBuildFile; fileRef = B4F53C5E27D1DC03005FA43F /* ViewModelType.swift */; };
		B4F53C6127D1E04F005FA43F /* ActivityIndicator.swift in Sources */ = {isa = PBXBuildFile; fileRef = B4F53C6027D1E04F005FA43F /* ActivityIndicator.swift */; };
		B4F53C6327D27B37005FA43F /* ReposViewModel.swift in Sources */ = {isa = PBXBuildFile; fileRef = B4F53C6227D27B37005FA43F /* ReposViewModel.swift */; };
		B4F53C6527D2F865005FA43F /* RepoViewModel.swift in Sources */ = {isa = PBXBuildFile; fileRef = B4F53C6427D2F865005FA43F /* RepoViewModel.swift */; };
		B4F53C6827D2FB3B005FA43F /* ReposViewController.swift in Sources */ = {isa = PBXBuildFile; fileRef = B4F53C6727D2FB3B005FA43F /* ReposViewController.swift */; };
		E0D963D4309936F2D94C33D3 /* Pods_RepoMVVMRx.framework in Frameworks */ = {isa = PBXBuildFile; fileRef = 97D058B4CF7B2786D8CE109A /* Pods_RepoMVVMRx.framework */; };
/* End PBXBuildFile section */

/* Begin PBXFileReference section */
		11DD8E8999B991168DB8B36A /* Pods-RepoMVVMRx.debug.xcconfig */ = {isa = PBXFileReference; includeInIndex = 1; lastKnownFileType = text.xcconfig; name = "Pods-RepoMVVMRx.debug.xcconfig"; path = "Target Support Files/Pods-RepoMVVMRx/Pods-RepoMVVMRx.debug.xcconfig"; sourceTree = "<group>"; };
		670FC69A41AE0CB849DFA1F4 /* Pods-RepoMVVMRx.release.xcconfig */ = {isa = PBXFileReference; includeInIndex = 1; lastKnownFileType = text.xcconfig; name = "Pods-RepoMVVMRx.release.xcconfig"; path = "Target Support Files/Pods-RepoMVVMRx/Pods-RepoMVVMRx.release.xcconfig"; sourceTree = "<group>"; };
		97D058B4CF7B2786D8CE109A /* Pods_RepoMVVMRx.framework */ = {isa = PBXFileReference; explicitFileType = wrapper.framework; includeInIndex = 0; path = Pods_RepoMVVMRx.framework; sourceTree = BUILT_PRODUCTS_DIR; };
		B4F53C3927D11724005FA43F /* RepoMVVMRx.app */ = {isa = PBXFileReference; explicitFileType = wrapper.application; includeInIndex = 0; path = RepoMVVMRx.app; sourceTree = BUILT_PRODUCTS_DIR; };
		B4F53C3C27D11724005FA43F /* AppDelegate.swift */ = {isa = PBXFileReference; lastKnownFileType = sourcecode.swift; path = AppDelegate.swift; sourceTree = "<group>"; };
		B4F53C4027D11724005FA43F /* ViewController.swift */ = {isa = PBXFileReference; lastKnownFileType = sourcecode.swift; path = ViewController.swift; sourceTree = "<group>"; };
		B4F53C4527D11725005FA43F /* Assets.xcassets */ = {isa = PBXFileReference; lastKnownFileType = folder.assetcatalog; path = Assets.xcassets; sourceTree = "<group>"; };
		B4F53C4827D11725005FA43F /* Base */ = {isa = PBXFileReference; lastKnownFileType = file.storyboard; name = Base; path = Base.lproj/LaunchScreen.storyboard; sourceTree = "<group>"; };
		B4F53C4A27D11725005FA43F /* Info.plist */ = {isa = PBXFileReference; lastKnownFileType = text.plist.xml; path = Info.plist; sourceTree = "<group>"; };
		B4F53C5227D11830005FA43F /* Repo.swift */ = {isa = PBXFileReference; lastKnownFileType = sourcecode.swift; path = Repo.swift; sourceTree = "<group>"; };
		B4F53C5427D1183A005FA43F /* SearchResponse.swift */ = {isa = PBXFileReference; lastKnownFileType = sourcecode.swift; path = SearchResponse.swift; sourceTree = "<group>"; };
		B4F53C5627D1CDB3005FA43F /* NetworkingService.swift */ = {isa = PBXFileReference; lastKnownFileType = sourcecode.swift; path = NetworkingService.swift; sourceTree = "<group>"; };
		B4F53C5827D1D630005FA43F /* NetworkingApi.swift */ = {isa = PBXFileReference; lastKnownFileType = sourcecode.swift; path = NetworkingApi.swift; sourceTree = "<group>"; };
		B4F53C5B27D1DB39005FA43F /* UIViewController+Rx.swift */ = {isa = PBXFileReference; lastKnownFileType = sourcecode.swift; path = "UIViewController+Rx.swift"; sourceTree = "<group>"; };
		B4F53C5E27D1DC03005FA43F /* ViewModelType.swift */ = {isa = PBXFileReference; lastKnownFileType = sourcecode.swift; path = ViewModelType.swift; sourceTree = "<group>"; };
		B4F53C6027D1E04F005FA43F /* ActivityIndicator.swift */ = {isa = PBXFileReference; lastKnownFileType = sourcecode.swift; path = ActivityIndicator.swift; sourceTree = "<group>"; };
		B4F53C6227D27B37005FA43F /* ReposViewModel.swift */ = {isa = PBXFileReference; lastKnownFileType = sourcecode.swift; path = ReposViewModel.swift; sourceTree = "<group>"; };
		B4F53C6427D2F865005FA43F /* RepoViewModel.swift */ = {isa = PBXFileReference; lastKnownFileType = sourcecode.swift; path = RepoViewModel.swift; sourceTree = "<group>"; };
		B4F53C6727D2FB3B005FA43F /* ReposViewController.swift */ = {isa = PBXFileReference; lastKnownFileType = sourcecode.swift; path = ReposViewController.swift; sourceTree = "<group>"; };
/* End PBXFileReference section */

/* Begin PBXFrameworksBuildPhase section */
		B4F53C3627D11724005FA43F /* Frameworks */ = {
			isa = PBXFrameworksBuildPhase;
			buildActionMask = 2147483647;
			files = (
				E0D963D4309936F2D94C33D3 /* Pods_RepoMVVMRx.framework in Frameworks */,
			);
			runOnlyForDeploymentPostprocessing = 0;
		};
/* End PBXFrameworksBuildPhase section */

/* Begin PBXGroup section */
		B4F53C3027D11724005FA43F = {
			isa = PBXGroup;
			children = (
				B4F53C3B27D11724005FA43F /* RepoMVVMRx */,
				B4F53C3A27D11724005FA43F /* Products */,
				FD01313663915A952773D4E1 /* Pods */,
				BF63F8AEFB9171EFD4B0ED3F /* Frameworks */,
			);
			sourceTree = "<group>";
		};
		B4F53C3A27D11724005FA43F /* Products */ = {
			isa = PBXGroup;
			children = (
				B4F53C3927D11724005FA43F /* RepoMVVMRx.app */,
			);
			name = Products;
			sourceTree = "<group>";
		};
		B4F53C3B27D11724005FA43F /* RepoMVVMRx */ = {
			isa = PBXGroup;
			children = (
				B4F53C6627D2FB1B005FA43F /* Controllers */,
				B4F53C5D27D1DBFC005FA43F /* ViewModels */,
				B4F53C5A27D1D9B4005FA43F /* Utils */,
				B4F53C5127D11827005FA43F /* Networking */,
				B4F53C5027D11821005FA43F /* Models */,
				B4F53C3C27D11724005FA43F /* AppDelegate.swift */,
				B4F53C4027D11724005FA43F /* ViewController.swift */,
				B4F53C4527D11725005FA43F /* Assets.xcassets */,
				B4F53C4727D11725005FA43F /* LaunchScreen.storyboard */,
				B4F53C4A27D11725005FA43F /* Info.plist */,
			);
			path = RepoMVVMRx;
			sourceTree = "<group>";
		};
		B4F53C5027D11821005FA43F /* Models */ = {
			isa = PBXGroup;
			children = (
				B4F53C5227D11830005FA43F /* Repo.swift */,
				B4F53C5427D1183A005FA43F /* SearchResponse.swift */,
			);
			path = Models;
			sourceTree = "<group>";
		};
		B4F53C5127D11827005FA43F /* Networking */ = {
			isa = PBXGroup;
			children = (
				B4F53C5627D1CDB3005FA43F /* NetworkingService.swift */,
				B4F53C5827D1D630005FA43F /* NetworkingApi.swift */,
			);
			path = Networking;
			sourceTree = "<group>";
		};
		B4F53C5A27D1D9B4005FA43F /* Utils */ = {
			isa = PBXGroup;
			children = (
				B4F53C5B27D1DB39005FA43F /* UIViewController+Rx.swift */,
				B4F53C6027D1E04F005FA43F /* ActivityIndicator.swift */,
			);
			path = Utils;
			sourceTree = "<group>";
		};
		B4F53C5D27D1DBFC005FA43F /* ViewModels */ = {
			isa = PBXGroup;
			children = (
				B4F53C5E27D1DC03005FA43F /* ViewModelType.swift */,
				B4F53C6227D27B37005FA43F /* ReposViewModel.swift */,
				B4F53C6427D2F865005FA43F /* RepoViewModel.swift */,
			);
			path = ViewModels;
			sourceTree = "<group>";
		};
		B4F53C6627D2FB1B005FA43F /* Controllers */ = {
			isa = PBXGroup;
			children = (
				B4F53C6727D2FB3B005FA43F /* ReposViewController.swift */,
			);
			path = Controllers;
			sourceTree = "<group>";
		};
		BF63F8AEFB9171EFD4B0ED3F /* Frameworks */ = {
			isa = PBXGroup;
			children = (
				97D058B4CF7B2786D8CE109A /* Pods_RepoMVVMRx.framework */,
			);
			name = Frameworks;
			sourceTree = "<group>";
		};
		FD01313663915A952773D4E1 /* Pods */ = {
			isa = PBXGroup;
			children = (
				11DD8E8999B991168DB8B36A /* Pods-RepoMVVMRx.debug.xcconfig */,
				670FC69A41AE0CB849DFA1F4 /* Pods-RepoMVVMRx.release.xcconfig */,
			);
			path = Pods;
			sourceTree = "<group>";
		};
/* End PBXGroup section */

/* Begin PBXNativeTarget section */
		B4F53C3827D11724005FA43F /* RepoMVVMRx */ = {
			isa = PBXNativeTarget;
			buildConfigurationList = B4F53C4D27D11725005FA43F /* Build configuration list for PBXNativeTarget "RepoMVVMRx" */;
			buildPhases = (
				6D0DA78C5083F1A4DA333A9E /* [CP] Check Pods Manifest.lock */,
				B4F53C3527D11724005FA43F /* Sources */,
				B4F53C3627D11724005FA43F /* Frameworks */,
				B4F53C3727D11724005FA43F /* Resources */,
				24C4AA17E8B38D8785E0FDEC /* [CP] Embed Pods Frameworks */,
			);
			buildRules = (
			);
			dependencies = (
			);
			name = RepoMVVMRx;
			productName = RepoMVVMRx;
			productReference = B4F53C3927D11724005FA43F /* RepoMVVMRx.app */;
			productType = "com.apple.product-type.application";
		};
/* End PBXNativeTarget section */

/* Begin PBXProject section */
		B4F53C3127D11724005FA43F /* Project object */ = {
			isa = PBXProject;
			attributes = {
				BuildIndependentTargetsInParallel = 1;
				LastSwiftUpdateCheck = 1320;
				LastUpgradeCheck = 1320;
				TargetAttributes = {
					B4F53C3827D11724005FA43F = {
						CreatedOnToolsVersion = 13.2.1;
					};
				};
			};
			buildConfigurationList = B4F53C3427D11724005FA43F /* Build configuration list for PBXProject "RepoMVVMRx" */;
			compatibilityVersion = "Xcode 13.0";
			developmentRegion = en;
			hasScannedForEncodings = 0;
			knownRegions = (
				en,
				Base,
			);
			mainGroup = B4F53C3027D11724005FA43F;
			productRefGroup = B4F53C3A27D11724005FA43F /* Products */;
			projectDirPath = "";
			projectRoot = "";
			targets = (
				B4F53C3827D11724005FA43F /* RepoMVVMRx */,
			);
		};
/* End PBXProject section */

/* Begin PBXResourcesBuildPhase section */
		B4F53C3727D11724005FA43F /* Resources */ = {
			isa = PBXResourcesBuildPhase;
			buildActionMask = 2147483647;
			files = (
				B4F53C4927D11725005FA43F /* LaunchScreen.storyboard in Resources */,
				B4F53C4627D11725005FA43F /* Assets.xcassets in Resources */,
			);
			runOnlyForDeploymentPostprocessing = 0;
		};
/* End PBXResourcesBuildPhase section */

/* Begin PBXShellScriptBuildPhase section */
		24C4AA17E8B38D8785E0FDEC /* [CP] Embed Pods Frameworks */ = {
			isa = PBXShellScriptBuildPhase;
			buildActionMask = 2147483647;
			files = (
			);
			inputFileListPaths = (
				"${PODS_ROOT}/Target Support Files/Pods-RepoMVVMRx/Pods-RepoMVVMRx-frameworks-${CONFIGURATION}-input-files.xcfilelist",
			);
			name = "[CP] Embed Pods Frameworks";
			outputFileListPaths = (
				"${PODS_ROOT}/Target Support Files/Pods-RepoMVVMRx/Pods-RepoMVVMRx-frameworks-${CONFIGURATION}-output-files.xcfilelist",
			);
			runOnlyForDeploymentPostprocessing = 0;
			shellPath = /bin/sh;
			shellScript = "\"${PODS_ROOT}/Target Support Files/Pods-RepoMVVMRx/Pods-RepoMVVMRx-frameworks.sh\"\n";
			showEnvVarsInLog = 0;
		};
		6D0DA78C5083F1A4DA333A9E /* [CP] Check Pods Manifest.lock */ = {
			isa = PBXShellScriptBuildPhase;
			buildActionMask = 2147483647;
			files = (
			);
			inputFileListPaths = (
			);
			inputPaths = (
				"${PODS_PODFILE_DIR_PATH}/Podfile.lock",
				"${PODS_ROOT}/Manifest.lock",
			);
			name = "[CP] Check Pods Manifest.lock";
			outputFileListPaths = (
			);
			outputPaths = (
				"$(DERIVED_FILE_DIR)/Pods-RepoMVVMRx-checkManifestLockResult.txt",
			);
			runOnlyForDeploymentPostprocessing = 0;
			shellPath = /bin/sh;
			shellScript = "diff \"${PODS_PODFILE_DIR_PATH}/Podfile.lock\" \"${PODS_ROOT}/Manifest.lock\" > /dev/null\nif [ $? != 0 ] ; then\n    # print error to STDERR\n    echo \"error: The sandbox is not in sync with the Podfile.lock. Run 'pod install' or update your CocoaPods installation.\" >&2\n    exit 1\nfi\n# This output is used by Xcode 'outputs' to avoid re-running this script phase.\necho \"SUCCESS\" > \"${SCRIPT_OUTPUT_FILE_0}\"\n";
			showEnvVarsInLog = 0;
		};
/* End PBXShellScriptBuildPhase section */

/* Begin PBXSourcesBuildPhase section */
		B4F53C3527D11724005FA43F /* Sources */ = {
			isa = PBXSourcesBuildPhase;
			buildActionMask = 2147483647;
			files = (
				B4F53C6827D2FB3B005FA43F /* ReposViewController.swift in Sources */,
				B4F53C5727D1CDB3005FA43F /* NetworkingService.swift in Sources */,
				B4F53C5527D1183A005FA43F /* SearchResponse.swift in Sources */,
				B4F53C6527D2F865005FA43F /* RepoViewModel.swift in Sources */,
				B4F53C5927D1D630005FA43F /* NetworkingApi.swift in Sources */,
				B4F53C5327D11830005FA43F /* Repo.swift in Sources */,
				B4F53C5F27D1DC03005FA43F /* ViewModelType.swift in Sources */,
				B4F53C4127D11724005FA43F /* ViewController.swift in Sources */,
				B4F53C6327D27B37005FA43F /* ReposViewModel.swift in Sources */,
				B4F53C3D27D11724005FA43F /* AppDelegate.swift in Sources */,
				B4F53C6127D1E04F005FA43F /* ActivityIndicator.swift in Sources */,
				B4F53C5C27D1DB39005FA43F /* UIViewController+Rx.swift in Sources */,
			);
			runOnlyForDeploymentPostprocessing = 0;
		};
/* End PBXSourcesBuildPhase section */

/* Begin PBXVariantGroup section */
		B4F53C4727D11725005FA43F /* LaunchScreen.storyboard */ = {
			isa = PBXVariantGroup;
			children = (
				B4F53C4827D11725005FA43F /* Base */,
			);
			name = LaunchScreen.storyboard;
			sourceTree = "<group>";
		};
/* End PBXVariantGroup section */

/* Begin XCBuildConfiguration section */
		B4F53C4B27D11725005FA43F /* Debug */ = {
			isa = XCBuildConfiguration;
			buildSettings = {
				ALWAYS_SEARCH_USER_PATHS = NO;
				CLANG_ANALYZER_NONNULL = YES;
				CLANG_ANALYZER_NUMBER_OBJECT_CONVERSION = YES_AGGRESSIVE;
				CLANG_CXX_LANGUAGE_STANDARD = "gnu++17";
				CLANG_CXX_LIBRARY = "libc++";
				CLANG_ENABLE_MODULES = YES;
				CLANG_ENABLE_OBJC_ARC = YES;
				CLANG_ENABLE_OBJC_WEAK = YES;
				CLANG_WARN_BLOCK_CAPTURE_AUTORELEASING = YES;
				CLANG_WARN_BOOL_CONVERSION = YES;
				CLANG_WARN_COMMA = YES;
				CLANG_WARN_CONSTANT_CONVERSION = YES;
				CLANG_WARN_DEPRECATED_OBJC_IMPLEMENTATIONS = YES;
				CLANG_WARN_DIRECT_OBJC_ISA_USAGE = YES_ERROR;
				CLANG_WARN_DOCUMENTATION_COMMENTS = YES;
				CLANG_WARN_EMPTY_BODY = YES;
				CLANG_WARN_ENUM_CONVERSION = YES;
				CLANG_WARN_INFINITE_RECURSION = YES;
				CLANG_WARN_INT_CONVERSION = YES;
				CLANG_WARN_NON_LITERAL_NULL_CONVERSION = YES;
				CLANG_WARN_OBJC_IMPLICIT_RETAIN_SELF = YES;
				CLANG_WARN_OBJC_LITERAL_CONVERSION = YES;
				CLANG_WARN_OBJC_ROOT_CLASS = YES_ERROR;
				CLANG_WARN_QUOTED_INCLUDE_IN_FRAMEWORK_HEADER = YES;
				CLANG_WARN_RANGE_LOOP_ANALYSIS = YES;
				CLANG_WARN_STRICT_PROTOTYPES = YES;
				CLANG_WARN_SUSPICIOUS_MOVE = YES;
				CLANG_WARN_UNGUARDED_AVAILABILITY = YES_AGGRESSIVE;
				CLANG_WARN_UNREACHABLE_CODE = YES;
				CLANG_WARN__DUPLICATE_METHOD_MATCH = YES;
				COPY_PHASE_STRIP = NO;
				DEBUG_INFORMATION_FORMAT = dwarf;
				ENABLE_STRICT_OBJC_MSGSEND = YES;
				ENABLE_TESTABILITY = YES;
				GCC_C_LANGUAGE_STANDARD = gnu11;
				GCC_DYNAMIC_NO_PIC = NO;
				GCC_NO_COMMON_BLOCKS = YES;
				GCC_OPTIMIZATION_LEVEL = 0;
				GCC_PREPROCESSOR_DEFINITIONS = (
					"DEBUG=1",
					"$(inherited)",
				);
				GCC_WARN_64_TO_32_BIT_CONVERSION = YES;
				GCC_WARN_ABOUT_RETURN_TYPE = YES_ERROR;
				GCC_WARN_UNDECLARED_SELECTOR = YES;
				GCC_WARN_UNINITIALIZED_AUTOS = YES_AGGRESSIVE;
				GCC_WARN_UNUSED_FUNCTION = YES;
				GCC_WARN_UNUSED_VARIABLE = YES;
				IPHONEOS_DEPLOYMENT_TARGET = 15.2;
				MTL_ENABLE_DEBUG_INFO = INCLUDE_SOURCE;
				MTL_FAST_MATH = YES;
				ONLY_ACTIVE_ARCH = YES;
				SDKROOT = iphoneos;
				SWIFT_ACTIVE_COMPILATION_CONDITIONS = DEBUG;
				SWIFT_OPTIMIZATION_LEVEL = "-Onone";
			};
			name = Debug;
		};
		B4F53C4C27D11725005FA43F /* Release */ = {
			isa = XCBuildConfiguration;
			buildSettings = {
				ALWAYS_SEARCH_USER_PATHS = NO;
				CLANG_ANALYZER_NONNULL = YES;
				CLANG_ANALYZER_NUMBER_OBJECT_CONVERSION = YES_AGGRESSIVE;
				CLANG_CXX_LANGUAGE_STANDARD = "gnu++17";
				CLANG_CXX_LIBRARY = "libc++";
				CLANG_ENABLE_MODULES = YES;
				CLANG_ENABLE_OBJC_ARC = YES;
				CLANG_ENABLE_OBJC_WEAK = YES;
				CLANG_WARN_BLOCK_CAPTURE_AUTORELEASING = YES;
				CLANG_WARN_BOOL_CONVERSION = YES;
				CLANG_WARN_COMMA = YES;
				CLANG_WARN_CONSTANT_CONVERSION = YES;
				CLANG_WARN_DEPRECATED_OBJC_IMPLEMENTATIONS = YES;
				CLANG_WARN_DIRECT_OBJC_ISA_USAGE = YES_ERROR;
				CLANG_WARN_DOCUMENTATION_COMMENTS = YES;
				CLANG_WARN_EMPTY_BODY = YES;
				CLANG_WARN_ENUM_CONVERSION = YES;
				CLANG_WARN_INFINITE_RECURSION = YES;
				CLANG_WARN_INT_CONVERSION = YES;
				CLANG_WARN_NON_LITERAL_NULL_CONVERSION = YES;
				CLANG_WARN_OBJC_IMPLICIT_RETAIN_SELF = YES;
				CLANG_WARN_OBJC_LITERAL_CONVERSION = YES;
				CLANG_WARN_OBJC_ROOT_CLASS = YES_ERROR;
				CLANG_WARN_QUOTED_INCLUDE_IN_FRAMEWORK_HEADER = YES;
				CLANG_WARN_RANGE_LOOP_ANALYSIS = YES;
				CLANG_WARN_STRICT_PROTOTYPES = YES;
				CLANG_WARN_SUSPICIOUS_MOVE = YES;
				CLANG_WARN_UNGUARDED_AVAILABILITY = YES_AGGRESSIVE;
				CLANG_WARN_UNREACHABLE_CODE = YES;
				CLANG_WARN__DUPLICATE_METHOD_MATCH = YES;
				COPY_PHASE_STRIP = NO;
				DEBUG_INFORMATION_FORMAT = "dwarf-with-dsym";
				ENABLE_NS_ASSERTIONS = NO;
				ENABLE_STRICT_OBJC_MSGSEND = YES;
				GCC_C_LANGUAGE_STANDARD = gnu11;
				GCC_NO_COMMON_BLOCKS = YES;
				GCC_WARN_64_TO_32_BIT_CONVERSION = YES;
				GCC_WARN_ABOUT_RETURN_TYPE = YES_ERROR;
				GCC_WARN_UNDECLARED_SELECTOR = YES;
				GCC_WARN_UNINITIALIZED_AUTOS = YES_AGGRESSIVE;
				GCC_WARN_UNUSED_FUNCTION = YES;
				GCC_WARN_UNUSED_VARIABLE = YES;
				IPHONEOS_DEPLOYMENT_TARGET = 15.2;
				MTL_ENABLE_DEBUG_INFO = NO;
				MTL_FAST_MATH = YES;
				SDKROOT = iphoneos;
				SWIFT_COMPILATION_MODE = wholemodule;
				SWIFT_OPTIMIZATION_LEVEL = "-O";
				VALIDATE_PRODUCT = YES;
			};
			name = Release;
		};
		B4F53C4E27D11725005FA43F /* Debug */ = {
			isa = XCBuildConfiguration;
			baseConfigurationReference = 11DD8E8999B991168DB8B36A /* Pods-RepoMVVMRx.debug.xcconfig */;
			buildSettings = {
				ASSETCATALOG_COMPILER_APPICON_NAME = AppIcon;
				ASSETCATALOG_COMPILER_GLOBAL_ACCENT_COLOR_NAME = AccentColor;
				CODE_SIGN_STYLE = Automatic;
				CURRENT_PROJECT_VERSION = 1;
				DEVELOPMENT_TEAM = SK9D9HK9A2;
				GENERATE_INFOPLIST_FILE = YES;
				INFOPLIST_FILE = RepoMVVMRx/Info.plist;
				INFOPLIST_KEY_UIApplicationSupportsIndirectInputEvents = YES;
				INFOPLIST_KEY_UILaunchStoryboardName = LaunchScreen;
				INFOPLIST_KEY_UISupportedInterfaceOrientations_iPad = "UIInterfaceOrientationPortrait UIInterfaceOrientationPortraitUpsideDown UIInterfaceOrientationLandscapeLeft UIInterfaceOrientationLandscapeRight";
				INFOPLIST_KEY_UISupportedInterfaceOrientations_iPhone = "UIInterfaceOrientationPortrait UIInterfaceOrientationLandscapeLeft UIInterfaceOrientationLandscapeRight";
				LD_RUNPATH_SEARCH_PATHS = (
					"$(inherited)",
					"@executable_path/Frameworks",
				);
				MARKETING_VERSION = 1.0;
				PRODUCT_BUNDLE_IDENTIFIER = com.howift.RepoMVVMRx;
				PRODUCT_NAME = "$(TARGET_NAME)";
				SWIFT_EMIT_LOC_STRINGS = YES;
				SWIFT_VERSION = 5.0;
				TARGETED_DEVICE_FAMILY = 1;
			};
			name = Debug;
		};
		B4F53C4F27D11725005FA43F /* Release */ = {
			isa = XCBuildConfiguration;
			baseConfigurationReference = 670FC69A41AE0CB849DFA1F4 /* Pods-RepoMVVMRx.release.xcconfig */;
			buildSettings = {
				ASSETCATALOG_COMPILER_APPICON_NAME = AppIcon;
				ASSETCATALOG_COMPILER_GLOBAL_ACCENT_COLOR_NAME = AccentColor;
				CODE_SIGN_STYLE = Automatic;
				CURRENT_PROJECT_VERSION = 1;
				DEVELOPMENT_TEAM = SK9D9HK9A2;
				GENERATE_INFOPLIST_FILE = YES;
				INFOPLIST_FILE = RepoMVVMRx/Info.plist;
				INFOPLIST_KEY_UIApplicationSupportsIndirectInputEvents = YES;
				INFOPLIST_KEY_UILaunchStoryboardName = LaunchScreen;
				INFOPLIST_KEY_UISupportedInterfaceOrientations_iPad = "UIInterfaceOrientationPortrait UIInterfaceOrientationPortraitUpsideDown UIInterfaceOrientationLandscapeLeft UIInterfaceOrientationLandscapeRight";
				INFOPLIST_KEY_UISupportedInterfaceOrientations_iPhone = "UIInterfaceOrientationPortrait UIInterfaceOrientationLandscapeLeft UIInterfaceOrientationLandscapeRight";
				LD_RUNPATH_SEARCH_PATHS = (
					"$(inherited)",
					"@executable_path/Frameworks",
				);
				MARKETING_VERSION = 1.0;
				PRODUCT_BUNDLE_IDENTIFIER = com.howift.RepoMVVMRx;
				PRODUCT_NAME = "$(TARGET_NAME)";
				SWIFT_EMIT_LOC_STRINGS = YES;
				SWIFT_VERSION = 5.0;
				TARGETED_DEVICE_FAMILY = 1;
			};
			name = Release;
		};
/* End XCBuildConfiguration section */

/* Begin XCConfigurationList section */
		B4F53C3427D11724005FA43F /* Build configuration list for PBXProject "RepoMVVMRx" */ = {
			isa = XCConfigurationList;
			buildConfigurations = (
				B4F53C4B27D11725005FA43F /* Debug */,
				B4F53C4C27D11725005FA43F /* Release */,
			);
			defaultConfigurationIsVisible = 0;
			defaultConfigurationName = Release;
		};
		B4F53C4D27D11725005FA43F /* Build configuration list for PBXNativeTarget "RepoMVVMRx" */ = {
			isa = XCConfigurationList;
			buildConfigurations = (
				B4F53C4E27D11725005FA43F /* Debug */,
				B4F53C4F27D11725005FA43F /* Release */,
			);
			defaultConfigurationIsVisible = 0;
			defaultConfigurationName = Release;
		};
/* End XCConfigurationList section */
	};
	rootObject = B4F53C3127D11724005FA43F /* Project object */;
}
