// !$*UTF8*$!
{
	archiveVersion = 1;
	classes = {
	};
	objectVersion = 55;
	objects = {

/* Begin PBXBuildFile section */
		B41CDF2A28915E3000076301 /* AppDelegate.swift in Sources */ = {isa = PBXBuildFile; fileRef = B41CDF2928915E3000076301 /* AppDelegate.swift */; };
		B41CDF2C28915E3000076301 /* SceneDelegate.swift in Sources */ = {isa = PBXBuildFile; fileRef = B41CDF2B28915E3000076301 /* SceneDelegate.swift */; };
		B41CDF2E28915E3000076301 /* ViewController.swift in Sources */ = {isa = PBXBuildFile; fileRef = B41CDF2D28915E3000076301 /* ViewController.swift */; };
		B41CDF3328915E3100076301 /* Assets.xcassets in Resources */ = {isa = PBXBuildFile; fileRef = B41CDF3228915E3100076301 /* Assets.xcassets */; };
		B41CDF3628915E3100076301 /* LaunchScreen.storyboard in Resources */ = {isa = PBXBuildFile; fileRef = B41CDF3428915E3100076301 /* LaunchScreen.storyboard */; };
		B41CDF412891644C00076301 /* Router.swift in Sources */ = {isa = PBXBuildFile; fileRef = B41CDF402891644C00076301 /* Router.swift */; };
		B41CDF432891645100076301 /* Coordinator.swift in Sources */ = {isa = PBXBuildFile; fileRef = B41CDF422891645100076301 /* Coordinator.swift */; };
		B41CDF45289178A900076301 /* AppRouter.swift in Sources */ = {isa = PBXBuildFile; fileRef = B41CDF44289178A900076301 /* AppRouter.swift */; };
		B41CDF4728917A5F00076301 /* AppCoordinator.swift in Sources */ = {isa = PBXBuildFile; fileRef = B41CDF4628917A5F00076301 /* AppCoordinator.swift */; };
		B41CDF4B289182B600076301 /* Todo.swift in Sources */ = {isa = PBXBuildFile; fileRef = B41CDF4A289182B600076301 /* Todo.swift */; };
		B41CDF4E2891892500076301 /* TodosUseCase.swift in Sources */ = {isa = PBXBuildFile; fileRef = B41CDF4D2891892500076301 /* TodosUseCase.swift */; };
		B41CDF5028918A8800076301 /* UseCaseProvider.swift in Sources */ = {isa = PBXBuildFile; fileRef = B41CDF4F28918A8800076301 /* UseCaseProvider.swift */; };
/* End PBXBuildFile section */

/* Begin PBXFileReference section */
		B41CDF2628915E3000076301 /* TodoList.app */ = {isa = PBXFileReference; explicitFileType = wrapper.application; includeInIndex = 0; path = TodoList.app; sourceTree = BUILT_PRODUCTS_DIR; };
		B41CDF2928915E3000076301 /* AppDelegate.swift */ = {isa = PBXFileReference; lastKnownFileType = sourcecode.swift; path = AppDelegate.swift; sourceTree = "<group>"; };
		B41CDF2B28915E3000076301 /* SceneDelegate.swift */ = {isa = PBXFileReference; lastKnownFileType = sourcecode.swift; path = SceneDelegate.swift; sourceTree = "<group>"; };
		B41CDF2D28915E3000076301 /* ViewController.swift */ = {isa = PBXFileReference; lastKnownFileType = sourcecode.swift; path = ViewController.swift; sourceTree = "<group>"; };
		B41CDF3228915E3100076301 /* Assets.xcassets */ = {isa = PBXFileReference; lastKnownFileType = folder.assetcatalog; path = Assets.xcassets; sourceTree = "<group>"; };
		B41CDF3528915E3100076301 /* Base */ = {isa = PBXFileReference; lastKnownFileType = file.storyboard; name = Base; path = Base.lproj/LaunchScreen.storyboard; sourceTree = "<group>"; };
		B41CDF3728915E3100076301 /* Info.plist */ = {isa = PBXFileReference; lastKnownFileType = text.plist.xml; path = Info.plist; sourceTree = "<group>"; };
		B41CDF402891644C00076301 /* Router.swift */ = {isa = PBXFileReference; lastKnownFileType = sourcecode.swift; path = Router.swift; sourceTree = "<group>"; };
		B41CDF422891645100076301 /* Coordinator.swift */ = {isa = PBXFileReference; lastKnownFileType = sourcecode.swift; path = Coordinator.swift; sourceTree = "<group>"; };
		B41CDF44289178A900076301 /* AppRouter.swift */ = {isa = PBXFileReference; lastKnownFileType = sourcecode.swift; path = AppRouter.swift; sourceTree = "<group>"; };
		B41CDF4628917A5F00076301 /* AppCoordinator.swift */ = {isa = PBXFileReference; lastKnownFileType = sourcecode.swift; path = AppCoordinator.swift; sourceTree = "<group>"; };
		B41CDF4A289182B600076301 /* Todo.swift */ = {isa = PBXFileReference; lastKnownFileType = sourcecode.swift; path = Todo.swift; sourceTree = "<group>"; };
		B41CDF4D2891892500076301 /* TodosUseCase.swift */ = {isa = PBXFileReference; lastKnownFileType = sourcecode.swift; path = TodosUseCase.swift; sourceTree = "<group>"; };
		B41CDF4F28918A8800076301 /* UseCaseProvider.swift */ = {isa = PBXFileReference; lastKnownFileType = sourcecode.swift; path = UseCaseProvider.swift; sourceTree = "<group>"; };
/* End PBXFileReference section */

/* Begin PBXFrameworksBuildPhase section */
		B41CDF2328915E3000076301 /* Frameworks */ = {
			isa = PBXFrameworksBuildPhase;
			buildActionMask = 2147483647;
			files = (
			);
			runOnlyForDeploymentPostprocessing = 0;
		};
/* End PBXFrameworksBuildPhase section */

/* Begin PBXGroup section */
		B41CDF1D28915E3000076301 = {
			isa = PBXGroup;
			children = (
				B41CDF2828915E3000076301 /* TodoList */,
				B41CDF2728915E3000076301 /* Products */,
			);
			sourceTree = "<group>";
		};
		B41CDF2728915E3000076301 /* Products */ = {
			isa = PBXGroup;
			children = (
				B41CDF2628915E3000076301 /* TodoList.app */,
			);
			name = Products;
			sourceTree = "<group>";
		};
		B41CDF2828915E3000076301 /* TodoList */ = {
			isa = PBXGroup;
			children = (
				B41CDF48289182A000076301 /* Domain */,
				B41CDF3F2891643800076301 /* Application */,
				B41CDF2928915E3000076301 /* AppDelegate.swift */,
				B41CDF2B28915E3000076301 /* SceneDelegate.swift */,
				B41CDF2D28915E3000076301 /* ViewController.swift */,
				B41CDF3228915E3100076301 /* Assets.xcassets */,
				B41CDF3428915E3100076301 /* LaunchScreen.storyboard */,
				B41CDF3728915E3100076301 /* Info.plist */,
			);
			path = TodoList;
			sourceTree = "<group>";
		};
		B41CDF3D2891642900076301 /* Coordinator */ = {
			isa = PBXGroup;
			children = (
				B41CDF422891645100076301 /* Coordinator.swift */,
				B41CDF4628917A5F00076301 /* AppCoordinator.swift */,
			);
			path = Coordinator;
			sourceTree = "<group>";
		};
		B41CDF3E2891642D00076301 /* Router */ = {
			isa = PBXGroup;
			children = (
				B41CDF402891644C00076301 /* Router.swift */,
				B41CDF44289178A900076301 /* AppRouter.swift */,
			);
			path = Router;
			sourceTree = "<group>";
		};
		B41CDF3F2891643800076301 /* Application */ = {
			isa = PBXGroup;
			children = (
				B41CDF3E2891642D00076301 /* Router */,
				B41CDF3D2891642900076301 /* Coordinator */,
			);
			path = Application;
			sourceTree = "<group>";
		};
		B41CDF48289182A000076301 /* Domain */ = {
			isa = PBXGroup;
			children = (
				B41CDF4C289188FF00076301 /* UseCases */,
				B41CDF49289182A400076301 /* Entities */,
			);
			path = Domain;
			sourceTree = "<group>";
		};
		B41CDF49289182A400076301 /* Entities */ = {
			isa = PBXGroup;
			children = (
				B41CDF4A289182B600076301 /* Todo.swift */,
			);
			path = Entities;
			sourceTree = "<group>";
		};
		B41CDF4C289188FF00076301 /* UseCases */ = {
			isa = PBXGroup;
			children = (
				B41CDF4D2891892500076301 /* TodosUseCase.swift */,
				B41CDF4F28918A8800076301 /* UseCaseProvider.swift */,
			);
			path = UseCases;
			sourceTree = "<group>";
		};
/* End PBXGroup section */

/* Begin PBXNativeTarget section */
		B41CDF2528915E3000076301 /* TodoList */ = {
			isa = PBXNativeTarget;
			buildConfigurationList = B41CDF3A28915E3100076301 /* Build configuration list for PBXNativeTarget "TodoList" */;
			buildPhases = (
				B41CDF2228915E3000076301 /* Sources */,
				B41CDF2328915E3000076301 /* Frameworks */,
				B41CDF2428915E3000076301 /* Resources */,
			);
			buildRules = (
			);
			dependencies = (
			);
			name = TodoList;
			productName = TodoList;
			productReference = B41CDF2628915E3000076301 /* TodoList.app */;
			productType = "com.apple.product-type.application";
		};
/* End PBXNativeTarget section */

/* Begin PBXProject section */
		B41CDF1E28915E3000076301 /* Project object */ = {
			isa = PBXProject;
			attributes = {
				BuildIndependentTargetsInParallel = 1;
				LastSwiftUpdateCheck = 1340;
				LastUpgradeCheck = 1340;
				TargetAttributes = {
					B41CDF2528915E3000076301 = {
						CreatedOnToolsVersion = 13.4.1;
					};
				};
			};
			buildConfigurationList = B41CDF2128915E3000076301 /* Build configuration list for PBXProject "TodoList" */;
			compatibilityVersion = "Xcode 13.0";
			developmentRegion = en;
			hasScannedForEncodings = 0;
			knownRegions = (
				en,
				Base,
			);
			mainGroup = B41CDF1D28915E3000076301;
			productRefGroup = B41CDF2728915E3000076301 /* Products */;
			projectDirPath = "";
			projectRoot = "";
			targets = (
				B41CDF2528915E3000076301 /* TodoList */,
			);
		};
/* End PBXProject section */

/* Begin PBXResourcesBuildPhase section */
		B41CDF2428915E3000076301 /* Resources */ = {
			isa = PBXResourcesBuildPhase;
			buildActionMask = 2147483647;
			files = (
				B41CDF3628915E3100076301 /* LaunchScreen.storyboard in Resources */,
				B41CDF3328915E3100076301 /* Assets.xcassets in Resources */,
			);
			runOnlyForDeploymentPostprocessing = 0;
		};
/* End PBXResourcesBuildPhase section */

/* Begin PBXSourcesBuildPhase section */
		B41CDF2228915E3000076301 /* Sources */ = {
			isa = PBXSourcesBuildPhase;
			buildActionMask = 2147483647;
			files = (
				B41CDF412891644C00076301 /* Router.swift in Sources */,
				B41CDF4E2891892500076301 /* TodosUseCase.swift in Sources */,
				B41CDF2E28915E3000076301 /* ViewController.swift in Sources */,
				B41CDF45289178A900076301 /* AppRouter.swift in Sources */,
				B41CDF4B289182B600076301 /* Todo.swift in Sources */,
				B41CDF432891645100076301 /* Coordinator.swift in Sources */,
				B41CDF5028918A8800076301 /* UseCaseProvider.swift in Sources */,
				B41CDF2A28915E3000076301 /* AppDelegate.swift in Sources */,
				B41CDF2C28915E3000076301 /* SceneDelegate.swift in Sources */,
				B41CDF4728917A5F00076301 /* AppCoordinator.swift in Sources */,
			);
			runOnlyForDeploymentPostprocessing = 0;
		};
/* End PBXSourcesBuildPhase section */

/* Begin PBXVariantGroup section */
		B41CDF3428915E3100076301 /* LaunchScreen.storyboard */ = {
			isa = PBXVariantGroup;
			children = (
				B41CDF3528915E3100076301 /* Base */,
			);
			name = LaunchScreen.storyboard;
			sourceTree = "<group>";
		};
/* End PBXVariantGroup section */

/* Begin XCBuildConfiguration section */
		B41CDF3828915E3100076301 /* Debug */ = {
			isa = XCBuildConfiguration;
			buildSettings = {
				ALWAYS_SEARCH_USER_PATHS = NO;
				CLANG_ANALYZER_NONNULL = YES;
				CLANG_ANALYZER_NUMBER_OBJECT_CONVERSION = YES_AGGRESSIVE;
				CLANG_CXX_LANGUAGE_STANDARD = "gnu++17";
				CLANG_ENABLE_MODULES = YES;
				CLANG_ENABLE_OBJC_ARC = YES;
				CLANG_ENABLE_OBJC_WEAK = YES;
				CLANG_WARN_BLOCK_CAPTURE_AUTORELEASING = YES;
				CLANG_WARN_BOOL_CONVERSION = YES;
				CLANG_WARN_COMMA = YES;
				CLANG_WARN_CONSTANT_CONVERSION = YES;
				CLANG_WARN_DEPRECATED_OBJC_IMPLEMENTATIONS = YES;
				CLANG_WARN_DIRECT_OBJC_ISA_USAGE = YES_ERROR;
				CLANG_WARN_DOCUMENTATION_COMMENTS = YES;
				CLANG_WARN_EMPTY_BODY = YES;
				CLANG_WARN_ENUM_CONVERSION = YES;
				CLANG_WARN_INFINITE_RECURSION = YES;
				CLANG_WARN_INT_CONVERSION = YES;
				CLANG_WARN_NON_LITERAL_NULL_CONVERSION = YES;
				CLANG_WARN_OBJC_IMPLICIT_RETAIN_SELF = YES;
				CLANG_WARN_OBJC_LITERAL_CONVERSION = YES;
				CLANG_WARN_OBJC_ROOT_CLASS = YES_ERROR;
				CLANG_WARN_QUOTED_INCLUDE_IN_FRAMEWORK_HEADER = YES;
				CLANG_WARN_RANGE_LOOP_ANALYSIS = YES;
				CLANG_WARN_STRICT_PROTOTYPES = YES;
				CLANG_WARN_SUSPICIOUS_MOVE = YES;
				CLANG_WARN_UNGUARDED_AVAILABILITY = YES_AGGRESSIVE;
				CLANG_WARN_UNREACHABLE_CODE = YES;
				CLANG_WARN__DUPLICATE_METHOD_MATCH = YES;
				COPY_PHASE_STRIP = NO;
				DEBUG_INFORMATION_FORMAT = dwarf;
				ENABLE_STRICT_OBJC_MSGSEND = YES;
				ENABLE_TESTABILITY = YES;
				GCC_C_LANGUAGE_STANDARD = gnu11;
				GCC_DYNAMIC_NO_PIC = NO;
				GCC_NO_COMMON_BLOCKS = YES;
				GCC_OPTIMIZATION_LEVEL = 0;
				GCC_PREPROCESSOR_DEFINITIONS = (
					"DEBUG=1",
					"$(inherited)",
				);
				GCC_WARN_64_TO_32_BIT_CONVERSION = YES;
				GCC_WARN_ABOUT_RETURN_TYPE = YES_ERROR;
				GCC_WARN_UNDECLARED_SELECTOR = YES;
				GCC_WARN_UNINITIALIZED_AUTOS = YES_AGGRESSIVE;
				GCC_WARN_UNUSED_FUNCTION = YES;
				GCC_WARN_UNUSED_VARIABLE = YES;
				IPHONEOS_DEPLOYMENT_TARGET = 15.5;
				MTL_ENABLE_DEBUG_INFO = INCLUDE_SOURCE;
				MTL_FAST_MATH = YES;
				ONLY_ACTIVE_ARCH = YES;
				SDKROOT = iphoneos;
				SWIFT_ACTIVE_COMPILATION_CONDITIONS = DEBUG;
				SWIFT_OPTIMIZATION_LEVEL = "-Onone";
			};
			name = Debug;
		};
		B41CDF3928915E3100076301 /* Release */ = {
			isa = XCBuildConfiguration;
			buildSettings = {
				ALWAYS_SEARCH_USER_PATHS = NO;
				CLANG_ANALYZER_NONNULL = YES;
				CLANG_ANALYZER_NUMBER_OBJECT_CONVERSION = YES_AGGRESSIVE;
				CLANG_CXX_LANGUAGE_STANDARD = "gnu++17";
				CLANG_ENABLE_MODULES = YES;
				CLANG_ENABLE_OBJC_ARC = YES;
				CLANG_ENABLE_OBJC_WEAK = YES;
				CLANG_WARN_BLOCK_CAPTURE_AUTORELEASING = YES;
				CLANG_WARN_BOOL_CONVERSION = YES;
				CLANG_WARN_COMMA = YES;
				CLANG_WARN_CONSTANT_CONVERSION = YES;
				CLANG_WARN_DEPRECATED_OBJC_IMPLEMENTATIONS = YES;
				CLANG_WARN_DIRECT_OBJC_ISA_USAGE = YES_ERROR;
				CLANG_WARN_DOCUMENTATION_COMMENTS = YES;
				CLANG_WARN_EMPTY_BODY = YES;
				CLANG_WARN_ENUM_CONVERSION = YES;
				CLANG_WARN_INFINITE_RECURSION = YES;
				CLANG_WARN_INT_CONVERSION = YES;
				CLANG_WARN_NON_LITERAL_NULL_CONVERSION = YES;
				CLANG_WARN_OBJC_IMPLICIT_RETAIN_SELF = YES;
				CLANG_WARN_OBJC_LITERAL_CONVERSION = YES;
				CLANG_WARN_OBJC_ROOT_CLASS = YES_ERROR;
				CLANG_WARN_QUOTED_INCLUDE_IN_FRAMEWORK_HEADER = YES;
				CLANG_WARN_RANGE_LOOP_ANALYSIS = YES;
				CLANG_WARN_STRICT_PROTOTYPES = YES;
				CLANG_WARN_SUSPICIOUS_MOVE = YES;
				CLANG_WARN_UNGUARDED_AVAILABILITY = YES_AGGRESSIVE;
				CLANG_WARN_UNREACHABLE_CODE = YES;
				CLANG_WARN__DUPLICATE_METHOD_MATCH = YES;
				COPY_PHASE_STRIP = NO;
				DEBUG_INFORMATION_FORMAT = "dwarf-with-dsym";
				ENABLE_NS_ASSERTIONS = NO;
				ENABLE_STRICT_OBJC_MSGSEND = YES;
				GCC_C_LANGUAGE_STANDARD = gnu11;
				GCC_NO_COMMON_BLOCKS = YES;
				GCC_WARN_64_TO_32_BIT_CONVERSION = YES;
				GCC_WARN_ABOUT_RETURN_TYPE = YES_ERROR;
				GCC_WARN_UNDECLARED_SELECTOR = YES;
				GCC_WARN_UNINITIALIZED_AUTOS = YES_AGGRESSIVE;
				GCC_WARN_UNUSED_FUNCTION = YES;
				GCC_WARN_UNUSED_VARIABLE = YES;
				IPHONEOS_DEPLOYMENT_TARGET = 15.5;
				MTL_ENABLE_DEBUG_INFO = NO;
				MTL_FAST_MATH = YES;
				SDKROOT = iphoneos;
				SWIFT_COMPILATION_MODE = wholemodule;
				SWIFT_OPTIMIZATION_LEVEL = "-O";
				VALIDATE_PRODUCT = YES;
			};
			name = Release;
		};
		B41CDF3B28915E3100076301 /* Debug */ = {
			isa = XCBuildConfiguration;
			buildSettings = {
				ASSETCATALOG_COMPILER_APPICON_NAME = AppIcon;
				ASSETCATALOG_COMPILER_GLOBAL_ACCENT_COLOR_NAME = AccentColor;
				CODE_SIGN_STYLE = Automatic;
				CURRENT_PROJECT_VERSION = 1;
				DEVELOPMENT_TEAM = SK9D9HK9A2;
				GENERATE_INFOPLIST_FILE = YES;
				INFOPLIST_FILE = TodoList/Info.plist;
				INFOPLIST_KEY_UIApplicationSupportsIndirectInputEvents = YES;
				INFOPLIST_KEY_UILaunchStoryboardName = LaunchScreen;
				INFOPLIST_KEY_UISupportedInterfaceOrientations_iPad = "UIInterfaceOrientationPortrait UIInterfaceOrientationPortraitUpsideDown UIInterfaceOrientationLandscapeLeft UIInterfaceOrientationLandscapeRight";
				INFOPLIST_KEY_UISupportedInterfaceOrientations_iPhone = "UIInterfaceOrientationPortrait UIInterfaceOrientationLandscapeLeft UIInterfaceOrientationLandscapeRight";
				LD_RUNPATH_SEARCH_PATHS = (
					"$(inherited)",
					"@executable_path/Frameworks",
				);
				MARKETING_VERSION = 1.0;
				PRODUCT_BUNDLE_IDENTIFIER = com.howift.TodoList;
				PRODUCT_NAME = "$(TARGET_NAME)";
				SWIFT_EMIT_LOC_STRINGS = YES;
				SWIFT_VERSION = 5.0;
				TARGETED_DEVICE_FAMILY = "1,2";
			};
			name = Debug;
		};
		B41CDF3C28915E3100076301 /* Release */ = {
			isa = XCBuildConfiguration;
			buildSettings = {
				ASSETCATALOG_COMPILER_APPICON_NAME = AppIcon;
				ASSETCATALOG_COMPILER_GLOBAL_ACCENT_COLOR_NAME = AccentColor;
				CODE_SIGN_STYLE = Automatic;
				CURRENT_PROJECT_VERSION = 1;
				DEVELOPMENT_TEAM = SK9D9HK9A2;
				GENERATE_INFOPLIST_FILE = YES;
				INFOPLIST_FILE = TodoList/Info.plist;
				INFOPLIST_KEY_UIApplicationSupportsIndirectInputEvents = YES;
				INFOPLIST_KEY_UILaunchStoryboardName = LaunchScreen;
				INFOPLIST_KEY_UISupportedInterfaceOrientations_iPad = "UIInterfaceOrientationPortrait UIInterfaceOrientationPortraitUpsideDown UIInterfaceOrientationLandscapeLeft UIInterfaceOrientationLandscapeRight";
				INFOPLIST_KEY_UISupportedInterfaceOrientations_iPhone = "UIInterfaceOrientationPortrait UIInterfaceOrientationLandscapeLeft UIInterfaceOrientationLandscapeRight";
				LD_RUNPATH_SEARCH_PATHS = (
					"$(inherited)",
					"@executable_path/Frameworks",
				);
				MARKETING_VERSION = 1.0;
				PRODUCT_BUNDLE_IDENTIFIER = com.howift.TodoList;
				PRODUCT_NAME = "$(TARGET_NAME)";
				SWIFT_EMIT_LOC_STRINGS = YES;
				SWIFT_VERSION = 5.0;
				TARGETED_DEVICE_FAMILY = "1,2";
			};
			name = Release;
		};
/* End XCBuildConfiguration section */

/* Begin XCConfigurationList section */
		B41CDF2128915E3000076301 /* Build configuration list for PBXProject "TodoList" */ = {
			isa = XCConfigurationList;
			buildConfigurations = (
				B41CDF3828915E3100076301 /* Debug */,
				B41CDF3928915E3100076301 /* Release */,
			);
			defaultConfigurationIsVisible = 0;
			defaultConfigurationName = Release;
		};
		B41CDF3A28915E3100076301 /* Build configuration list for PBXNativeTarget "TodoList" */ = {
			isa = XCConfigurationList;
			buildConfigurations = (
				B41CDF3B28915E3100076301 /* Debug */,
				B41CDF3C28915E3100076301 /* Release */,
			);
			defaultConfigurationIsVisible = 0;
			defaultConfigurationName = Release;
		};
/* End XCConfigurationList section */
	};
	rootObject = B41CDF1E28915E3000076301 /* Project object */;
}
