// !$*UTF8*$!
{
	archiveVersion = 1;
	classes = {
	};
	objectVersion = 55;
	objects = {

/* Begin PBXBuildFile section */
		B46A6DDD28773B80001DE890 /* AppDelegate.swift in Sources */ = {isa = PBXBuildFile; fileRef = B46A6DDC28773B80001DE890 /* AppDelegate.swift */; };
		B46A6DDF28773B80001DE890 /* SceneDelegate.swift in Sources */ = {isa = PBXBuildFile; fileRef = B46A6DDE28773B80001DE890 /* SceneDelegate.swift */; };
		B46A6DE128773B80001DE890 /* ViewController.swift in Sources */ = {isa = PBXBuildFile; fileRef = B46A6DE028773B80001DE890 /* ViewController.swift */; };
		B46A6DE428773B80001DE890 /* Main.storyboard in Resources */ = {isa = PBXBuildFile; fileRef = B46A6DE228773B80001DE890 /* Main.storyboard */; };
		B46A6DE628773B81001DE890 /* Assets.xcassets in Resources */ = {isa = PBXBuildFile; fileRef = B46A6DE528773B81001DE890 /* Assets.xcassets */; };
		B46A6DE928773B81001DE890 /* LaunchScreen.storyboard in Resources */ = {isa = PBXBuildFile; fileRef = B46A6DE728773B81001DE890 /* LaunchScreen.storyboard */; };
		B46A6DF228773BC7001DE890 /* ObservableType.swift in Sources */ = {isa = PBXBuildFile; fileRef = B46A6DF128773BC7001DE890 /* ObservableType.swift */; };
		B46A6DF428773BF4001DE890 /* ObserverType.swift in Sources */ = {isa = PBXBuildFile; fileRef = B46A6DF328773BF4001DE890 /* ObserverType.swift */; };
		B46A6DF628773C0A001DE890 /* Disposable.swift in Sources */ = {isa = PBXBuildFile; fileRef = B46A6DF528773C0A001DE890 /* Disposable.swift */; };
		B46A6DF828773C4A001DE890 /* Event.swift in Sources */ = {isa = PBXBuildFile; fileRef = B46A6DF728773C4A001DE890 /* Event.swift */; };
/* End PBXBuildFile section */

/* Begin PBXFileReference section */
		B46A6DD928773B80001DE890 /* RxCoreClone.app */ = {isa = PBXFileReference; explicitFileType = wrapper.application; includeInIndex = 0; path = RxCoreClone.app; sourceTree = BUILT_PRODUCTS_DIR; };
		B46A6DDC28773B80001DE890 /* AppDelegate.swift */ = {isa = PBXFileReference; lastKnownFileType = sourcecode.swift; path = AppDelegate.swift; sourceTree = "<group>"; };
		B46A6DDE28773B80001DE890 /* SceneDelegate.swift */ = {isa = PBXFileReference; lastKnownFileType = sourcecode.swift; path = SceneDelegate.swift; sourceTree = "<group>"; };
		B46A6DE028773B80001DE890 /* ViewController.swift */ = {isa = PBXFileReference; lastKnownFileType = sourcecode.swift; path = ViewController.swift; sourceTree = "<group>"; };
		B46A6DE328773B80001DE890 /* Base */ = {isa = PBXFileReference; lastKnownFileType = file.storyboard; name = Base; path = Base.lproj/Main.storyboard; sourceTree = "<group>"; };
		B46A6DE528773B81001DE890 /* Assets.xcassets */ = {isa = PBXFileReference; lastKnownFileType = folder.assetcatalog; path = Assets.xcassets; sourceTree = "<group>"; };
		B46A6DE828773B81001DE890 /* Base */ = {isa = PBXFileReference; lastKnownFileType = file.storyboard; name = Base; path = Base.lproj/LaunchScreen.storyboard; sourceTree = "<group>"; };
		B46A6DEA28773B81001DE890 /* Info.plist */ = {isa = PBXFileReference; lastKnownFileType = text.plist.xml; path = Info.plist; sourceTree = "<group>"; };
		B46A6DF128773BC7001DE890 /* ObservableType.swift */ = {isa = PBXFileReference; lastKnownFileType = sourcecode.swift; path = ObservableType.swift; sourceTree = "<group>"; };
		B46A6DF328773BF4001DE890 /* ObserverType.swift */ = {isa = PBXFileReference; lastKnownFileType = sourcecode.swift; path = ObserverType.swift; sourceTree = "<group>"; };
		B46A6DF528773C0A001DE890 /* Disposable.swift */ = {isa = PBXFileReference; lastKnownFileType = sourcecode.swift; path = Disposable.swift; sourceTree = "<group>"; };
		B46A6DF728773C4A001DE890 /* Event.swift */ = {isa = PBXFileReference; lastKnownFileType = sourcecode.swift; path = Event.swift; sourceTree = "<group>"; };
/* End PBXFileReference section */

/* Begin PBXFrameworksBuildPhase section */
		B46A6DD628773B80001DE890 /* Frameworks */ = {
			isa = PBXFrameworksBuildPhase;
			buildActionMask = 2147483647;
			files = (
			);
			runOnlyForDeploymentPostprocessing = 0;
		};
/* End PBXFrameworksBuildPhase section */

/* Begin PBXGroup section */
		B46A6DD028773B80001DE890 = {
			isa = PBXGroup;
			children = (
				B46A6DDB28773B80001DE890 /* RxCoreClone */,
				B46A6DDA28773B80001DE890 /* Products */,
			);
			sourceTree = "<group>";
		};
		B46A6DDA28773B80001DE890 /* Products */ = {
			isa = PBXGroup;
			children = (
				B46A6DD928773B80001DE890 /* RxCoreClone.app */,
			);
			name = Products;
			sourceTree = "<group>";
		};
		B46A6DDB28773B80001DE890 /* RxCoreClone */ = {
			isa = PBXGroup;
			children = (
				B46A6DF028773BBC001DE890 /* RxCore */,
				B46A6DDC28773B80001DE890 /* AppDelegate.swift */,
				B46A6DDE28773B80001DE890 /* SceneDelegate.swift */,
				B46A6DE028773B80001DE890 /* ViewController.swift */,
				B46A6DE228773B80001DE890 /* Main.storyboard */,
				B46A6DE528773B81001DE890 /* Assets.xcassets */,
				B46A6DE728773B81001DE890 /* LaunchScreen.storyboard */,
				B46A6DEA28773B81001DE890 /* Info.plist */,
			);
			path = RxCoreClone;
			sourceTree = "<group>";
		};
		B46A6DF028773BBC001DE890 /* RxCore */ = {
			isa = PBXGroup;
			children = (
				B46A6DF128773BC7001DE890 /* ObservableType.swift */,
				B46A6DF328773BF4001DE890 /* ObserverType.swift */,
				B46A6DF528773C0A001DE890 /* Disposable.swift */,
				B46A6DF728773C4A001DE890 /* Event.swift */,
			);
			path = RxCore;
			sourceTree = "<group>";
		};
/* End PBXGroup section */

/* Begin PBXNativeTarget section */
		B46A6DD828773B80001DE890 /* RxCoreClone */ = {
			isa = PBXNativeTarget;
			buildConfigurationList = B46A6DED28773B81001DE890 /* Build configuration list for PBXNativeTarget "RxCoreClone" */;
			buildPhases = (
				B46A6DD528773B80001DE890 /* Sources */,
				B46A6DD628773B80001DE890 /* Frameworks */,
				B46A6DD728773B80001DE890 /* Resources */,
			);
			buildRules = (
			);
			dependencies = (
			);
			name = RxCoreClone;
			productName = RxCoreClone;
			productReference = B46A6DD928773B80001DE890 /* RxCoreClone.app */;
			productType = "com.apple.product-type.application";
		};
/* End PBXNativeTarget section */

/* Begin PBXProject section */
		B46A6DD128773B80001DE890 /* Project object */ = {
			isa = PBXProject;
			attributes = {
				BuildIndependentTargetsInParallel = 1;
				LastSwiftUpdateCheck = 1340;
				LastUpgradeCheck = 1340;
				TargetAttributes = {
					B46A6DD828773B80001DE890 = {
						CreatedOnToolsVersion = 13.4.1;
					};
				};
			};
			buildConfigurationList = B46A6DD428773B80001DE890 /* Build configuration list for PBXProject "RxCoreClone" */;
			compatibilityVersion = "Xcode 13.0";
			developmentRegion = en;
			hasScannedForEncodings = 0;
			knownRegions = (
				en,
				Base,
			);
			mainGroup = B46A6DD028773B80001DE890;
			productRefGroup = B46A6DDA28773B80001DE890 /* Products */;
			projectDirPath = "";
			projectRoot = "";
			targets = (
				B46A6DD828773B80001DE890 /* RxCoreClone */,
			);
		};
/* End PBXProject section */

/* Begin PBXResourcesBuildPhase section */
		B46A6DD728773B80001DE890 /* Resources */ = {
			isa = PBXResourcesBuildPhase;
			buildActionMask = 2147483647;
			files = (
				B46A6DE928773B81001DE890 /* LaunchScreen.storyboard in Resources */,
				B46A6DE628773B81001DE890 /* Assets.xcassets in Resources */,
				B46A6DE428773B80001DE890 /* Main.storyboard in Resources */,
			);
			runOnlyForDeploymentPostprocessing = 0;
		};
/* End PBXResourcesBuildPhase section */

/* Begin PBXSourcesBuildPhase section */
		B46A6DD528773B80001DE890 /* Sources */ = {
			isa = PBXSourcesBuildPhase;
			buildActionMask = 2147483647;
			files = (
				B46A6DE128773B80001DE890 /* ViewController.swift in Sources */,
				B46A6DF628773C0A001DE890 /* Disposable.swift in Sources */,
				B46A6DF428773BF4001DE890 /* ObserverType.swift in Sources */,
				B46A6DDD28773B80001DE890 /* AppDelegate.swift in Sources */,
				B46A6DF228773BC7001DE890 /* ObservableType.swift in Sources */,
				B46A6DF828773C4A001DE890 /* Event.swift in Sources */,
				B46A6DDF28773B80001DE890 /* SceneDelegate.swift in Sources */,
			);
			runOnlyForDeploymentPostprocessing = 0;
		};
/* End PBXSourcesBuildPhase section */

/* Begin PBXVariantGroup section */
		B46A6DE228773B80001DE890 /* Main.storyboard */ = {
			isa = PBXVariantGroup;
			children = (
				B46A6DE328773B80001DE890 /* Base */,
			);
			name = Main.storyboard;
			sourceTree = "<group>";
		};
		B46A6DE728773B81001DE890 /* LaunchScreen.storyboard */ = {
			isa = PBXVariantGroup;
			children = (
				B46A6DE828773B81001DE890 /* Base */,
			);
			name = LaunchScreen.storyboard;
			sourceTree = "<group>";
		};
/* End PBXVariantGroup section */

/* Begin XCBuildConfiguration section */
		B46A6DEB28773B81001DE890 /* Debug */ = {
			isa = XCBuildConfiguration;
			buildSettings = {
				ALWAYS_SEARCH_USER_PATHS = NO;
				CLANG_ANALYZER_NONNULL = YES;
				CLANG_ANALYZER_NUMBER_OBJECT_CONVERSION = YES_AGGRESSIVE;
				CLANG_CXX_LANGUAGE_STANDARD = "gnu++17";
				CLANG_ENABLE_MODULES = YES;
				CLANG_ENABLE_OBJC_ARC = YES;
				CLANG_ENABLE_OBJC_WEAK = YES;
				CLANG_WARN_BLOCK_CAPTURE_AUTORELEASING = YES;
				CLANG_WARN_BOOL_CONVERSION = YES;
				CLANG_WARN_COMMA = YES;
				CLANG_WARN_CONSTANT_CONVERSION = YES;
				CLANG_WARN_DEPRECATED_OBJC_IMPLEMENTATIONS = YES;
				CLANG_WARN_DIRECT_OBJC_ISA_USAGE = YES_ERROR;
				CLANG_WARN_DOCUMENTATION_COMMENTS = YES;
				CLANG_WARN_EMPTY_BODY = YES;
				CLANG_WARN_ENUM_CONVERSION = YES;
				CLANG_WARN_INFINITE_RECURSION = YES;
				CLANG_WARN_INT_CONVERSION = YES;
				CLANG_WARN_NON_LITERAL_NULL_CONVERSION = YES;
				CLANG_WARN_OBJC_IMPLICIT_RETAIN_SELF = YES;
				CLANG_WARN_OBJC_LITERAL_CONVERSION = YES;
				CLANG_WARN_OBJC_ROOT_CLASS = YES_ERROR;
				CLANG_WARN_QUOTED_INCLUDE_IN_FRAMEWORK_HEADER = YES;
				CLANG_WARN_RANGE_LOOP_ANALYSIS = YES;
				CLANG_WARN_STRICT_PROTOTYPES = YES;
				CLANG_WARN_SUSPICIOUS_MOVE = YES;
				CLANG_WARN_UNGUARDED_AVAILABILITY = YES_AGGRESSIVE;
				CLANG_WARN_UNREACHABLE_CODE = YES;
				CLANG_WARN__DUPLICATE_METHOD_MATCH = YES;
				COPY_PHASE_STRIP = NO;
				DEBUG_INFORMATION_FORMAT = dwarf;
				ENABLE_STRICT_OBJC_MSGSEND = YES;
				ENABLE_TESTABILITY = YES;
				GCC_C_LANGUAGE_STANDARD = gnu11;
				GCC_DYNAMIC_NO_PIC = NO;
				GCC_NO_COMMON_BLOCKS = YES;
				GCC_OPTIMIZATION_LEVEL = 0;
				GCC_PREPROCESSOR_DEFINITIONS = (
					"DEBUG=1",
					"$(inherited)",
				);
				GCC_WARN_64_TO_32_BIT_CONVERSION = YES;
				GCC_WARN_ABOUT_RETURN_TYPE = YES_ERROR;
				GCC_WARN_UNDECLARED_SELECTOR = YES;
				GCC_WARN_UNINITIALIZED_AUTOS = YES_AGGRESSIVE;
				GCC_WARN_UNUSED_FUNCTION = YES;
				GCC_WARN_UNUSED_VARIABLE = YES;
				IPHONEOS_DEPLOYMENT_TARGET = 15.5;
				MTL_ENABLE_DEBUG_INFO = INCLUDE_SOURCE;
				MTL_FAST_MATH = YES;
				ONLY_ACTIVE_ARCH = YES;
				SDKROOT = iphoneos;
				SWIFT_ACTIVE_COMPILATION_CONDITIONS = DEBUG;
				SWIFT_OPTIMIZATION_LEVEL = "-Onone";
			};
			name = Debug;
		};
		B46A6DEC28773B81001DE890 /* Release */ = {
			isa = XCBuildConfiguration;
			buildSettings = {
				ALWAYS_SEARCH_USER_PATHS = NO;
				CLANG_ANALYZER_NONNULL = YES;
				CLANG_ANALYZER_NUMBER_OBJECT_CONVERSION = YES_AGGRESSIVE;
				CLANG_CXX_LANGUAGE_STANDARD = "gnu++17";
				CLANG_ENABLE_MODULES = YES;
				CLANG_ENABLE_OBJC_ARC = YES;
				CLANG_ENABLE_OBJC_WEAK = YES;
				CLANG_WARN_BLOCK_CAPTURE_AUTORELEASING = YES;
				CLANG_WARN_BOOL_CONVERSION = YES;
				CLANG_WARN_COMMA = YES;
				CLANG_WARN_CONSTANT_CONVERSION = YES;
				CLANG_WARN_DEPRECATED_OBJC_IMPLEMENTATIONS = YES;
				CLANG_WARN_DIRECT_OBJC_ISA_USAGE = YES_ERROR;
				CLANG_WARN_DOCUMENTATION_COMMENTS = YES;
				CLANG_WARN_EMPTY_BODY = YES;
				CLANG_WARN_ENUM_CONVERSION = YES;
				CLANG_WARN_INFINITE_RECURSION = YES;
				CLANG_WARN_INT_CONVERSION = YES;
				CLANG_WARN_NON_LITERAL_NULL_CONVERSION = YES;
				CLANG_WARN_OBJC_IMPLICIT_RETAIN_SELF = YES;
				CLANG_WARN_OBJC_LITERAL_CONVERSION = YES;
				CLANG_WARN_OBJC_ROOT_CLASS = YES_ERROR;
				CLANG_WARN_QUOTED_INCLUDE_IN_FRAMEWORK_HEADER = YES;
				CLANG_WARN_RANGE_LOOP_ANALYSIS = YES;
				CLANG_WARN_STRICT_PROTOTYPES = YES;
				CLANG_WARN_SUSPICIOUS_MOVE = YES;
				CLANG_WARN_UNGUARDED_AVAILABILITY = YES_AGGRESSIVE;
				CLANG_WARN_UNREACHABLE_CODE = YES;
				CLANG_WARN__DUPLICATE_METHOD_MATCH = YES;
				COPY_PHASE_STRIP = NO;
				DEBUG_INFORMATION_FORMAT = "dwarf-with-dsym";
				ENABLE_NS_ASSERTIONS = NO;
				ENABLE_STRICT_OBJC_MSGSEND = YES;
				GCC_C_LANGUAGE_STANDARD = gnu11;
				GCC_NO_COMMON_BLOCKS = YES;
				GCC_WARN_64_TO_32_BIT_CONVERSION = YES;
				GCC_WARN_ABOUT_RETURN_TYPE = YES_ERROR;
				GCC_WARN_UNDECLARED_SELECTOR = YES;
				GCC_WARN_UNINITIALIZED_AUTOS = YES_AGGRESSIVE;
				GCC_WARN_UNUSED_FUNCTION = YES;
				GCC_WARN_UNUSED_VARIABLE = YES;
				IPHONEOS_DEPLOYMENT_TARGET = 15.5;
				MTL_ENABLE_DEBUG_INFO = NO;
				MTL_FAST_MATH = YES;
				SDKROOT = iphoneos;
				SWIFT_COMPILATION_MODE = wholemodule;
				SWIFT_OPTIMIZATION_LEVEL = "-O";
				VALIDATE_PRODUCT = YES;
			};
			name = Release;
		};
		B46A6DEE28773B81001DE890 /* Debug */ = {
			isa = XCBuildConfiguration;
			buildSettings = {
				ASSETCATALOG_COMPILER_APPICON_NAME = AppIcon;
				ASSETCATALOG_COMPILER_GLOBAL_ACCENT_COLOR_NAME = AccentColor;
				CODE_SIGN_STYLE = Automatic;
				CURRENT_PROJECT_VERSION = 1;
				DEVELOPMENT_TEAM = SK9D9HK9A2;
				GENERATE_INFOPLIST_FILE = YES;
				INFOPLIST_FILE = RxCoreClone/Info.plist;
				INFOPLIST_KEY_UIApplicationSupportsIndirectInputEvents = YES;
				INFOPLIST_KEY_UILaunchStoryboardName = LaunchScreen;
				INFOPLIST_KEY_UIMainStoryboardFile = Main;
				INFOPLIST_KEY_UISupportedInterfaceOrientations_iPad = "UIInterfaceOrientationPortrait UIInterfaceOrientationPortraitUpsideDown UIInterfaceOrientationLandscapeLeft UIInterfaceOrientationLandscapeRight";
				INFOPLIST_KEY_UISupportedInterfaceOrientations_iPhone = "UIInterfaceOrientationPortrait UIInterfaceOrientationLandscapeLeft UIInterfaceOrientationLandscapeRight";
				IPHONEOS_DEPLOYMENT_TARGET = 13.0;
				LD_RUNPATH_SEARCH_PATHS = (
					"$(inherited)",
					"@executable_path/Frameworks",
				);
				MARKETING_VERSION = 1.0;
				PRODUCT_BUNDLE_IDENTIFIER = com.howift.RxCoreClone;
				PRODUCT_NAME = "$(TARGET_NAME)";
				SWIFT_EMIT_LOC_STRINGS = YES;
				SWIFT_VERSION = 5.0;
				TARGETED_DEVICE_FAMILY = 1;
			};
			name = Debug;
		};
		B46A6DEF28773B81001DE890 /* Release */ = {
			isa = XCBuildConfiguration;
			buildSettings = {
				ASSETCATALOG_COMPILER_APPICON_NAME = AppIcon;
				ASSETCATALOG_COMPILER_GLOBAL_ACCENT_COLOR_NAME = AccentColor;
				CODE_SIGN_STYLE = Automatic;
				CURRENT_PROJECT_VERSION = 1;
				DEVELOPMENT_TEAM = SK9D9HK9A2;
				GENERATE_INFOPLIST_FILE = YES;
				INFOPLIST_FILE = RxCoreClone/Info.plist;
				INFOPLIST_KEY_UIApplicationSupportsIndirectInputEvents = YES;
				INFOPLIST_KEY_UILaunchStoryboardName = LaunchScreen;
				INFOPLIST_KEY_UIMainStoryboardFile = Main;
				INFOPLIST_KEY_UISupportedInterfaceOrientations_iPad = "UIInterfaceOrientationPortrait UIInterfaceOrientationPortraitUpsideDown UIInterfaceOrientationLandscapeLeft UIInterfaceOrientationLandscapeRight";
				INFOPLIST_KEY_UISupportedInterfaceOrientations_iPhone = "UIInterfaceOrientationPortrait UIInterfaceOrientationLandscapeLeft UIInterfaceOrientationLandscapeRight";
				IPHONEOS_DEPLOYMENT_TARGET = 13.0;
				LD_RUNPATH_SEARCH_PATHS = (
					"$(inherited)",
					"@executable_path/Frameworks",
				);
				MARKETING_VERSION = 1.0;
				PRODUCT_BUNDLE_IDENTIFIER = com.howift.RxCoreClone;
				PRODUCT_NAME = "$(TARGET_NAME)";
				SWIFT_EMIT_LOC_STRINGS = YES;
				SWIFT_VERSION = 5.0;
				TARGETED_DEVICE_FAMILY = 1;
			};
			name = Release;
		};
/* End XCBuildConfiguration section */

/* Begin XCConfigurationList section */
		B46A6DD428773B80001DE890 /* Build configuration list for PBXProject "RxCoreClone" */ = {
			isa = XCConfigurationList;
			buildConfigurations = (
				B46A6DEB28773B81001DE890 /* Debug */,
				B46A6DEC28773B81001DE890 /* Release */,
			);
			defaultConfigurationIsVisible = 0;
			defaultConfigurationName = Release;
		};
		B46A6DED28773B81001DE890 /* Build configuration list for PBXNativeTarget "RxCoreClone" */ = {
			isa = XCConfigurationList;
			buildConfigurations = (
				B46A6DEE28773B81001DE890 /* Debug */,
				B46A6DEF28773B81001DE890 /* Release */,
			);
			defaultConfigurationIsVisible = 0;
			defaultConfigurationName = Release;
		};
/* End XCConfigurationList section */
	};
	rootObject = B46A6DD128773B80001DE890 /* Project object */;
}
