// !$*UTF8*$!
{
	archiveVersion = 1;
	classes = {
	};
	objectVersion = 51;
	objects = {

/* Begin PBXBuildFile section */
		49CFA1F6F5E1E10038B9C86B /* Pods_RxRelayPractice.framework in Frameworks */ = {isa = PBXBuildFile; fileRef = A93F33F46D02752191BBCE48 /* Pods_RxRelayPractice.framework */; };
		B4D6DC8226D4B2CE00183391 /* AppDelegate.swift in Sources */ = {isa = PBXBuildFile; fileRef = B4D6DC8126D4B2CE00183391 /* AppDelegate.swift */; };
		B4D6DC8426D4B2CE00183391 /* SceneDelegate.swift in Sources */ = {isa = PBXBuildFile; fileRef = B4D6DC8326D4B2CE00183391 /* SceneDelegate.swift */; };
		B4D6DC8626D4B2CE00183391 /* ViewController.swift in Sources */ = {isa = PBXBuildFile; fileRef = B4D6DC8526D4B2CE00183391 /* ViewController.swift */; };
		B4D6DC8926D4B2CE00183391 /* Main.storyboard in Resources */ = {isa = PBXBuildFile; fileRef = B4D6DC8726D4B2CE00183391 /* Main.storyboard */; };
		B4D6DC8B26D4B2CE00183391 /* Assets.xcassets in Resources */ = {isa = PBXBuildFile; fileRef = B4D6DC8A26D4B2CE00183391 /* Assets.xcassets */; };
		B4D6DC8E26D4B2CE00183391 /* LaunchScreen.storyboard in Resources */ = {isa = PBXBuildFile; fileRef = B4D6DC8C26D4B2CE00183391 /* LaunchScreen.storyboard */; };
		B4D6DC9626D4B86F00183391 /* BehaviorRelayViewController.swift in Sources */ = {isa = PBXBuildFile; fileRef = B4D6DC9526D4B86F00183391 /* BehaviorRelayViewController.swift */; };
/* End PBXBuildFile section */

/* Begin PBXFileReference section */
		4D20F0922EC8F9381D35929C /* Pods-RxRelayPractice.release.xcconfig */ = {isa = PBXFileReference; includeInIndex = 1; lastKnownFileType = text.xcconfig; name = "Pods-RxRelayPractice.release.xcconfig"; path = "Target Support Files/Pods-RxRelayPractice/Pods-RxRelayPractice.release.xcconfig"; sourceTree = "<group>"; };
		A93F33F46D02752191BBCE48 /* Pods_RxRelayPractice.framework */ = {isa = PBXFileReference; explicitFileType = wrapper.framework; includeInIndex = 0; path = Pods_RxRelayPractice.framework; sourceTree = BUILT_PRODUCTS_DIR; };
		B4D6DC7E26D4B2CE00183391 /* RxRelayPractice.app */ = {isa = PBXFileReference; explicitFileType = wrapper.application; includeInIndex = 0; path = RxRelayPractice.app; sourceTree = BUILT_PRODUCTS_DIR; };
		B4D6DC8126D4B2CE00183391 /* AppDelegate.swift */ = {isa = PBXFileReference; lastKnownFileType = sourcecode.swift; path = AppDelegate.swift; sourceTree = "<group>"; };
		B4D6DC8326D4B2CE00183391 /* SceneDelegate.swift */ = {isa = PBXFileReference; lastKnownFileType = sourcecode.swift; path = SceneDelegate.swift; sourceTree = "<group>"; };
		B4D6DC8526D4B2CE00183391 /* ViewController.swift */ = {isa = PBXFileReference; lastKnownFileType = sourcecode.swift; path = ViewController.swift; sourceTree = "<group>"; };
		B4D6DC8826D4B2CE00183391 /* Base */ = {isa = PBXFileReference; lastKnownFileType = file.storyboard; name = Base; path = Base.lproj/Main.storyboard; sourceTree = "<group>"; };
		B4D6DC8A26D4B2CE00183391 /* Assets.xcassets */ = {isa = PBXFileReference; lastKnownFileType = folder.assetcatalog; path = Assets.xcassets; sourceTree = "<group>"; };
		B4D6DC8D26D4B2CE00183391 /* Base */ = {isa = PBXFileReference; lastKnownFileType = file.storyboard; name = Base; path = Base.lproj/LaunchScreen.storyboard; sourceTree = "<group>"; };
		B4D6DC8F26D4B2CE00183391 /* Info.plist */ = {isa = PBXFileReference; lastKnownFileType = text.plist.xml; path = Info.plist; sourceTree = "<group>"; };
		B4D6DC9526D4B86F00183391 /* BehaviorRelayViewController.swift */ = {isa = PBXFileReference; lastKnownFileType = sourcecode.swift; path = BehaviorRelayViewController.swift; sourceTree = "<group>"; };
		CA54A587F452C5C972237C6F /* Pods-RxRelayPractice.debug.xcconfig */ = {isa = PBXFileReference; includeInIndex = 1; lastKnownFileType = text.xcconfig; name = "Pods-RxRelayPractice.debug.xcconfig"; path = "Target Support Files/Pods-RxRelayPractice/Pods-RxRelayPractice.debug.xcconfig"; sourceTree = "<group>"; };
/* End PBXFileReference section */

/* Begin PBXFrameworksBuildPhase section */
		B4D6DC7B26D4B2CE00183391 /* Frameworks */ = {
			isa = PBXFrameworksBuildPhase;
			buildActionMask = 2147483647;
			files = (
				49CFA1F6F5E1E10038B9C86B /* Pods_RxRelayPractice.framework in Frameworks */,
			);
			runOnlyForDeploymentPostprocessing = 0;
		};
/* End PBXFrameworksBuildPhase section */

/* Begin PBXGroup section */
		714214D027AB91F80D7B357B /* Frameworks */ = {
			isa = PBXGroup;
			children = (
				A93F33F46D02752191BBCE48 /* Pods_RxRelayPractice.framework */,
			);
			name = Frameworks;
			sourceTree = "<group>";
		};
		B4D6DC7526D4B2CE00183391 = {
			isa = PBXGroup;
			children = (
				B4D6DC8026D4B2CE00183391 /* RxRelayPractice */,
				B4D6DC7F26D4B2CE00183391 /* Products */,
				C849491F9AB6E3798733631F /* Pods */,
				714214D027AB91F80D7B357B /* Frameworks */,
			);
			sourceTree = "<group>";
		};
		B4D6DC7F26D4B2CE00183391 /* Products */ = {
			isa = PBXGroup;
			children = (
				B4D6DC7E26D4B2CE00183391 /* RxRelayPractice.app */,
			);
			name = Products;
			sourceTree = "<group>";
		};
		B4D6DC8026D4B2CE00183391 /* RxRelayPractice */ = {
			isa = PBXGroup;
			children = (
				B4D6DC8126D4B2CE00183391 /* AppDelegate.swift */,
				B4D6DC8326D4B2CE00183391 /* SceneDelegate.swift */,
				B4D6DC8526D4B2CE00183391 /* ViewController.swift */,
				B4D6DC9526D4B86F00183391 /* BehaviorRelayViewController.swift */,
				B4D6DC8726D4B2CE00183391 /* Main.storyboard */,
				B4D6DC8A26D4B2CE00183391 /* Assets.xcassets */,
				B4D6DC8C26D4B2CE00183391 /* LaunchScreen.storyboard */,
				B4D6DC8F26D4B2CE00183391 /* Info.plist */,
			);
			path = RxRelayPractice;
			sourceTree = "<group>";
		};
		C849491F9AB6E3798733631F /* Pods */ = {
			isa = PBXGroup;
			children = (
				CA54A587F452C5C972237C6F /* Pods-RxRelayPractice.debug.xcconfig */,
				4D20F0922EC8F9381D35929C /* Pods-RxRelayPractice.release.xcconfig */,
			);
			path = Pods;
			sourceTree = "<group>";
		};
/* End PBXGroup section */

/* Begin PBXNativeTarget section */
		B4D6DC7D26D4B2CE00183391 /* RxRelayPractice */ = {
			isa = PBXNativeTarget;
			buildConfigurationList = B4D6DC9226D4B2CE00183391 /* Build configuration list for PBXNativeTarget "RxRelayPractice" */;
			buildPhases = (
				165FF3B0D34771AEAEF956A0 /* [CP] Check Pods Manifest.lock */,
				B4D6DC7A26D4B2CE00183391 /* Sources */,
				B4D6DC7B26D4B2CE00183391 /* Frameworks */,
				B4D6DC7C26D4B2CE00183391 /* Resources */,
				3854B2E028403534A73971E4 /* [CP] Embed Pods Frameworks */,
			);
			buildRules = (
			);
			dependencies = (
			);
			name = RxRelayPractice;
			productName = RxRelayPractice;
			productReference = B4D6DC7E26D4B2CE00183391 /* RxRelayPractice.app */;
			productType = "com.apple.product-type.application";
		};
/* End PBXNativeTarget section */

/* Begin PBXProject section */
		B4D6DC7626D4B2CE00183391 /* Project object */ = {
			isa = PBXProject;
			attributes = {
				LastSwiftUpdateCheck = 1250;
				LastUpgradeCheck = 1250;
				TargetAttributes = {
					B4D6DC7D26D4B2CE00183391 = {
						CreatedOnToolsVersion = 12.5.1;
					};
				};
			};
			buildConfigurationList = B4D6DC7926D4B2CE00183391 /* Build configuration list for PBXProject "RxRelayPractice" */;
			compatibilityVersion = "Xcode 9.3";
			developmentRegion = en;
			hasScannedForEncodings = 0;
			knownRegions = (
				en,
				Base,
			);
			mainGroup = B4D6DC7526D4B2CE00183391;
			productRefGroup = B4D6DC7F26D4B2CE00183391 /* Products */;
			projectDirPath = "";
			projectRoot = "";
			targets = (
				B4D6DC7D26D4B2CE00183391 /* RxRelayPractice */,
			);
		};
/* End PBXProject section */

/* Begin PBXResourcesBuildPhase section */
		B4D6DC7C26D4B2CE00183391 /* Resources */ = {
			isa = PBXResourcesBuildPhase;
			buildActionMask = 2147483647;
			files = (
				B4D6DC8E26D4B2CE00183391 /* LaunchScreen.storyboard in Resources */,
				B4D6DC8B26D4B2CE00183391 /* Assets.xcassets in Resources */,
				B4D6DC8926D4B2CE00183391 /* Main.storyboard in Resources */,
			);
			runOnlyForDeploymentPostprocessing = 0;
		};
/* End PBXResourcesBuildPhase section */

/* Begin PBXShellScriptBuildPhase section */
		165FF3B0D34771AEAEF956A0 /* [CP] Check Pods Manifest.lock */ = {
			isa = PBXShellScriptBuildPhase;
			buildActionMask = 2147483647;
			files = (
			);
			inputFileListPaths = (
			);
			inputPaths = (
				"${PODS_PODFILE_DIR_PATH}/Podfile.lock",
				"${PODS_ROOT}/Manifest.lock",
			);
			name = "[CP] Check Pods Manifest.lock";
			outputFileListPaths = (
			);
			outputPaths = (
				"$(DERIVED_FILE_DIR)/Pods-RxRelayPractice-checkManifestLockResult.txt",
			);
			runOnlyForDeploymentPostprocessing = 0;
			shellPath = /bin/sh;
			shellScript = "diff \"${PODS_PODFILE_DIR_PATH}/Podfile.lock\" \"${PODS_ROOT}/Manifest.lock\" > /dev/null\nif [ $? != 0 ] ; then\n    # print error to STDERR\n    echo \"error: The sandbox is not in sync with the Podfile.lock. Run 'pod install' or update your CocoaPods installation.\" >&2\n    exit 1\nfi\n# This output is used by Xcode 'outputs' to avoid re-running this script phase.\necho \"SUCCESS\" > \"${SCRIPT_OUTPUT_FILE_0}\"\n";
			showEnvVarsInLog = 0;
		};
		3854B2E028403534A73971E4 /* [CP] Embed Pods Frameworks */ = {
			isa = PBXShellScriptBuildPhase;
			buildActionMask = 2147483647;
			files = (
			);
			inputFileListPaths = (
				"${PODS_ROOT}/Target Support Files/Pods-RxRelayPractice/Pods-RxRelayPractice-frameworks-${CONFIGURATION}-input-files.xcfilelist",
			);
			name = "[CP] Embed Pods Frameworks";
			outputFileListPaths = (
				"${PODS_ROOT}/Target Support Files/Pods-RxRelayPractice/Pods-RxRelayPractice-frameworks-${CONFIGURATION}-output-files.xcfilelist",
			);
			runOnlyForDeploymentPostprocessing = 0;
			shellPath = /bin/sh;
			shellScript = "\"${PODS_ROOT}/Target Support Files/Pods-RxRelayPractice/Pods-RxRelayPractice-frameworks.sh\"\n";
			showEnvVarsInLog = 0;
		};
/* End PBXShellScriptBuildPhase section */

/* Begin PBXSourcesBuildPhase section */
		B4D6DC7A26D4B2CE00183391 /* Sources */ = {
			isa = PBXSourcesBuildPhase;
			buildActionMask = 2147483647;
			files = (
				B4D6DC9626D4B86F00183391 /* BehaviorRelayViewController.swift in Sources */,
				B4D6DC8626D4B2CE00183391 /* ViewController.swift in Sources */,
				B4D6DC8226D4B2CE00183391 /* AppDelegate.swift in Sources */,
				B4D6DC8426D4B2CE00183391 /* SceneDelegate.swift in Sources */,
			);
			runOnlyForDeploymentPostprocessing = 0;
		};
/* End PBXSourcesBuildPhase section */

/* Begin PBXVariantGroup section */
		B4D6DC8726D4B2CE00183391 /* Main.storyboard */ = {
			isa = PBXVariantGroup;
			children = (
				B4D6DC8826D4B2CE00183391 /* Base */,
			);
			name = Main.storyboard;
			sourceTree = "<group>";
		};
		B4D6DC8C26D4B2CE00183391 /* LaunchScreen.storyboard */ = {
			isa = PBXVariantGroup;
			children = (
				B4D6DC8D26D4B2CE00183391 /* Base */,
			);
			name = LaunchScreen.storyboard;
			sourceTree = "<group>";
		};
/* End PBXVariantGroup section */

/* Begin XCBuildConfiguration section */
		B4D6DC9026D4B2CE00183391 /* Debug */ = {
			isa = XCBuildConfiguration;
			buildSettings = {
				ALWAYS_SEARCH_USER_PATHS = NO;
				CLANG_ANALYZER_NONNULL = YES;
				CLANG_ANALYZER_NUMBER_OBJECT_CONVERSION = YES_AGGRESSIVE;
				CLANG_CXX_LANGUAGE_STANDARD = "gnu++14";
				CLANG_CXX_LIBRARY = "libc++";
				CLANG_ENABLE_MODULES = YES;
				CLANG_ENABLE_OBJC_ARC = YES;
				CLANG_ENABLE_OBJC_WEAK = YES;
				CLANG_WARN_BLOCK_CAPTURE_AUTORELEASING = YES;
				CLANG_WARN_BOOL_CONVERSION = YES;
				CLANG_WARN_COMMA = YES;
				CLANG_WARN_CONSTANT_CONVERSION = YES;
				CLANG_WARN_DEPRECATED_OBJC_IMPLEMENTATIONS = YES;
				CLANG_WARN_DIRECT_OBJC_ISA_USAGE = YES_ERROR;
				CLANG_WARN_DOCUMENTATION_COMMENTS = YES;
				CLANG_WARN_EMPTY_BODY = YES;
				CLANG_WARN_ENUM_CONVERSION = YES;
				CLANG_WARN_INFINITE_RECURSION = YES;
				CLANG_WARN_INT_CONVERSION = YES;
				CLANG_WARN_NON_LITERAL_NULL_CONVERSION = YES;
				CLANG_WARN_OBJC_IMPLICIT_RETAIN_SELF = YES;
				CLANG_WARN_OBJC_LITERAL_CONVERSION = YES;
				CLANG_WARN_OBJC_ROOT_CLASS = YES_ERROR;
				CLANG_WARN_QUOTED_INCLUDE_IN_FRAMEWORK_HEADER = YES;
				CLANG_WARN_RANGE_LOOP_ANALYSIS = YES;
				CLANG_WARN_STRICT_PROTOTYPES = YES;
				CLANG_WARN_SUSPICIOUS_MOVE = YES;
				CLANG_WARN_UNGUARDED_AVAILABILITY = YES_AGGRESSIVE;
				CLANG_WARN_UNREACHABLE_CODE = YES;
				CLANG_WARN__DUPLICATE_METHOD_MATCH = YES;
				COPY_PHASE_STRIP = NO;
				DEBUG_INFORMATION_FORMAT = dwarf;
				ENABLE_STRICT_OBJC_MSGSEND = YES;
				ENABLE_TESTABILITY = YES;
				GCC_C_LANGUAGE_STANDARD = gnu11;
				GCC_DYNAMIC_NO_PIC = NO;
				GCC_NO_COMMON_BLOCKS = YES;
				GCC_OPTIMIZATION_LEVEL = 0;
				GCC_PREPROCESSOR_DEFINITIONS = (
					"DEBUG=1",
					"$(inherited)",
				);
				GCC_WARN_64_TO_32_BIT_CONVERSION = YES;
				GCC_WARN_ABOUT_RETURN_TYPE = YES_ERROR;
				GCC_WARN_UNDECLARED_SELECTOR = YES;
				GCC_WARN_UNINITIALIZED_AUTOS = YES_AGGRESSIVE;
				GCC_WARN_UNUSED_FUNCTION = YES;
				GCC_WARN_UNUSED_VARIABLE = YES;
				IPHONEOS_DEPLOYMENT_TARGET = 14.5;
				MTL_ENABLE_DEBUG_INFO = INCLUDE_SOURCE;
				MTL_FAST_MATH = YES;
				ONLY_ACTIVE_ARCH = YES;
				SDKROOT = iphoneos;
				SWIFT_ACTIVE_COMPILATION_CONDITIONS = DEBUG;
				SWIFT_OPTIMIZATION_LEVEL = "-Onone";
			};
			name = Debug;
		};
		B4D6DC9126D4B2CE00183391 /* Release */ = {
			isa = XCBuildConfiguration;
			buildSettings = {
				ALWAYS_SEARCH_USER_PATHS = NO;
				CLANG_ANALYZER_NONNULL = YES;
				CLANG_ANALYZER_NUMBER_OBJECT_CONVERSION = YES_AGGRESSIVE;
				CLANG_CXX_LANGUAGE_STANDARD = "gnu++14";
				CLANG_CXX_LIBRARY = "libc++";
				CLANG_ENABLE_MODULES = YES;
				CLANG_ENABLE_OBJC_ARC = YES;
				CLANG_ENABLE_OBJC_WEAK = YES;
				CLANG_WARN_BLOCK_CAPTURE_AUTORELEASING = YES;
				CLANG_WARN_BOOL_CONVERSION = YES;
				CLANG_WARN_COMMA = YES;
				CLANG_WARN_CONSTANT_CONVERSION = YES;
				CLANG_WARN_DEPRECATED_OBJC_IMPLEMENTATIONS = YES;
				CLANG_WARN_DIRECT_OBJC_ISA_USAGE = YES_ERROR;
				CLANG_WARN_DOCUMENTATION_COMMENTS = YES;
				CLANG_WARN_EMPTY_BODY = YES;
				CLANG_WARN_ENUM_CONVERSION = YES;
				CLANG_WARN_INFINITE_RECURSION = YES;
				CLANG_WARN_INT_CONVERSION = YES;
				CLANG_WARN_NON_LITERAL_NULL_CONVERSION = YES;
				CLANG_WARN_OBJC_IMPLICIT_RETAIN_SELF = YES;
				CLANG_WARN_OBJC_LITERAL_CONVERSION = YES;
				CLANG_WARN_OBJC_ROOT_CLASS = YES_ERROR;
				CLANG_WARN_QUOTED_INCLUDE_IN_FRAMEWORK_HEADER = YES;
				CLANG_WARN_RANGE_LOOP_ANALYSIS = YES;
				CLANG_WARN_STRICT_PROTOTYPES = YES;
				CLANG_WARN_SUSPICIOUS_MOVE = YES;
				CLANG_WARN_UNGUARDED_AVAILABILITY = YES_AGGRESSIVE;
				CLANG_WARN_UNREACHABLE_CODE = YES;
				CLANG_WARN__DUPLICATE_METHOD_MATCH = YES;
				COPY_PHASE_STRIP = NO;
				DEBUG_INFORMATION_FORMAT = "dwarf-with-dsym";
				ENABLE_NS_ASSERTIONS = NO;
				ENABLE_STRICT_OBJC_MSGSEND = YES;
				GCC_C_LANGUAGE_STANDARD = gnu11;
				GCC_NO_COMMON_BLOCKS = YES;
				GCC_WARN_64_TO_32_BIT_CONVERSION = YES;
				GCC_WARN_ABOUT_RETURN_TYPE = YES_ERROR;
				GCC_WARN_UNDECLARED_SELECTOR = YES;
				GCC_WARN_UNINITIALIZED_AUTOS = YES_AGGRESSIVE;
				GCC_WARN_UNUSED_FUNCTION = YES;
				GCC_WARN_UNUSED_VARIABLE = YES;
				IPHONEOS_DEPLOYMENT_TARGET = 14.5;
				MTL_ENABLE_DEBUG_INFO = NO;
				MTL_FAST_MATH = YES;
				SDKROOT = iphoneos;
				SWIFT_COMPILATION_MODE = wholemodule;
				SWIFT_OPTIMIZATION_LEVEL = "-O";
				VALIDATE_PRODUCT = YES;
			};
			name = Release;
		};
		B4D6DC9326D4B2CE00183391 /* Debug */ = {
			isa = XCBuildConfiguration;
			baseConfigurationReference = CA54A587F452C5C972237C6F /* Pods-RxRelayPractice.debug.xcconfig */;
			buildSettings = {
				ASSETCATALOG_COMPILER_APPICON_NAME = AppIcon;
				ASSETCATALOG_COMPILER_GLOBAL_ACCENT_COLOR_NAME = AccentColor;
				CODE_SIGN_STYLE = Automatic;
				DEVELOPMENT_TEAM = SK9D9HK9A2;
				INFOPLIST_FILE = RxRelayPractice/Info.plist;
				LD_RUNPATH_SEARCH_PATHS = (
					"$(inherited)",
					"@executable_path/Frameworks",
				);
				PRODUCT_BUNDLE_IDENTIFIER = com.howift.RxRelayPractice;
				PRODUCT_NAME = "$(TARGET_NAME)";
				SWIFT_VERSION = 5.0;
				TARGETED_DEVICE_FAMILY = "1,2";
			};
			name = Debug;
		};
		B4D6DC9426D4B2CE00183391 /* Release */ = {
			isa = XCBuildConfiguration;
			baseConfigurationReference = 4D20F0922EC8F9381D35929C /* Pods-RxRelayPractice.release.xcconfig */;
			buildSettings = {
				ASSETCATALOG_COMPILER_APPICON_NAME = AppIcon;
				ASSETCATALOG_COMPILER_GLOBAL_ACCENT_COLOR_NAME = AccentColor;
				CODE_SIGN_STYLE = Automatic;
				DEVELOPMENT_TEAM = SK9D9HK9A2;
				INFOPLIST_FILE = RxRelayPractice/Info.plist;
				LD_RUNPATH_SEARCH_PATHS = (
					"$(inherited)",
					"@executable_path/Frameworks",
				);
				PRODUCT_BUNDLE_IDENTIFIER = com.howift.RxRelayPractice;
				PRODUCT_NAME = "$(TARGET_NAME)";
				SWIFT_VERSION = 5.0;
				TARGETED_DEVICE_FAMILY = "1,2";
			};
			name = Release;
		};
/* End XCBuildConfiguration section */

/* Begin XCConfigurationList section */
		B4D6DC7926D4B2CE00183391 /* Build configuration list for PBXProject "RxRelayPractice" */ = {
			isa = XCConfigurationList;
			buildConfigurations = (
				B4D6DC9026D4B2CE00183391 /* Debug */,
				B4D6DC9126D4B2CE00183391 /* Release */,
			);
			defaultConfigurationIsVisible = 0;
			defaultConfigurationName = Release;
		};
		B4D6DC9226D4B2CE00183391 /* Build configuration list for PBXNativeTarget "RxRelayPractice" */ = {
			isa = XCConfigurationList;
			buildConfigurations = (
				B4D6DC9326D4B2CE00183391 /* Debug */,
				B4D6DC9426D4B2CE00183391 /* Release */,
			);
			defaultConfigurationIsVisible = 0;
			defaultConfigurationName = Release;
		};
/* End XCConfigurationList section */
	};
	rootObject = B4D6DC7626D4B2CE00183391 /* Project object */;
}
