// !$*UTF8*$!
{
	archiveVersion = 1;
	classes = {
	};
	objectVersion = 55;
	objects = {

/* Begin PBXBuildFile section */
		B42B2945280A69E6003527A8 /* AppDelegate.swift in Sources */ = {isa = PBXBuildFile; fileRef = B42B2944280A69E6003527A8 /* AppDelegate.swift */; };
		B42B2947280A69E6003527A8 /* SceneDelegate.swift in Sources */ = {isa = PBXBuildFile; fileRef = B42B2946280A69E6003527A8 /* SceneDelegate.swift */; };
		B42B294C280A69E6003527A8 /* Main.storyboard in Resources */ = {isa = PBXBuildFile; fileRef = B42B294A280A69E6003527A8 /* Main.storyboard */; };
		B42B294E280A69E7003527A8 /* Assets.xcassets in Resources */ = {isa = PBXBuildFile; fileRef = B42B294D280A69E7003527A8 /* Assets.xcassets */; };
		B42B2951280A69E7003527A8 /* LaunchScreen.storyboard in Resources */ = {isa = PBXBuildFile; fileRef = B42B294F280A69E7003527A8 /* LaunchScreen.storyboard */; };
		B42B2959280A6A11003527A8 /* CoreDataStack.swift in Sources */ = {isa = PBXBuildFile; fileRef = B42B2958280A6A11003527A8 /* CoreDataStack.swift */; };
		B42B295B280A6B9D003527A8 /* AllChampionViewController.swift in Sources */ = {isa = PBXBuildFile; fileRef = B42B295A280A6B9D003527A8 /* AllChampionViewController.swift */; };
		B42B295D280A6BA6003527A8 /* FavoriteChampionViewController.swift in Sources */ = {isa = PBXBuildFile; fileRef = B42B295C280A6BA6003527A8 /* FavoriteChampionViewController.swift */; };
		B42B295F280A7121003527A8 /* AllChampCell.swift in Sources */ = {isa = PBXBuildFile; fileRef = B42B295E280A7121003527A8 /* AllChampCell.swift */; };
		B42B2961280A7127003527A8 /* FavoriteChampCell.swift in Sources */ = {isa = PBXBuildFile; fileRef = B42B2960280A7127003527A8 /* FavoriteChampCell.swift */; };
		B42B296C280A728F003527A8 /* LOLFavorite.xcdatamodeld in Sources */ = {isa = PBXBuildFile; fileRef = B42B296A280A728F003527A8 /* LOLFavorite.xcdatamodeld */; };
		B42B2971280A7347003527A8 /* User+CoreDataClass.swift in Sources */ = {isa = PBXBuildFile; fileRef = B42B296D280A7347003527A8 /* User+CoreDataClass.swift */; };
		B42B2972280A7347003527A8 /* User+CoreDataProperties.swift in Sources */ = {isa = PBXBuildFile; fileRef = B42B296E280A7347003527A8 /* User+CoreDataProperties.swift */; };
		B42B2973280A7347003527A8 /* Champion+CoreDataClass.swift in Sources */ = {isa = PBXBuildFile; fileRef = B42B296F280A7347003527A8 /* Champion+CoreDataClass.swift */; };
		B42B2974280A7347003527A8 /* Champion+CoreDataProperties.swift in Sources */ = {isa = PBXBuildFile; fileRef = B42B2970280A7347003527A8 /* Champion+CoreDataProperties.swift */; };
/* End PBXBuildFile section */

/* Begin PBXFileReference section */
		B42B2941280A69E6003527A8 /* LOLFavorites.app */ = {isa = PBXFileReference; explicitFileType = wrapper.application; includeInIndex = 0; path = LOLFavorites.app; sourceTree = BUILT_PRODUCTS_DIR; };
		B42B2944280A69E6003527A8 /* AppDelegate.swift */ = {isa = PBXFileReference; lastKnownFileType = sourcecode.swift; path = AppDelegate.swift; sourceTree = "<group>"; };
		B42B2946280A69E6003527A8 /* SceneDelegate.swift */ = {isa = PBXFileReference; lastKnownFileType = sourcecode.swift; path = SceneDelegate.swift; sourceTree = "<group>"; };
		B42B294B280A69E6003527A8 /* Base */ = {isa = PBXFileReference; lastKnownFileType = file.storyboard; name = Base; path = Base.lproj/Main.storyboard; sourceTree = "<group>"; };
		B42B294D280A69E7003527A8 /* Assets.xcassets */ = {isa = PBXFileReference; lastKnownFileType = folder.assetcatalog; path = Assets.xcassets; sourceTree = "<group>"; };
		B42B2950280A69E7003527A8 /* Base */ = {isa = PBXFileReference; lastKnownFileType = file.storyboard; name = Base; path = Base.lproj/LaunchScreen.storyboard; sourceTree = "<group>"; };
		B42B2952280A69E7003527A8 /* Info.plist */ = {isa = PBXFileReference; lastKnownFileType = text.plist.xml; path = Info.plist; sourceTree = "<group>"; };
		B42B2958280A6A11003527A8 /* CoreDataStack.swift */ = {isa = PBXFileReference; lastKnownFileType = sourcecode.swift; path = CoreDataStack.swift; sourceTree = "<group>"; };
		B42B295A280A6B9D003527A8 /* AllChampionViewController.swift */ = {isa = PBXFileReference; lastKnownFileType = sourcecode.swift; path = AllChampionViewController.swift; sourceTree = "<group>"; };
		B42B295C280A6BA6003527A8 /* FavoriteChampionViewController.swift */ = {isa = PBXFileReference; lastKnownFileType = sourcecode.swift; path = FavoriteChampionViewController.swift; sourceTree = "<group>"; };
		B42B295E280A7121003527A8 /* AllChampCell.swift */ = {isa = PBXFileReference; lastKnownFileType = sourcecode.swift; path = AllChampCell.swift; sourceTree = "<group>"; };
		B42B2960280A7127003527A8 /* FavoriteChampCell.swift */ = {isa = PBXFileReference; lastKnownFileType = sourcecode.swift; path = FavoriteChampCell.swift; sourceTree = "<group>"; };
		B42B296B280A728F003527A8 /* LOLFavorite.xcdatamodel */ = {isa = PBXFileReference; lastKnownFileType = wrapper.xcdatamodel; path = LOLFavorite.xcdatamodel; sourceTree = "<group>"; };
		B42B296D280A7347003527A8 /* User+CoreDataClass.swift */ = {isa = PBXFileReference; lastKnownFileType = sourcecode.swift; path = "User+CoreDataClass.swift"; sourceTree = "<group>"; };
		B42B296E280A7347003527A8 /* User+CoreDataProperties.swift */ = {isa = PBXFileReference; lastKnownFileType = sourcecode.swift; path = "User+CoreDataProperties.swift"; sourceTree = "<group>"; };
		B42B296F280A7347003527A8 /* Champion+CoreDataClass.swift */ = {isa = PBXFileReference; lastKnownFileType = sourcecode.swift; path = "Champion+CoreDataClass.swift"; sourceTree = "<group>"; };
		B42B2970280A7347003527A8 /* Champion+CoreDataProperties.swift */ = {isa = PBXFileReference; lastKnownFileType = sourcecode.swift; path = "Champion+CoreDataProperties.swift"; sourceTree = "<group>"; };
/* End PBXFileReference section */

/* Begin PBXFrameworksBuildPhase section */
		B42B293E280A69E6003527A8 /* Frameworks */ = {
			isa = PBXFrameworksBuildPhase;
			buildActionMask = 2147483647;
			files = (
			);
			runOnlyForDeploymentPostprocessing = 0;
		};
/* End PBXFrameworksBuildPhase section */

/* Begin PBXGroup section */
		B42B2938280A69E6003527A8 = {
			isa = PBXGroup;
			children = (
				B42B2943280A69E6003527A8 /* LOLFavorites */,
				B42B2942280A69E6003527A8 /* Products */,
			);
			sourceTree = "<group>";
		};
		B42B2942280A69E6003527A8 /* Products */ = {
			isa = PBXGroup;
			children = (
				B42B2941280A69E6003527A8 /* LOLFavorites.app */,
			);
			name = Products;
			sourceTree = "<group>";
		};
		B42B2943280A69E6003527A8 /* LOLFavorites */ = {
			isa = PBXGroup;
			children = (
				B42B2975280A734D003527A8 /* NSManagedObjects */,
				B42B2963280A724F003527A8 /* Controllers */,
				B42B2962280A7247003527A8 /* Cells */,
				B42B2944280A69E6003527A8 /* AppDelegate.swift */,
				B42B2946280A69E6003527A8 /* SceneDelegate.swift */,
				B42B294A280A69E6003527A8 /* Main.storyboard */,
				B42B294D280A69E7003527A8 /* Assets.xcassets */,
				B42B294F280A69E7003527A8 /* LaunchScreen.storyboard */,
				B42B2952280A69E7003527A8 /* Info.plist */,
				B42B2958280A6A11003527A8 /* CoreDataStack.swift */,
				B42B296A280A728F003527A8 /* LOLFavorite.xcdatamodeld */,
			);
			path = LOLFavorites;
			sourceTree = "<group>";
		};
		B42B2962280A7247003527A8 /* Cells */ = {
			isa = PBXGroup;
			children = (
				B42B295E280A7121003527A8 /* AllChampCell.swift */,
				B42B2960280A7127003527A8 /* FavoriteChampCell.swift */,
			);
			path = Cells;
			sourceTree = "<group>";
		};
		B42B2963280A724F003527A8 /* Controllers */ = {
			isa = PBXGroup;
			children = (
				B42B295A280A6B9D003527A8 /* AllChampionViewController.swift */,
				B42B295C280A6BA6003527A8 /* FavoriteChampionViewController.swift */,
			);
			path = Controllers;
			sourceTree = "<group>";
		};
		B42B2975280A734D003527A8 /* NSManagedObjects */ = {
			isa = PBXGroup;
			children = (
				B42B296D280A7347003527A8 /* User+CoreDataClass.swift */,
				B42B296E280A7347003527A8 /* User+CoreDataProperties.swift */,
				B42B296F280A7347003527A8 /* Champion+CoreDataClass.swift */,
				B42B2970280A7347003527A8 /* Champion+CoreDataProperties.swift */,
			);
			path = NSManagedObjects;
			sourceTree = "<group>";
		};
/* End PBXGroup section */

/* Begin PBXNativeTarget section */
		B42B2940280A69E6003527A8 /* LOLFavorites */ = {
			isa = PBXNativeTarget;
			buildConfigurationList = B42B2955280A69E7003527A8 /* Build configuration list for PBXNativeTarget "LOLFavorites" */;
			buildPhases = (
				B42B293D280A69E6003527A8 /* Sources */,
				B42B293E280A69E6003527A8 /* Frameworks */,
				B42B293F280A69E6003527A8 /* Resources */,
			);
			buildRules = (
			);
			dependencies = (
			);
			name = LOLFavorites;
			productName = LOLFavorites;
			productReference = B42B2941280A69E6003527A8 /* LOLFavorites.app */;
			productType = "com.apple.product-type.application";
		};
/* End PBXNativeTarget section */

/* Begin PBXProject section */
		B42B2939280A69E6003527A8 /* Project object */ = {
			isa = PBXProject;
			attributes = {
				BuildIndependentTargetsInParallel = 1;
				LastSwiftUpdateCheck = 1330;
				LastUpgradeCheck = 1330;
				TargetAttributes = {
					B42B2940280A69E6003527A8 = {
						CreatedOnToolsVersion = 13.3;
					};
				};
			};
			buildConfigurationList = B42B293C280A69E6003527A8 /* Build configuration list for PBXProject "LOLFavorites" */;
			compatibilityVersion = "Xcode 13.0";
			developmentRegion = en;
			hasScannedForEncodings = 0;
			knownRegions = (
				en,
				Base,
			);
			mainGroup = B42B2938280A69E6003527A8;
			productRefGroup = B42B2942280A69E6003527A8 /* Products */;
			projectDirPath = "";
			projectRoot = "";
			targets = (
				B42B2940280A69E6003527A8 /* LOLFavorites */,
			);
		};
/* End PBXProject section */

/* Begin PBXResourcesBuildPhase section */
		B42B293F280A69E6003527A8 /* Resources */ = {
			isa = PBXResourcesBuildPhase;
			buildActionMask = 2147483647;
			files = (
				B42B2951280A69E7003527A8 /* LaunchScreen.storyboard in Resources */,
				B42B294E280A69E7003527A8 /* Assets.xcassets in Resources */,
				B42B294C280A69E6003527A8 /* Main.storyboard in Resources */,
			);
			runOnlyForDeploymentPostprocessing = 0;
		};
/* End PBXResourcesBuildPhase section */

/* Begin PBXSourcesBuildPhase section */
		B42B293D280A69E6003527A8 /* Sources */ = {
			isa = PBXSourcesBuildPhase;
			buildActionMask = 2147483647;
			files = (
				B42B295D280A6BA6003527A8 /* FavoriteChampionViewController.swift in Sources */,
				B42B2945280A69E6003527A8 /* AppDelegate.swift in Sources */,
				B42B295B280A6B9D003527A8 /* AllChampionViewController.swift in Sources */,
				B42B2973280A7347003527A8 /* Champion+CoreDataClass.swift in Sources */,
				B42B295F280A7121003527A8 /* AllChampCell.swift in Sources */,
				B42B2947280A69E6003527A8 /* SceneDelegate.swift in Sources */,
				B42B2971280A7347003527A8 /* User+CoreDataClass.swift in Sources */,
				B42B2959280A6A11003527A8 /* CoreDataStack.swift in Sources */,
				B42B2961280A7127003527A8 /* FavoriteChampCell.swift in Sources */,
				B42B2972280A7347003527A8 /* User+CoreDataProperties.swift in Sources */,
				B42B2974280A7347003527A8 /* Champion+CoreDataProperties.swift in Sources */,
				B42B296C280A728F003527A8 /* LOLFavorite.xcdatamodeld in Sources */,
			);
			runOnlyForDeploymentPostprocessing = 0;
		};
/* End PBXSourcesBuildPhase section */

/* Begin PBXVariantGroup section */
		B42B294A280A69E6003527A8 /* Main.storyboard */ = {
			isa = PBXVariantGroup;
			children = (
				B42B294B280A69E6003527A8 /* Base */,
			);
			name = Main.storyboard;
			sourceTree = "<group>";
		};
		B42B294F280A69E7003527A8 /* LaunchScreen.storyboard */ = {
			isa = PBXVariantGroup;
			children = (
				B42B2950280A69E7003527A8 /* Base */,
			);
			name = LaunchScreen.storyboard;
			sourceTree = "<group>";
		};
/* End PBXVariantGroup section */

/* Begin XCBuildConfiguration section */
		B42B2953280A69E7003527A8 /* Debug */ = {
			isa = XCBuildConfiguration;
			buildSettings = {
				ALWAYS_SEARCH_USER_PATHS = NO;
				CLANG_ANALYZER_NONNULL = YES;
				CLANG_ANALYZER_NUMBER_OBJECT_CONVERSION = YES_AGGRESSIVE;
				CLANG_CXX_LANGUAGE_STANDARD = "gnu++17";
				CLANG_ENABLE_MODULES = YES;
				CLANG_ENABLE_OBJC_ARC = YES;
				CLANG_ENABLE_OBJC_WEAK = YES;
				CLANG_WARN_BLOCK_CAPTURE_AUTORELEASING = YES;
				CLANG_WARN_BOOL_CONVERSION = YES;
				CLANG_WARN_COMMA = YES;
				CLANG_WARN_CONSTANT_CONVERSION = YES;
				CLANG_WARN_DEPRECATED_OBJC_IMPLEMENTATIONS = YES;
				CLANG_WARN_DIRECT_OBJC_ISA_USAGE = YES_ERROR;
				CLANG_WARN_DOCUMENTATION_COMMENTS = YES;
				CLANG_WARN_EMPTY_BODY = YES;
				CLANG_WARN_ENUM_CONVERSION = YES;
				CLANG_WARN_INFINITE_RECURSION = YES;
				CLANG_WARN_INT_CONVERSION = YES;
				CLANG_WARN_NON_LITERAL_NULL_CONVERSION = YES;
				CLANG_WARN_OBJC_IMPLICIT_RETAIN_SELF = YES;
				CLANG_WARN_OBJC_LITERAL_CONVERSION = YES;
				CLANG_WARN_OBJC_ROOT_CLASS = YES_ERROR;
				CLANG_WARN_QUOTED_INCLUDE_IN_FRAMEWORK_HEADER = YES;
				CLANG_WARN_RANGE_LOOP_ANALYSIS = YES;
				CLANG_WARN_STRICT_PROTOTYPES = YES;
				CLANG_WARN_SUSPICIOUS_MOVE = YES;
				CLANG_WARN_UNGUARDED_AVAILABILITY = YES_AGGRESSIVE;
				CLANG_WARN_UNREACHABLE_CODE = YES;
				CLANG_WARN__DUPLICATE_METHOD_MATCH = YES;
				COPY_PHASE_STRIP = NO;
				DEBUG_INFORMATION_FORMAT = dwarf;
				ENABLE_STRICT_OBJC_MSGSEND = YES;
				ENABLE_TESTABILITY = YES;
				GCC_C_LANGUAGE_STANDARD = gnu11;
				GCC_DYNAMIC_NO_PIC = NO;
				GCC_NO_COMMON_BLOCKS = YES;
				GCC_OPTIMIZATION_LEVEL = 0;
				GCC_PREPROCESSOR_DEFINITIONS = (
					"DEBUG=1",
					"$(inherited)",
				);
				GCC_WARN_64_TO_32_BIT_CONVERSION = YES;
				GCC_WARN_ABOUT_RETURN_TYPE = YES_ERROR;
				GCC_WARN_UNDECLARED_SELECTOR = YES;
				GCC_WARN_UNINITIALIZED_AUTOS = YES_AGGRESSIVE;
				GCC_WARN_UNUSED_FUNCTION = YES;
				GCC_WARN_UNUSED_VARIABLE = YES;
				IPHONEOS_DEPLOYMENT_TARGET = 15.4;
				MTL_ENABLE_DEBUG_INFO = INCLUDE_SOURCE;
				MTL_FAST_MATH = YES;
				ONLY_ACTIVE_ARCH = YES;
				SDKROOT = iphoneos;
				SWIFT_ACTIVE_COMPILATION_CONDITIONS = DEBUG;
				SWIFT_OPTIMIZATION_LEVEL = "-Onone";
			};
			name = Debug;
		};
		B42B2954280A69E7003527A8 /* Release */ = {
			isa = XCBuildConfiguration;
			buildSettings = {
				ALWAYS_SEARCH_USER_PATHS = NO;
				CLANG_ANALYZER_NONNULL = YES;
				CLANG_ANALYZER_NUMBER_OBJECT_CONVERSION = YES_AGGRESSIVE;
				CLANG_CXX_LANGUAGE_STANDARD = "gnu++17";
				CLANG_ENABLE_MODULES = YES;
				CLANG_ENABLE_OBJC_ARC = YES;
				CLANG_ENABLE_OBJC_WEAK = YES;
				CLANG_WARN_BLOCK_CAPTURE_AUTORELEASING = YES;
				CLANG_WARN_BOOL_CONVERSION = YES;
				CLANG_WARN_COMMA = YES;
				CLANG_WARN_CONSTANT_CONVERSION = YES;
				CLANG_WARN_DEPRECATED_OBJC_IMPLEMENTATIONS = YES;
				CLANG_WARN_DIRECT_OBJC_ISA_USAGE = YES_ERROR;
				CLANG_WARN_DOCUMENTATION_COMMENTS = YES;
				CLANG_WARN_EMPTY_BODY = YES;
				CLANG_WARN_ENUM_CONVERSION = YES;
				CLANG_WARN_INFINITE_RECURSION = YES;
				CLANG_WARN_INT_CONVERSION = YES;
				CLANG_WARN_NON_LITERAL_NULL_CONVERSION = YES;
				CLANG_WARN_OBJC_IMPLICIT_RETAIN_SELF = YES;
				CLANG_WARN_OBJC_LITERAL_CONVERSION = YES;
				CLANG_WARN_OBJC_ROOT_CLASS = YES_ERROR;
				CLANG_WARN_QUOTED_INCLUDE_IN_FRAMEWORK_HEADER = YES;
				CLANG_WARN_RANGE_LOOP_ANALYSIS = YES;
				CLANG_WARN_STRICT_PROTOTYPES = YES;
				CLANG_WARN_SUSPICIOUS_MOVE = YES;
				CLANG_WARN_UNGUARDED_AVAILABILITY = YES_AGGRESSIVE;
				CLANG_WARN_UNREACHABLE_CODE = YES;
				CLANG_WARN__DUPLICATE_METHOD_MATCH = YES;
				COPY_PHASE_STRIP = NO;
				DEBUG_INFORMATION_FORMAT = "dwarf-with-dsym";
				ENABLE_NS_ASSERTIONS = NO;
				ENABLE_STRICT_OBJC_MSGSEND = YES;
				GCC_C_LANGUAGE_STANDARD = gnu11;
				GCC_NO_COMMON_BLOCKS = YES;
				GCC_WARN_64_TO_32_BIT_CONVERSION = YES;
				GCC_WARN_ABOUT_RETURN_TYPE = YES_ERROR;
				GCC_WARN_UNDECLARED_SELECTOR = YES;
				GCC_WARN_UNINITIALIZED_AUTOS = YES_AGGRESSIVE;
				GCC_WARN_UNUSED_FUNCTION = YES;
				GCC_WARN_UNUSED_VARIABLE = YES;
				IPHONEOS_DEPLOYMENT_TARGET = 15.4;
				MTL_ENABLE_DEBUG_INFO = NO;
				MTL_FAST_MATH = YES;
				SDKROOT = iphoneos;
				SWIFT_COMPILATION_MODE = wholemodule;
				SWIFT_OPTIMIZATION_LEVEL = "-O";
				VALIDATE_PRODUCT = YES;
			};
			name = Release;
		};
		B42B2956280A69E7003527A8 /* Debug */ = {
			isa = XCBuildConfiguration;
			buildSettings = {
				ASSETCATALOG_COMPILER_APPICON_NAME = AppIcon;
				ASSETCATALOG_COMPILER_GLOBAL_ACCENT_COLOR_NAME = AccentColor;
				CODE_SIGN_STYLE = Automatic;
				CURRENT_PROJECT_VERSION = 1;
				DEVELOPMENT_TEAM = SK9D9HK9A2;
				GENERATE_INFOPLIST_FILE = YES;
				INFOPLIST_FILE = LOLFavorites/Info.plist;
				INFOPLIST_KEY_UIApplicationSupportsIndirectInputEvents = YES;
				INFOPLIST_KEY_UILaunchStoryboardName = LaunchScreen;
				INFOPLIST_KEY_UIMainStoryboardFile = Main;
				INFOPLIST_KEY_UISupportedInterfaceOrientations_iPad = "UIInterfaceOrientationPortrait UIInterfaceOrientationPortraitUpsideDown UIInterfaceOrientationLandscapeLeft UIInterfaceOrientationLandscapeRight";
				INFOPLIST_KEY_UISupportedInterfaceOrientations_iPhone = "UIInterfaceOrientationPortrait UIInterfaceOrientationLandscapeLeft UIInterfaceOrientationLandscapeRight";
				LD_RUNPATH_SEARCH_PATHS = (
					"$(inherited)",
					"@executable_path/Frameworks",
				);
				MARKETING_VERSION = 1.0;
				PRODUCT_BUNDLE_IDENTIFIER = com.howift.LOLFavorites;
				PRODUCT_NAME = "$(TARGET_NAME)";
				SWIFT_EMIT_LOC_STRINGS = YES;
				SWIFT_VERSION = 5.0;
				TARGETED_DEVICE_FAMILY = 1;
			};
			name = Debug;
		};
		B42B2957280A69E7003527A8 /* Release */ = {
			isa = XCBuildConfiguration;
			buildSettings = {
				ASSETCATALOG_COMPILER_APPICON_NAME = AppIcon;
				ASSETCATALOG_COMPILER_GLOBAL_ACCENT_COLOR_NAME = AccentColor;
				CODE_SIGN_STYLE = Automatic;
				CURRENT_PROJECT_VERSION = 1;
				DEVELOPMENT_TEAM = SK9D9HK9A2;
				GENERATE_INFOPLIST_FILE = YES;
				INFOPLIST_FILE = LOLFavorites/Info.plist;
				INFOPLIST_KEY_UIApplicationSupportsIndirectInputEvents = YES;
				INFOPLIST_KEY_UILaunchStoryboardName = LaunchScreen;
				INFOPLIST_KEY_UIMainStoryboardFile = Main;
				INFOPLIST_KEY_UISupportedInterfaceOrientations_iPad = "UIInterfaceOrientationPortrait UIInterfaceOrientationPortraitUpsideDown UIInterfaceOrientationLandscapeLeft UIInterfaceOrientationLandscapeRight";
				INFOPLIST_KEY_UISupportedInterfaceOrientations_iPhone = "UIInterfaceOrientationPortrait UIInterfaceOrientationLandscapeLeft UIInterfaceOrientationLandscapeRight";
				LD_RUNPATH_SEARCH_PATHS = (
					"$(inherited)",
					"@executable_path/Frameworks",
				);
				MARKETING_VERSION = 1.0;
				PRODUCT_BUNDLE_IDENTIFIER = com.howift.LOLFavorites;
				PRODUCT_NAME = "$(TARGET_NAME)";
				SWIFT_EMIT_LOC_STRINGS = YES;
				SWIFT_VERSION = 5.0;
				TARGETED_DEVICE_FAMILY = 1;
			};
			name = Release;
		};
/* End XCBuildConfiguration section */

/* Begin XCConfigurationList section */
		B42B293C280A69E6003527A8 /* Build configuration list for PBXProject "LOLFavorites" */ = {
			isa = XCConfigurationList;
			buildConfigurations = (
				B42B2953280A69E7003527A8 /* Debug */,
				B42B2954280A69E7003527A8 /* Release */,
			);
			defaultConfigurationIsVisible = 0;
			defaultConfigurationName = Release;
		};
		B42B2955280A69E7003527A8 /* Build configuration list for PBXNativeTarget "LOLFavorites" */ = {
			isa = XCConfigurationList;
			buildConfigurations = (
				B42B2956280A69E7003527A8 /* Debug */,
				B42B2957280A69E7003527A8 /* Release */,
			);
			defaultConfigurationIsVisible = 0;
			defaultConfigurationName = Release;
		};
/* End XCConfigurationList section */

/* Begin XCVersionGroup section */
		B42B296A280A728F003527A8 /* LOLFavorite.xcdatamodeld */ = {
			isa = XCVersionGroup;
			children = (
				B42B296B280A728F003527A8 /* LOLFavorite.xcdatamodel */,
			);
			currentVersion = B42B296B280A728F003527A8 /* LOLFavorite.xcdatamodel */;
			path = LOLFavorite.xcdatamodeld;
			sourceTree = "<group>";
			versionGroupType = wrapper.xcdatamodel;
		};
/* End XCVersionGroup section */
	};
	rootObject = B42B2939280A69E6003527A8 /* Project object */;
}
