// !$*UTF8*$!
{
	archiveVersion = 1;
	classes = {
	};
	objectVersion = 55;
	objects = {

/* Begin PBXBuildFile section */
		B41D3B4E287C518D00C877A3 /* AppDelegate.swift in Sources */ = {isa = PBXBuildFile; fileRef = B41D3B4D287C518D00C877A3 /* AppDelegate.swift */; };
		B41D3B50287C518D00C877A3 /* SceneDelegate.swift in Sources */ = {isa = PBXBuildFile; fileRef = B41D3B4F287C518D00C877A3 /* SceneDelegate.swift */; };
		B41D3B52287C518D00C877A3 /* ViewController.swift in Sources */ = {isa = PBXBuildFile; fileRef = B41D3B51287C518D00C877A3 /* ViewController.swift */; };
		B41D3B55287C518D00C877A3 /* Main.storyboard in Resources */ = {isa = PBXBuildFile; fileRef = B41D3B53287C518D00C877A3 /* Main.storyboard */; };
		B41D3B57287C518E00C877A3 /* Assets.xcassets in Resources */ = {isa = PBXBuildFile; fileRef = B41D3B56287C518E00C877A3 /* Assets.xcassets */; };
		B41D3B5A287C518E00C877A3 /* LaunchScreen.storyboard in Resources */ = {isa = PBXBuildFile; fileRef = B41D3B58287C518E00C877A3 /* LaunchScreen.storyboard */; };
		B41D3B63287C55BB00C877A3 /* Step.swift in Sources */ = {isa = PBXBuildFile; fileRef = B41D3B62287C55BB00C877A3 /* Step.swift */; };
		B4799004287C56E600D21EB3 /* RxCocoa in Frameworks */ = {isa = PBXBuildFile; productRef = B4799003287C56E600D21EB3 /* RxCocoa */; };
		B4799006287C56E600D21EB3 /* RxRelay in Frameworks */ = {isa = PBXBuildFile; productRef = B4799005287C56E600D21EB3 /* RxRelay */; };
		B4799008287C56E600D21EB3 /* RxSwift in Frameworks */ = {isa = PBXBuildFile; productRef = B4799007287C56E600D21EB3 /* RxSwift */; };
		B479900A287C579B00D21EB3 /* Stepper.swift in Sources */ = {isa = PBXBuildFile; fileRef = B4799009287C579B00D21EB3 /* Stepper.swift */; };
/* End PBXBuildFile section */

/* Begin PBXFileReference section */
		B41D3B4A287C518D00C877A3 /* RxFlowClone.app */ = {isa = PBXFileReference; explicitFileType = wrapper.application; includeInIndex = 0; path = RxFlowClone.app; sourceTree = BUILT_PRODUCTS_DIR; };
		B41D3B4D287C518D00C877A3 /* AppDelegate.swift */ = {isa = PBXFileReference; lastKnownFileType = sourcecode.swift; path = AppDelegate.swift; sourceTree = "<group>"; };
		B41D3B4F287C518D00C877A3 /* SceneDelegate.swift */ = {isa = PBXFileReference; lastKnownFileType = sourcecode.swift; path = SceneDelegate.swift; sourceTree = "<group>"; };
		B41D3B51287C518D00C877A3 /* ViewController.swift */ = {isa = PBXFileReference; lastKnownFileType = sourcecode.swift; path = ViewController.swift; sourceTree = "<group>"; };
		B41D3B54287C518D00C877A3 /* Base */ = {isa = PBXFileReference; lastKnownFileType = file.storyboard; name = Base; path = Base.lproj/Main.storyboard; sourceTree = "<group>"; };
		B41D3B56287C518E00C877A3 /* Assets.xcassets */ = {isa = PBXFileReference; lastKnownFileType = folder.assetcatalog; path = Assets.xcassets; sourceTree = "<group>"; };
		B41D3B59287C518E00C877A3 /* Base */ = {isa = PBXFileReference; lastKnownFileType = file.storyboard; name = Base; path = Base.lproj/LaunchScreen.storyboard; sourceTree = "<group>"; };
		B41D3B5B287C518E00C877A3 /* Info.plist */ = {isa = PBXFileReference; lastKnownFileType = text.plist.xml; path = Info.plist; sourceTree = "<group>"; };
		B41D3B62287C55BB00C877A3 /* Step.swift */ = {isa = PBXFileReference; lastKnownFileType = sourcecode.swift; path = Step.swift; sourceTree = "<group>"; };
		B4799009287C579B00D21EB3 /* Stepper.swift */ = {isa = PBXFileReference; lastKnownFileType = sourcecode.swift; path = Stepper.swift; sourceTree = "<group>"; };
/* End PBXFileReference section */

/* Begin PBXFrameworksBuildPhase section */
		B41D3B47287C518D00C877A3 /* Frameworks */ = {
			isa = PBXFrameworksBuildPhase;
			buildActionMask = 2147483647;
			files = (
				B4799008287C56E600D21EB3 /* RxSwift in Frameworks */,
				B4799006287C56E600D21EB3 /* RxRelay in Frameworks */,
				B4799004287C56E600D21EB3 /* RxCocoa in Frameworks */,
			);
			runOnlyForDeploymentPostprocessing = 0;
		};
/* End PBXFrameworksBuildPhase section */

/* Begin PBXGroup section */
		B41D3B41287C518D00C877A3 = {
			isa = PBXGroup;
			children = (
				B41D3B4C287C518D00C877A3 /* RxFlowClone */,
				B41D3B4B287C518D00C877A3 /* Products */,
			);
			sourceTree = "<group>";
		};
		B41D3B4B287C518D00C877A3 /* Products */ = {
			isa = PBXGroup;
			children = (
				B41D3B4A287C518D00C877A3 /* RxFlowClone.app */,
			);
			name = Products;
			sourceTree = "<group>";
		};
		B41D3B4C287C518D00C877A3 /* RxFlowClone */ = {
			isa = PBXGroup;
			children = (
				B41D3B61287C55AE00C877A3 /* Flow */,
				B41D3B4D287C518D00C877A3 /* AppDelegate.swift */,
				B41D3B4F287C518D00C877A3 /* SceneDelegate.swift */,
				B41D3B51287C518D00C877A3 /* ViewController.swift */,
				B41D3B53287C518D00C877A3 /* Main.storyboard */,
				B41D3B56287C518E00C877A3 /* Assets.xcassets */,
				B41D3B58287C518E00C877A3 /* LaunchScreen.storyboard */,
				B41D3B5B287C518E00C877A3 /* Info.plist */,
			);
			path = RxFlowClone;
			sourceTree = "<group>";
		};
		B41D3B61287C55AE00C877A3 /* Flow */ = {
			isa = PBXGroup;
			children = (
				B41D3B62287C55BB00C877A3 /* Step.swift */,
				B4799009287C579B00D21EB3 /* Stepper.swift */,
			);
			path = Flow;
			sourceTree = "<group>";
		};
/* End PBXGroup section */

/* Begin PBXNativeTarget section */
		B41D3B49287C518D00C877A3 /* RxFlowClone */ = {
			isa = PBXNativeTarget;
			buildConfigurationList = B41D3B5E287C518E00C877A3 /* Build configuration list for PBXNativeTarget "RxFlowClone" */;
			buildPhases = (
				B41D3B46287C518D00C877A3 /* Sources */,
				B41D3B47287C518D00C877A3 /* Frameworks */,
				B41D3B48287C518D00C877A3 /* Resources */,
			);
			buildRules = (
			);
			dependencies = (
			);
			name = RxFlowClone;
			packageProductDependencies = (
				B4799003287C56E600D21EB3 /* RxCocoa */,
				B4799005287C56E600D21EB3 /* RxRelay */,
				B4799007287C56E600D21EB3 /* RxSwift */,
			);
			productName = RxFlowClone;
			productReference = B41D3B4A287C518D00C877A3 /* RxFlowClone.app */;
			productType = "com.apple.product-type.application";
		};
/* End PBXNativeTarget section */

/* Begin PBXProject section */
		B41D3B42287C518D00C877A3 /* Project object */ = {
			isa = PBXProject;
			attributes = {
				BuildIndependentTargetsInParallel = 1;
				LastSwiftUpdateCheck = 1340;
				LastUpgradeCheck = 1340;
				TargetAttributes = {
					B41D3B49287C518D00C877A3 = {
						CreatedOnToolsVersion = 13.4.1;
					};
				};
			};
			buildConfigurationList = B41D3B45287C518D00C877A3 /* Build configuration list for PBXProject "RxFlowClone" */;
			compatibilityVersion = "Xcode 13.0";
			developmentRegion = en;
			hasScannedForEncodings = 0;
			knownRegions = (
				en,
				Base,
			);
			mainGroup = B41D3B41287C518D00C877A3;
			packageReferences = (
				B4799002287C56E600D21EB3 /* XCRemoteSwiftPackageReference "RxSwift" */,
			);
			productRefGroup = B41D3B4B287C518D00C877A3 /* Products */;
			projectDirPath = "";
			projectRoot = "";
			targets = (
				B41D3B49287C518D00C877A3 /* RxFlowClone */,
			);
		};
/* End PBXProject section */

/* Begin PBXResourcesBuildPhase section */
		B41D3B48287C518D00C877A3 /* Resources */ = {
			isa = PBXResourcesBuildPhase;
			buildActionMask = 2147483647;
			files = (
				B41D3B5A287C518E00C877A3 /* LaunchScreen.storyboard in Resources */,
				B41D3B57287C518E00C877A3 /* Assets.xcassets in Resources */,
				B41D3B55287C518D00C877A3 /* Main.storyboard in Resources */,
			);
			runOnlyForDeploymentPostprocessing = 0;
		};
/* End PBXResourcesBuildPhase section */

/* Begin PBXSourcesBuildPhase section */
		B41D3B46287C518D00C877A3 /* Sources */ = {
			isa = PBXSourcesBuildPhase;
			buildActionMask = 2147483647;
			files = (
				B41D3B52287C518D00C877A3 /* ViewController.swift in Sources */,
				B41D3B63287C55BB00C877A3 /* Step.swift in Sources */,
				B479900A287C579B00D21EB3 /* Stepper.swift in Sources */,
				B41D3B4E287C518D00C877A3 /* AppDelegate.swift in Sources */,
				B41D3B50287C518D00C877A3 /* SceneDelegate.swift in Sources */,
			);
			runOnlyForDeploymentPostprocessing = 0;
		};
/* End PBXSourcesBuildPhase section */

/* Begin PBXVariantGroup section */
		B41D3B53287C518D00C877A3 /* Main.storyboard */ = {
			isa = PBXVariantGroup;
			children = (
				B41D3B54287C518D00C877A3 /* Base */,
			);
			name = Main.storyboard;
			sourceTree = "<group>";
		};
		B41D3B58287C518E00C877A3 /* LaunchScreen.storyboard */ = {
			isa = PBXVariantGroup;
			children = (
				B41D3B59287C518E00C877A3 /* Base */,
			);
			name = LaunchScreen.storyboard;
			sourceTree = "<group>";
		};
/* End PBXVariantGroup section */

/* Begin XCBuildConfiguration section */
		B41D3B5C287C518E00C877A3 /* Debug */ = {
			isa = XCBuildConfiguration;
			buildSettings = {
				ALWAYS_SEARCH_USER_PATHS = NO;
				CLANG_ANALYZER_NONNULL = YES;
				CLANG_ANALYZER_NUMBER_OBJECT_CONVERSION = YES_AGGRESSIVE;
				CLANG_CXX_LANGUAGE_STANDARD = "gnu++17";
				CLANG_ENABLE_MODULES = YES;
				CLANG_ENABLE_OBJC_ARC = YES;
				CLANG_ENABLE_OBJC_WEAK = YES;
				CLANG_WARN_BLOCK_CAPTURE_AUTORELEASING = YES;
				CLANG_WARN_BOOL_CONVERSION = YES;
				CLANG_WARN_COMMA = YES;
				CLANG_WARN_CONSTANT_CONVERSION = YES;
				CLANG_WARN_DEPRECATED_OBJC_IMPLEMENTATIONS = YES;
				CLANG_WARN_DIRECT_OBJC_ISA_USAGE = YES_ERROR;
				CLANG_WARN_DOCUMENTATION_COMMENTS = YES;
				CLANG_WARN_EMPTY_BODY = YES;
				CLANG_WARN_ENUM_CONVERSION = YES;
				CLANG_WARN_INFINITE_RECURSION = YES;
				CLANG_WARN_INT_CONVERSION = YES;
				CLANG_WARN_NON_LITERAL_NULL_CONVERSION = YES;
				CLANG_WARN_OBJC_IMPLICIT_RETAIN_SELF = YES;
				CLANG_WARN_OBJC_LITERAL_CONVERSION = YES;
				CLANG_WARN_OBJC_ROOT_CLASS = YES_ERROR;
				CLANG_WARN_QUOTED_INCLUDE_IN_FRAMEWORK_HEADER = YES;
				CLANG_WARN_RANGE_LOOP_ANALYSIS = YES;
				CLANG_WARN_STRICT_PROTOTYPES = YES;
				CLANG_WARN_SUSPICIOUS_MOVE = YES;
				CLANG_WARN_UNGUARDED_AVAILABILITY = YES_AGGRESSIVE;
				CLANG_WARN_UNREACHABLE_CODE = YES;
				CLANG_WARN__DUPLICATE_METHOD_MATCH = YES;
				COPY_PHASE_STRIP = NO;
				DEBUG_INFORMATION_FORMAT = dwarf;
				ENABLE_STRICT_OBJC_MSGSEND = YES;
				ENABLE_TESTABILITY = YES;
				GCC_C_LANGUAGE_STANDARD = gnu11;
				GCC_DYNAMIC_NO_PIC = NO;
				GCC_NO_COMMON_BLOCKS = YES;
				GCC_OPTIMIZATION_LEVEL = 0;
				GCC_PREPROCESSOR_DEFINITIONS = (
					"DEBUG=1",
					"$(inherited)",
				);
				GCC_WARN_64_TO_32_BIT_CONVERSION = YES;
				GCC_WARN_ABOUT_RETURN_TYPE = YES_ERROR;
				GCC_WARN_UNDECLARED_SELECTOR = YES;
				GCC_WARN_UNINITIALIZED_AUTOS = YES_AGGRESSIVE;
				GCC_WARN_UNUSED_FUNCTION = YES;
				GCC_WARN_UNUSED_VARIABLE = YES;
				IPHONEOS_DEPLOYMENT_TARGET = 15.5;
				MTL_ENABLE_DEBUG_INFO = INCLUDE_SOURCE;
				MTL_FAST_MATH = YES;
				ONLY_ACTIVE_ARCH = YES;
				SDKROOT = iphoneos;
				SWIFT_ACTIVE_COMPILATION_CONDITIONS = DEBUG;
				SWIFT_OPTIMIZATION_LEVEL = "-Onone";
			};
			name = Debug;
		};
		B41D3B5D287C518E00C877A3 /* Release */ = {
			isa = XCBuildConfiguration;
			buildSettings = {
				ALWAYS_SEARCH_USER_PATHS = NO;
				CLANG_ANALYZER_NONNULL = YES;
				CLANG_ANALYZER_NUMBER_OBJECT_CONVERSION = YES_AGGRESSIVE;
				CLANG_CXX_LANGUAGE_STANDARD = "gnu++17";
				CLANG_ENABLE_MODULES = YES;
				CLANG_ENABLE_OBJC_ARC = YES;
				CLANG_ENABLE_OBJC_WEAK = YES;
				CLANG_WARN_BLOCK_CAPTURE_AUTORELEASING = YES;
				CLANG_WARN_BOOL_CONVERSION = YES;
				CLANG_WARN_COMMA = YES;
				CLANG_WARN_CONSTANT_CONVERSION = YES;
				CLANG_WARN_DEPRECATED_OBJC_IMPLEMENTATIONS = YES;
				CLANG_WARN_DIRECT_OBJC_ISA_USAGE = YES_ERROR;
				CLANG_WARN_DOCUMENTATION_COMMENTS = YES;
				CLANG_WARN_EMPTY_BODY = YES;
				CLANG_WARN_ENUM_CONVERSION = YES;
				CLANG_WARN_INFINITE_RECURSION = YES;
				CLANG_WARN_INT_CONVERSION = YES;
				CLANG_WARN_NON_LITERAL_NULL_CONVERSION = YES;
				CLANG_WARN_OBJC_IMPLICIT_RETAIN_SELF = YES;
				CLANG_WARN_OBJC_LITERAL_CONVERSION = YES;
				CLANG_WARN_OBJC_ROOT_CLASS = YES_ERROR;
				CLANG_WARN_QUOTED_INCLUDE_IN_FRAMEWORK_HEADER = YES;
				CLANG_WARN_RANGE_LOOP_ANALYSIS = YES;
				CLANG_WARN_STRICT_PROTOTYPES = YES;
				CLANG_WARN_SUSPICIOUS_MOVE = YES;
				CLANG_WARN_UNGUARDED_AVAILABILITY = YES_AGGRESSIVE;
				CLANG_WARN_UNREACHABLE_CODE = YES;
				CLANG_WARN__DUPLICATE_METHOD_MATCH = YES;
				COPY_PHASE_STRIP = NO;
				DEBUG_INFORMATION_FORMAT = "dwarf-with-dsym";
				ENABLE_NS_ASSERTIONS = NO;
				ENABLE_STRICT_OBJC_MSGSEND = YES;
				GCC_C_LANGUAGE_STANDARD = gnu11;
				GCC_NO_COMMON_BLOCKS = YES;
				GCC_WARN_64_TO_32_BIT_CONVERSION = YES;
				GCC_WARN_ABOUT_RETURN_TYPE = YES_ERROR;
				GCC_WARN_UNDECLARED_SELECTOR = YES;
				GCC_WARN_UNINITIALIZED_AUTOS = YES_AGGRESSIVE;
				GCC_WARN_UNUSED_FUNCTION = YES;
				GCC_WARN_UNUSED_VARIABLE = YES;
				IPHONEOS_DEPLOYMENT_TARGET = 15.5;
				MTL_ENABLE_DEBUG_INFO = NO;
				MTL_FAST_MATH = YES;
				SDKROOT = iphoneos;
				SWIFT_COMPILATION_MODE = wholemodule;
				SWIFT_OPTIMIZATION_LEVEL = "-O";
				VALIDATE_PRODUCT = YES;
			};
			name = Release;
		};
		B41D3B5F287C518E00C877A3 /* Debug */ = {
			isa = XCBuildConfiguration;
			buildSettings = {
				ASSETCATALOG_COMPILER_APPICON_NAME = AppIcon;
				ASSETCATALOG_COMPILER_GLOBAL_ACCENT_COLOR_NAME = AccentColor;
				CODE_SIGN_STYLE = Automatic;
				CURRENT_PROJECT_VERSION = 1;
				DEVELOPMENT_TEAM = SK9D9HK9A2;
				GENERATE_INFOPLIST_FILE = YES;
				INFOPLIST_FILE = RxFlowClone/Info.plist;
				INFOPLIST_KEY_UIApplicationSupportsIndirectInputEvents = YES;
				INFOPLIST_KEY_UILaunchStoryboardName = LaunchScreen;
				INFOPLIST_KEY_UIMainStoryboardFile = Main;
				INFOPLIST_KEY_UISupportedInterfaceOrientations_iPad = "UIInterfaceOrientationPortrait UIInterfaceOrientationPortraitUpsideDown UIInterfaceOrientationLandscapeLeft UIInterfaceOrientationLandscapeRight";
				INFOPLIST_KEY_UISupportedInterfaceOrientations_iPhone = "UIInterfaceOrientationPortrait UIInterfaceOrientationLandscapeLeft UIInterfaceOrientationLandscapeRight";
				LD_RUNPATH_SEARCH_PATHS = (
					"$(inherited)",
					"@executable_path/Frameworks",
				);
				MARKETING_VERSION = 1.0;
				PRODUCT_BUNDLE_IDENTIFIER = com.howift.RxFlowClone;
				PRODUCT_NAME = "$(TARGET_NAME)";
				SWIFT_EMIT_LOC_STRINGS = YES;
				SWIFT_VERSION = 5.0;
				TARGETED_DEVICE_FAMILY = "1,2";
			};
			name = Debug;
		};
		B41D3B60287C518E00C877A3 /* Release */ = {
			isa = XCBuildConfiguration;
			buildSettings = {
				ASSETCATALOG_COMPILER_APPICON_NAME = AppIcon;
				ASSETCATALOG_COMPILER_GLOBAL_ACCENT_COLOR_NAME = AccentColor;
				CODE_SIGN_STYLE = Automatic;
				CURRENT_PROJECT_VERSION = 1;
				DEVELOPMENT_TEAM = SK9D9HK9A2;
				GENERATE_INFOPLIST_FILE = YES;
				INFOPLIST_FILE = RxFlowClone/Info.plist;
				INFOPLIST_KEY_UIApplicationSupportsIndirectInputEvents = YES;
				INFOPLIST_KEY_UILaunchStoryboardName = LaunchScreen;
				INFOPLIST_KEY_UIMainStoryboardFile = Main;
				INFOPLIST_KEY_UISupportedInterfaceOrientations_iPad = "UIInterfaceOrientationPortrait UIInterfaceOrientationPortraitUpsideDown UIInterfaceOrientationLandscapeLeft UIInterfaceOrientationLandscapeRight";
				INFOPLIST_KEY_UISupportedInterfaceOrientations_iPhone = "UIInterfaceOrientationPortrait UIInterfaceOrientationLandscapeLeft UIInterfaceOrientationLandscapeRight";
				LD_RUNPATH_SEARCH_PATHS = (
					"$(inherited)",
					"@executable_path/Frameworks",
				);
				MARKETING_VERSION = 1.0;
				PRODUCT_BUNDLE_IDENTIFIER = com.howift.RxFlowClone;
				PRODUCT_NAME = "$(TARGET_NAME)";
				SWIFT_EMIT_LOC_STRINGS = YES;
				SWIFT_VERSION = 5.0;
				TARGETED_DEVICE_FAMILY = "1,2";
			};
			name = Release;
		};
/* End XCBuildConfiguration section */

/* Begin XCConfigurationList section */
		B41D3B45287C518D00C877A3 /* Build configuration list for PBXProject "RxFlowClone" */ = {
			isa = XCConfigurationList;
			buildConfigurations = (
				B41D3B5C287C518E00C877A3 /* Debug */,
				B41D3B5D287C518E00C877A3 /* Release */,
			);
			defaultConfigurationIsVisible = 0;
			defaultConfigurationName = Release;
		};
		B41D3B5E287C518E00C877A3 /* Build configuration list for PBXNativeTarget "RxFlowClone" */ = {
			isa = XCConfigurationList;
			buildConfigurations = (
				B41D3B5F287C518E00C877A3 /* Debug */,
				B41D3B60287C518E00C877A3 /* Release */,
			);
			defaultConfigurationIsVisible = 0;
			defaultConfigurationName = Release;
		};
/* End XCConfigurationList section */

/* Begin XCRemoteSwiftPackageReference section */
		B4799002287C56E600D21EB3 /* XCRemoteSwiftPackageReference "RxSwift" */ = {
			isa = XCRemoteSwiftPackageReference;
			repositoryURL = "https://github.com/ReactiveX/RxSwift.git";
			requirement = {
				kind = upToNextMajorVersion;
				minimumVersion = 6.0.0;
			};
		};
/* End XCRemoteSwiftPackageReference section */

/* Begin XCSwiftPackageProductDependency section */
		B4799003287C56E600D21EB3 /* RxCocoa */ = {
			isa = XCSwiftPackageProductDependency;
			package = B4799002287C56E600D21EB3 /* XCRemoteSwiftPackageReference "RxSwift" */;
			productName = RxCocoa;
		};
		B4799005287C56E600D21EB3 /* RxRelay */ = {
			isa = XCSwiftPackageProductDependency;
			package = B4799002287C56E600D21EB3 /* XCRemoteSwiftPackageReference "RxSwift" */;
			productName = RxRelay;
		};
		B4799007287C56E600D21EB3 /* RxSwift */ = {
			isa = XCSwiftPackageProductDependency;
			package = B4799002287C56E600D21EB3 /* XCRemoteSwiftPackageReference "RxSwift" */;
			productName = RxSwift;
		};
/* End XCSwiftPackageProductDependency section */
	};
	rootObject = B41D3B42287C518D00C877A3 /* Project object */;
}
