// !$*UTF8*$!
{
	archiveVersion = 1;
	classes = {
	};
	objectVersion = 56;
	objects = {

/* Begin PBXBuildFile section */
		B4829DD52982CA880088398C /* AppDelegate.swift in Sources */ = {isa = PBXBuildFile; fileRef = B4829DD42982CA880088398C /* AppDelegate.swift */; };
		B4829DD72982CA880088398C /* SceneDelegate.swift in Sources */ = {isa = PBXBuildFile; fileRef = B4829DD62982CA880088398C /* SceneDelegate.swift */; };
		B4829DD92982CA880088398C /* ViewController.swift in Sources */ = {isa = PBXBuildFile; fileRef = B4829DD82982CA880088398C /* ViewController.swift */; };
		B4829DDE2982CA880088398C /* Assets.xcassets in Resources */ = {isa = PBXBuildFile; fileRef = B4829DDD2982CA880088398C /* Assets.xcassets */; };
		B4829DE12982CA880088398C /* LaunchScreen.storyboard in Resources */ = {isa = PBXBuildFile; fileRef = B4829DDF2982CA880088398C /* LaunchScreen.storyboard */; };
		B4829DEA2982CB290088398C /* APIConstants.swift in Sources */ = {isa = PBXBuildFile; fileRef = B4829DE92982CB280088398C /* APIConstants.swift */; };
		B4829DEC2982CB370088398C /* Privacy.swift in Sources */ = {isa = PBXBuildFile; fileRef = B4829DEB2982CB370088398C /* Privacy.swift */; };
		B4829DEF2982CC790088398C /* Photo.swift in Sources */ = {isa = PBXBuildFile; fileRef = B4829DEE2982CC790088398C /* Photo.swift */; };
		B4829DF12982CDBE0088398C /* SRC.swift in Sources */ = {isa = PBXBuildFile; fileRef = B4829DF02982CDBE0088398C /* SRC.swift */; };
		B4829DF32982CE270088398C /* Photos.swift in Sources */ = {isa = PBXBuildFile; fileRef = B4829DF22982CE270088398C /* Photos.swift */; };
		B4829DF62982CEF20088398C /* PhotosUseCase.swift in Sources */ = {isa = PBXBuildFile; fileRef = B4829DF52982CEF20088398C /* PhotosUseCase.swift */; };
		B4829DFC2982CF530088398C /* ImageLoaderService.swift in Sources */ = {isa = PBXBuildFile; fileRef = B4829DFB2982CF530088398C /* ImageLoaderService.swift */; };
		B4829DFE2982CF770088398C /* ImageCache.swift in Sources */ = {isa = PBXBuildFile; fileRef = B4829DFD2982CF770088398C /* ImageCache.swift */; };
/* End PBXBuildFile section */

/* Begin PBXFileReference section */
		B4829DD12982CA880088398C /* CombineMVVM.app */ = {isa = PBXFileReference; explicitFileType = wrapper.application; includeInIndex = 0; path = CombineMVVM.app; sourceTree = BUILT_PRODUCTS_DIR; };
		B4829DD42982CA880088398C /* AppDelegate.swift */ = {isa = PBXFileReference; lastKnownFileType = sourcecode.swift; path = AppDelegate.swift; sourceTree = "<group>"; };
		B4829DD62982CA880088398C /* SceneDelegate.swift */ = {isa = PBXFileReference; lastKnownFileType = sourcecode.swift; path = SceneDelegate.swift; sourceTree = "<group>"; };
		B4829DD82982CA880088398C /* ViewController.swift */ = {isa = PBXFileReference; lastKnownFileType = sourcecode.swift; path = ViewController.swift; sourceTree = "<group>"; };
		B4829DDD2982CA880088398C /* Assets.xcassets */ = {isa = PBXFileReference; lastKnownFileType = folder.assetcatalog; path = Assets.xcassets; sourceTree = "<group>"; };
		B4829DE02982CA880088398C /* Base */ = {isa = PBXFileReference; lastKnownFileType = file.storyboard; name = Base; path = Base.lproj/LaunchScreen.storyboard; sourceTree = "<group>"; };
		B4829DE22982CA880088398C /* Info.plist */ = {isa = PBXFileReference; lastKnownFileType = text.plist.xml; path = Info.plist; sourceTree = "<group>"; };
		B4829DE92982CB280088398C /* APIConstants.swift */ = {isa = PBXFileReference; lastKnownFileType = sourcecode.swift; path = APIConstants.swift; sourceTree = "<group>"; };
		B4829DEB2982CB370088398C /* Privacy.swift */ = {isa = PBXFileReference; lastKnownFileType = sourcecode.swift; path = Privacy.swift; sourceTree = "<group>"; };
		B4829DEE2982CC790088398C /* Photo.swift */ = {isa = PBXFileReference; lastKnownFileType = sourcecode.swift; path = Photo.swift; sourceTree = "<group>"; };
		B4829DF02982CDBE0088398C /* SRC.swift */ = {isa = PBXFileReference; lastKnownFileType = sourcecode.swift; path = SRC.swift; sourceTree = "<group>"; };
		B4829DF22982CE270088398C /* Photos.swift */ = {isa = PBXFileReference; lastKnownFileType = sourcecode.swift; path = Photos.swift; sourceTree = "<group>"; };
		B4829DF52982CEF20088398C /* PhotosUseCase.swift */ = {isa = PBXFileReference; lastKnownFileType = sourcecode.swift; path = PhotosUseCase.swift; sourceTree = "<group>"; };
		B4829DFB2982CF530088398C /* ImageLoaderService.swift */ = {isa = PBXFileReference; lastKnownFileType = sourcecode.swift; path = ImageLoaderService.swift; sourceTree = "<group>"; };
		B4829DFD2982CF770088398C /* ImageCache.swift */ = {isa = PBXFileReference; lastKnownFileType = sourcecode.swift; path = ImageCache.swift; sourceTree = "<group>"; };
/* End PBXFileReference section */

/* Begin PBXFrameworksBuildPhase section */
		B4829DCE2982CA880088398C /* Frameworks */ = {
			isa = PBXFrameworksBuildPhase;
			buildActionMask = 2147483647;
			files = (
			);
			runOnlyForDeploymentPostprocessing = 0;
		};
/* End PBXFrameworksBuildPhase section */

/* Begin PBXGroup section */
		B4829DC82982CA880088398C = {
			isa = PBXGroup;
			children = (
				B4829DD32982CA880088398C /* CombineMVVM */,
				B4829DD22982CA880088398C /* Products */,
			);
			sourceTree = "<group>";
		};
		B4829DD22982CA880088398C /* Products */ = {
			isa = PBXGroup;
			children = (
				B4829DD12982CA880088398C /* CombineMVVM.app */,
			);
			name = Products;
			sourceTree = "<group>";
		};
		B4829DD32982CA880088398C /* CombineMVVM */ = {
			isa = PBXGroup;
			children = (
				B4829DF82982CF300088398C /* Data */,
				B4829DE82982CB210088398C /* Domain */,
				B4829DD42982CA880088398C /* AppDelegate.swift */,
				B4829DD62982CA880088398C /* SceneDelegate.swift */,
				B4829DD82982CA880088398C /* ViewController.swift */,
				B4829DDD2982CA880088398C /* Assets.xcassets */,
				B4829DDF2982CA880088398C /* LaunchScreen.storyboard */,
				B4829DE22982CA880088398C /* Info.plist */,
			);
			path = CombineMVVM;
			sourceTree = "<group>";
		};
		B4829DE82982CB210088398C /* Domain */ = {
			isa = PBXGroup;
			children = (
				B4829DF42982CEE60088398C /* UseCases */,
				B4829DED2982CC700088398C /* Entities */,
				B4829DE92982CB280088398C /* APIConstants.swift */,
				B4829DEB2982CB370088398C /* Privacy.swift */,
			);
			path = Domain;
			sourceTree = "<group>";
		};
		B4829DED2982CC700088398C /* Entities */ = {
			isa = PBXGroup;
			children = (
				B4829DEE2982CC790088398C /* Photo.swift */,
				B4829DF02982CDBE0088398C /* SRC.swift */,
				B4829DF22982CE270088398C /* Photos.swift */,
			);
			path = Entities;
			sourceTree = "<group>";
		};
		B4829DF42982CEE60088398C /* UseCases */ = {
			isa = PBXGroup;
			children = (
				B4829DF52982CEF20088398C /* PhotosUseCase.swift */,
			);
			path = UseCases;
			sourceTree = "<group>";
		};
		B4829DF72982CF2A0088398C /* Services */ = {
			isa = PBXGroup;
			children = (
				B4829DFA2982CF370088398C /* ImageLoader */,
				B4829DF92982CF350088398C /* Network */,
			);
			path = Services;
			sourceTree = "<group>";
		};
		B4829DF82982CF300088398C /* Data */ = {
			isa = PBXGroup;
			children = (
				B4829DF72982CF2A0088398C /* Services */,
			);
			path = Data;
			sourceTree = "<group>";
		};
		B4829DF92982CF350088398C /* Network */ = {
			isa = PBXGroup;
			children = (
			);
			path = Network;
			sourceTree = "<group>";
		};
		B4829DFA2982CF370088398C /* ImageLoader */ = {
			isa = PBXGroup;
			children = (
				B4829DFB2982CF530088398C /* ImageLoaderService.swift */,
				B4829DFD2982CF770088398C /* ImageCache.swift */,
			);
			path = ImageLoader;
			sourceTree = "<group>";
		};
/* End PBXGroup section */

/* Begin PBXNativeTarget section */
		B4829DD02982CA880088398C /* CombineMVVM */ = {
			isa = PBXNativeTarget;
			buildConfigurationList = B4829DE52982CA880088398C /* Build configuration list for PBXNativeTarget "CombineMVVM" */;
			buildPhases = (
				B4829DCD2982CA880088398C /* Sources */,
				B4829DCE2982CA880088398C /* Frameworks */,
				B4829DCF2982CA880088398C /* Resources */,
			);
			buildRules = (
			);
			dependencies = (
			);
			name = CombineMVVM;
			productName = CombineMVVM;
			productReference = B4829DD12982CA880088398C /* CombineMVVM.app */;
			productType = "com.apple.product-type.application";
		};
/* End PBXNativeTarget section */

/* Begin PBXProject section */
		B4829DC92982CA880088398C /* Project object */ = {
			isa = PBXProject;
			attributes = {
				BuildIndependentTargetsInParallel = 1;
				LastSwiftUpdateCheck = 1410;
				LastUpgradeCheck = 1410;
				TargetAttributes = {
					B4829DD02982CA880088398C = {
						CreatedOnToolsVersion = 14.1;
					};
				};
			};
			buildConfigurationList = B4829DCC2982CA880088398C /* Build configuration list for PBXProject "CombineMVVM" */;
			compatibilityVersion = "Xcode 14.0";
			developmentRegion = en;
			hasScannedForEncodings = 0;
			knownRegions = (
				en,
				Base,
			);
			mainGroup = B4829DC82982CA880088398C;
			productRefGroup = B4829DD22982CA880088398C /* Products */;
			projectDirPath = "";
			projectRoot = "";
			targets = (
				B4829DD02982CA880088398C /* CombineMVVM */,
			);
		};
/* End PBXProject section */

/* Begin PBXResourcesBuildPhase section */
		B4829DCF2982CA880088398C /* Resources */ = {
			isa = PBXResourcesBuildPhase;
			buildActionMask = 2147483647;
			files = (
				B4829DE12982CA880088398C /* LaunchScreen.storyboard in Resources */,
				B4829DDE2982CA880088398C /* Assets.xcassets in Resources */,
			);
			runOnlyForDeploymentPostprocessing = 0;
		};
/* End PBXResourcesBuildPhase section */

/* Begin PBXSourcesBuildPhase section */
		B4829DCD2982CA880088398C /* Sources */ = {
			isa = PBXSourcesBuildPhase;
			buildActionMask = 2147483647;
			files = (
				B4829DFE2982CF770088398C /* ImageCache.swift in Sources */,
				B4829DF62982CEF20088398C /* PhotosUseCase.swift in Sources */,
				B4829DEF2982CC790088398C /* Photo.swift in Sources */,
				B4829DEA2982CB290088398C /* APIConstants.swift in Sources */,
				B4829DEC2982CB370088398C /* Privacy.swift in Sources */,
				B4829DFC2982CF530088398C /* ImageLoaderService.swift in Sources */,
				B4829DD92982CA880088398C /* ViewController.swift in Sources */,
				B4829DD52982CA880088398C /* AppDelegate.swift in Sources */,
				B4829DD72982CA880088398C /* SceneDelegate.swift in Sources */,
				B4829DF12982CDBE0088398C /* SRC.swift in Sources */,
				B4829DF32982CE270088398C /* Photos.swift in Sources */,
			);
			runOnlyForDeploymentPostprocessing = 0;
		};
/* End PBXSourcesBuildPhase section */

/* Begin PBXVariantGroup section */
		B4829DDF2982CA880088398C /* LaunchScreen.storyboard */ = {
			isa = PBXVariantGroup;
			children = (
				B4829DE02982CA880088398C /* Base */,
			);
			name = LaunchScreen.storyboard;
			sourceTree = "<group>";
		};
/* End PBXVariantGroup section */

/* Begin XCBuildConfiguration section */
		B4829DE32982CA880088398C /* Debug */ = {
			isa = XCBuildConfiguration;
			buildSettings = {
				ALWAYS_SEARCH_USER_PATHS = NO;
				CLANG_ANALYZER_NONNULL = YES;
				CLANG_ANALYZER_NUMBER_OBJECT_CONVERSION = YES_AGGRESSIVE;
				CLANG_CXX_LANGUAGE_STANDARD = "gnu++20";
				CLANG_ENABLE_MODULES = YES;
				CLANG_ENABLE_OBJC_ARC = YES;
				CLANG_ENABLE_OBJC_WEAK = YES;
				CLANG_WARN_BLOCK_CAPTURE_AUTORELEASING = YES;
				CLANG_WARN_BOOL_CONVERSION = YES;
				CLANG_WARN_COMMA = YES;
				CLANG_WARN_CONSTANT_CONVERSION = YES;
				CLANG_WARN_DEPRECATED_OBJC_IMPLEMENTATIONS = YES;
				CLANG_WARN_DIRECT_OBJC_ISA_USAGE = YES_ERROR;
				CLANG_WARN_DOCUMENTATION_COMMENTS = YES;
				CLANG_WARN_EMPTY_BODY = YES;
				CLANG_WARN_ENUM_CONVERSION = YES;
				CLANG_WARN_INFINITE_RECURSION = YES;
				CLANG_WARN_INT_CONVERSION = YES;
				CLANG_WARN_NON_LITERAL_NULL_CONVERSION = YES;
				CLANG_WARN_OBJC_IMPLICIT_RETAIN_SELF = YES;
				CLANG_WARN_OBJC_LITERAL_CONVERSION = YES;
				CLANG_WARN_OBJC_ROOT_CLASS = YES_ERROR;
				CLANG_WARN_QUOTED_INCLUDE_IN_FRAMEWORK_HEADER = YES;
				CLANG_WARN_RANGE_LOOP_ANALYSIS = YES;
				CLANG_WARN_STRICT_PROTOTYPES = YES;
				CLANG_WARN_SUSPICIOUS_MOVE = YES;
				CLANG_WARN_UNGUARDED_AVAILABILITY = YES_AGGRESSIVE;
				CLANG_WARN_UNREACHABLE_CODE = YES;
				CLANG_WARN__DUPLICATE_METHOD_MATCH = YES;
				COPY_PHASE_STRIP = NO;
				DEBUG_INFORMATION_FORMAT = dwarf;
				ENABLE_STRICT_OBJC_MSGSEND = YES;
				ENABLE_TESTABILITY = YES;
				GCC_C_LANGUAGE_STANDARD = gnu11;
				GCC_DYNAMIC_NO_PIC = NO;
				GCC_NO_COMMON_BLOCKS = YES;
				GCC_OPTIMIZATION_LEVEL = 0;
				GCC_PREPROCESSOR_DEFINITIONS = (
					"DEBUG=1",
					"$(inherited)",
				);
				GCC_WARN_64_TO_32_BIT_CONVERSION = YES;
				GCC_WARN_ABOUT_RETURN_TYPE = YES_ERROR;
				GCC_WARN_UNDECLARED_SELECTOR = YES;
				GCC_WARN_UNINITIALIZED_AUTOS = YES_AGGRESSIVE;
				GCC_WARN_UNUSED_FUNCTION = YES;
				GCC_WARN_UNUSED_VARIABLE = YES;
				IPHONEOS_DEPLOYMENT_TARGET = 14.0;
				MTL_ENABLE_DEBUG_INFO = INCLUDE_SOURCE;
				MTL_FAST_MATH = YES;
				ONLY_ACTIVE_ARCH = YES;
				SDKROOT = iphoneos;
				SWIFT_ACTIVE_COMPILATION_CONDITIONS = DEBUG;
				SWIFT_OPTIMIZATION_LEVEL = "-Onone";
			};
			name = Debug;
		};
		B4829DE42982CA880088398C /* Release */ = {
			isa = XCBuildConfiguration;
			buildSettings = {
				ALWAYS_SEARCH_USER_PATHS = NO;
				CLANG_ANALYZER_NONNULL = YES;
				CLANG_ANALYZER_NUMBER_OBJECT_CONVERSION = YES_AGGRESSIVE;
				CLANG_CXX_LANGUAGE_STANDARD = "gnu++20";
				CLANG_ENABLE_MODULES = YES;
				CLANG_ENABLE_OBJC_ARC = YES;
				CLANG_ENABLE_OBJC_WEAK = YES;
				CLANG_WARN_BLOCK_CAPTURE_AUTORELEASING = YES;
				CLANG_WARN_BOOL_CONVERSION = YES;
				CLANG_WARN_COMMA = YES;
				CLANG_WARN_CONSTANT_CONVERSION = YES;
				CLANG_WARN_DEPRECATED_OBJC_IMPLEMENTATIONS = YES;
				CLANG_WARN_DIRECT_OBJC_ISA_USAGE = YES_ERROR;
				CLANG_WARN_DOCUMENTATION_COMMENTS = YES;
				CLANG_WARN_EMPTY_BODY = YES;
				CLANG_WARN_ENUM_CONVERSION = YES;
				CLANG_WARN_INFINITE_RECURSION = YES;
				CLANG_WARN_INT_CONVERSION = YES;
				CLANG_WARN_NON_LITERAL_NULL_CONVERSION = YES;
				CLANG_WARN_OBJC_IMPLICIT_RETAIN_SELF = YES;
				CLANG_WARN_OBJC_LITERAL_CONVERSION = YES;
				CLANG_WARN_OBJC_ROOT_CLASS = YES_ERROR;
				CLANG_WARN_QUOTED_INCLUDE_IN_FRAMEWORK_HEADER = YES;
				CLANG_WARN_RANGE_LOOP_ANALYSIS = YES;
				CLANG_WARN_STRICT_PROTOTYPES = YES;
				CLANG_WARN_SUSPICIOUS_MOVE = YES;
				CLANG_WARN_UNGUARDED_AVAILABILITY = YES_AGGRESSIVE;
				CLANG_WARN_UNREACHABLE_CODE = YES;
				CLANG_WARN__DUPLICATE_METHOD_MATCH = YES;
				COPY_PHASE_STRIP = NO;
				DEBUG_INFORMATION_FORMAT = "dwarf-with-dsym";
				ENABLE_NS_ASSERTIONS = NO;
				ENABLE_STRICT_OBJC_MSGSEND = YES;
				GCC_C_LANGUAGE_STANDARD = gnu11;
				GCC_NO_COMMON_BLOCKS = YES;
				GCC_WARN_64_TO_32_BIT_CONVERSION = YES;
				GCC_WARN_ABOUT_RETURN_TYPE = YES_ERROR;
				GCC_WARN_UNDECLARED_SELECTOR = YES;
				GCC_WARN_UNINITIALIZED_AUTOS = YES_AGGRESSIVE;
				GCC_WARN_UNUSED_FUNCTION = YES;
				GCC_WARN_UNUSED_VARIABLE = YES;
				IPHONEOS_DEPLOYMENT_TARGET = 14.0;
				MTL_ENABLE_DEBUG_INFO = NO;
				MTL_FAST_MATH = YES;
				SDKROOT = iphoneos;
				SWIFT_COMPILATION_MODE = wholemodule;
				SWIFT_OPTIMIZATION_LEVEL = "-O";
				VALIDATE_PRODUCT = YES;
			};
			name = Release;
		};
		B4829DE62982CA880088398C /* Debug */ = {
			isa = XCBuildConfiguration;
			buildSettings = {
				ASSETCATALOG_COMPILER_APPICON_NAME = AppIcon;
				ASSETCATALOG_COMPILER_GLOBAL_ACCENT_COLOR_NAME = AccentColor;
				CODE_SIGN_STYLE = Automatic;
				CURRENT_PROJECT_VERSION = 1;
				DEVELOPMENT_TEAM = SK9D9HK9A2;
				GENERATE_INFOPLIST_FILE = YES;
				INFOPLIST_FILE = CombineMVVM/Info.plist;
				INFOPLIST_KEY_UIApplicationSupportsIndirectInputEvents = YES;
				INFOPLIST_KEY_UILaunchStoryboardName = LaunchScreen;
				INFOPLIST_KEY_UISupportedInterfaceOrientations_iPad = "UIInterfaceOrientationPortrait UIInterfaceOrientationPortraitUpsideDown UIInterfaceOrientationLandscapeLeft UIInterfaceOrientationLandscapeRight";
				INFOPLIST_KEY_UISupportedInterfaceOrientations_iPhone = "UIInterfaceOrientationPortrait UIInterfaceOrientationLandscapeLeft UIInterfaceOrientationLandscapeRight";
				LD_RUNPATH_SEARCH_PATHS = (
					"$(inherited)",
					"@executable_path/Frameworks",
				);
				MARKETING_VERSION = 1.0;
				PRODUCT_BUNDLE_IDENTIFIER = com.howift.CombineMVVM;
				PRODUCT_NAME = "$(TARGET_NAME)";
				SWIFT_EMIT_LOC_STRINGS = YES;
				SWIFT_VERSION = 5.0;
				TARGETED_DEVICE_FAMILY = "1,2";
			};
			name = Debug;
		};
		B4829DE72982CA880088398C /* Release */ = {
			isa = XCBuildConfiguration;
			buildSettings = {
				ASSETCATALOG_COMPILER_APPICON_NAME = AppIcon;
				ASSETCATALOG_COMPILER_GLOBAL_ACCENT_COLOR_NAME = AccentColor;
				CODE_SIGN_STYLE = Automatic;
				CURRENT_PROJECT_VERSION = 1;
				DEVELOPMENT_TEAM = SK9D9HK9A2;
				GENERATE_INFOPLIST_FILE = YES;
				INFOPLIST_FILE = CombineMVVM/Info.plist;
				INFOPLIST_KEY_UIApplicationSupportsIndirectInputEvents = YES;
				INFOPLIST_KEY_UILaunchStoryboardName = LaunchScreen;
				INFOPLIST_KEY_UISupportedInterfaceOrientations_iPad = "UIInterfaceOrientationPortrait UIInterfaceOrientationPortraitUpsideDown UIInterfaceOrientationLandscapeLeft UIInterfaceOrientationLandscapeRight";
				INFOPLIST_KEY_UISupportedInterfaceOrientations_iPhone = "UIInterfaceOrientationPortrait UIInterfaceOrientationLandscapeLeft UIInterfaceOrientationLandscapeRight";
				LD_RUNPATH_SEARCH_PATHS = (
					"$(inherited)",
					"@executable_path/Frameworks",
				);
				MARKETING_VERSION = 1.0;
				PRODUCT_BUNDLE_IDENTIFIER = com.howift.CombineMVVM;
				PRODUCT_NAME = "$(TARGET_NAME)";
				SWIFT_EMIT_LOC_STRINGS = YES;
				SWIFT_VERSION = 5.0;
				TARGETED_DEVICE_FAMILY = "1,2";
			};
			name = Release;
		};
/* End XCBuildConfiguration section */

/* Begin XCConfigurationList section */
		B4829DCC2982CA880088398C /* Build configuration list for PBXProject "CombineMVVM" */ = {
			isa = XCConfigurationList;
			buildConfigurations = (
				B4829DE32982CA880088398C /* Debug */,
				B4829DE42982CA880088398C /* Release */,
			);
			defaultConfigurationIsVisible = 0;
			defaultConfigurationName = Release;
		};
		B4829DE52982CA880088398C /* Build configuration list for PBXNativeTarget "CombineMVVM" */ = {
			isa = XCConfigurationList;
			buildConfigurations = (
				B4829DE62982CA880088398C /* Debug */,
				B4829DE72982CA880088398C /* Release */,
			);
			defaultConfigurationIsVisible = 0;
			defaultConfigurationName = Release;
		};
/* End XCConfigurationList section */
	};
	rootObject = B4829DC92982CA880088398C /* Project object */;
}
