// !$*UTF8*$!
{
	archiveVersion = 1;
	classes = {
	};
	objectVersion = 55;
	objects = {

/* Begin PBXBuildFile section */
		9F6D7A7F0E354FE3D64DB3C6 /* Pods_CleanRxPractice.framework in Frameworks */ = {isa = PBXBuildFile; fileRef = 9A8023A59F757C10345E25E8 /* Pods_CleanRxPractice.framework */; };
		B467968227E0648B00A5C7E8 /* AppDelegate.swift in Sources */ = {isa = PBXBuildFile; fileRef = B467968127E0648B00A5C7E8 /* AppDelegate.swift */; };
		B467968B27E0648C00A5C7E8 /* Assets.xcassets in Resources */ = {isa = PBXBuildFile; fileRef = B467968A27E0648C00A5C7E8 /* Assets.xcassets */; };
		B467968E27E0648C00A5C7E8 /* LaunchScreen.storyboard in Resources */ = {isa = PBXBuildFile; fileRef = B467968C27E0648C00A5C7E8 /* LaunchScreen.storyboard */; };
		B467969B27E065B000A5C7E8 /* Follower.swift in Sources */ = {isa = PBXBuildFile; fileRef = B467969A27E065B000A5C7E8 /* Follower.swift */; };
		B467969E27E0662900A5C7E8 /* SearchFollowersUseCase.swift in Sources */ = {isa = PBXBuildFile; fileRef = B467969D27E0662900A5C7E8 /* SearchFollowersUseCase.swift */; };
		B46796A027E066DE00A5C7E8 /* SearchFollowersUseCaseProvider.swift in Sources */ = {isa = PBXBuildFile; fileRef = B467969F27E066DE00A5C7E8 /* SearchFollowersUseCaseProvider.swift */; };
		B46796A627E0692F00A5C7E8 /* Network.swift in Sources */ = {isa = PBXBuildFile; fileRef = B46796A527E0692F00A5C7E8 /* Network.swift */; };
		B46796A927E06E0300A5C7E8 /* FollowersNetwork.swift in Sources */ = {isa = PBXBuildFile; fileRef = B46796A827E06E0300A5C7E8 /* FollowersNetwork.swift */; };
		B46796AB27E06EEF00A5C7E8 /* NetworkProvider.swift in Sources */ = {isa = PBXBuildFile; fileRef = B46796AA27E06EEF00A5C7E8 /* NetworkProvider.swift */; };
		B46796AE27E06FFE00A5C7E8 /* NetworkSearchFollowersUseCase.swift in Sources */ = {isa = PBXBuildFile; fileRef = B46796AD27E06FFE00A5C7E8 /* NetworkSearchFollowersUseCase.swift */; };
		B46796B027E0721C00A5C7E8 /* NetworkSearchFollowersUseCaseProvider.swift in Sources */ = {isa = PBXBuildFile; fileRef = B46796AF27E0721C00A5C7E8 /* NetworkSearchFollowersUseCaseProvider.swift */; };
		B46796B527E075F300A5C7E8 /* ViewModelType.swift in Sources */ = {isa = PBXBuildFile; fileRef = B46796B427E075F300A5C7E8 /* ViewModelType.swift */; };
		B46796B727E0772800A5C7E8 /* SearchFollowersViewModel.swift in Sources */ = {isa = PBXBuildFile; fileRef = B46796B627E0772800A5C7E8 /* SearchFollowersViewModel.swift */; };
		B46796B927E0CEDF00A5C7E8 /* SearchFollowersViewController.swift in Sources */ = {isa = PBXBuildFile; fileRef = B46796B827E0CEDF00A5C7E8 /* SearchFollowersViewController.swift */; };
		B46796BD27E0D19D00A5C7E8 /* UIViewController+Rx.swift in Sources */ = {isa = PBXBuildFile; fileRef = B46796BC27E0D19D00A5C7E8 /* UIViewController+Rx.swift */; };
		B46F651627EAF5AF002AF286 /* AvatarNetwork.swift in Sources */ = {isa = PBXBuildFile; fileRef = B46F651527EAF5AF002AF286 /* AvatarNetwork.swift */; };
		B46F651827EAF672002AF286 /* DownloadAvatarUseCase.swift in Sources */ = {isa = PBXBuildFile; fileRef = B46F651727EAF672002AF286 /* DownloadAvatarUseCase.swift */; };
		B46F651A27EAF6AE002AF286 /* DownloadAvatarUseCaseProvider.swift in Sources */ = {isa = PBXBuildFile; fileRef = B46F651927EAF6AE002AF286 /* DownloadAvatarUseCaseProvider.swift */; };
		B46F651C27EAF6E8002AF286 /* NetworkDownloadAvatarUseCase.swift in Sources */ = {isa = PBXBuildFile; fileRef = B46F651B27EAF6E8002AF286 /* NetworkDownloadAvatarUseCase.swift */; };
		B46F651E27EAF73B002AF286 /* NetworkDownloadAvatarUseCaseProvider.swift in Sources */ = {isa = PBXBuildFile; fileRef = B46F651D27EAF73B002AF286 /* NetworkDownloadAvatarUseCaseProvider.swift */; };
		B4F7B4DB27E5BAA30056A4CC /* SearchFollowersCollectionViewCell.swift in Sources */ = {isa = PBXBuildFile; fileRef = B4F7B4DA27E5BAA30056A4CC /* SearchFollowersCollectionViewCell.swift */; };
/* End PBXBuildFile section */

/* Begin PBXFileReference section */
		49AE251BA1714CABFA3857C5 /* Pods-CleanRxPractice.release.xcconfig */ = {isa = PBXFileReference; includeInIndex = 1; lastKnownFileType = text.xcconfig; name = "Pods-CleanRxPractice.release.xcconfig"; path = "Target Support Files/Pods-CleanRxPractice/Pods-CleanRxPractice.release.xcconfig"; sourceTree = "<group>"; };
		9A8023A59F757C10345E25E8 /* Pods_CleanRxPractice.framework */ = {isa = PBXFileReference; explicitFileType = wrapper.framework; includeInIndex = 0; path = Pods_CleanRxPractice.framework; sourceTree = BUILT_PRODUCTS_DIR; };
		B288BC01858E460D91E414F2 /* Pods-CleanRxPractice.debug.xcconfig */ = {isa = PBXFileReference; includeInIndex = 1; lastKnownFileType = text.xcconfig; name = "Pods-CleanRxPractice.debug.xcconfig"; path = "Target Support Files/Pods-CleanRxPractice/Pods-CleanRxPractice.debug.xcconfig"; sourceTree = "<group>"; };
		B467967E27E0648B00A5C7E8 /* CleanRxPractice.app */ = {isa = PBXFileReference; explicitFileType = wrapper.application; includeInIndex = 0; path = CleanRxPractice.app; sourceTree = BUILT_PRODUCTS_DIR; };
		B467968127E0648B00A5C7E8 /* AppDelegate.swift */ = {isa = PBXFileReference; lastKnownFileType = sourcecode.swift; path = AppDelegate.swift; sourceTree = "<group>"; };
		B467968A27E0648C00A5C7E8 /* Assets.xcassets */ = {isa = PBXFileReference; lastKnownFileType = folder.assetcatalog; path = Assets.xcassets; sourceTree = "<group>"; };
		B467968D27E0648C00A5C7E8 /* Base */ = {isa = PBXFileReference; lastKnownFileType = file.storyboard; name = Base; path = Base.lproj/LaunchScreen.storyboard; sourceTree = "<group>"; };
		B467968F27E0648C00A5C7E8 /* Info.plist */ = {isa = PBXFileReference; lastKnownFileType = text.plist.xml; path = Info.plist; sourceTree = "<group>"; };
		B467969A27E065B000A5C7E8 /* Follower.swift */ = {isa = PBXFileReference; lastKnownFileType = sourcecode.swift; path = Follower.swift; sourceTree = "<group>"; };
		B467969D27E0662900A5C7E8 /* SearchFollowersUseCase.swift */ = {isa = PBXFileReference; lastKnownFileType = sourcecode.swift; path = SearchFollowersUseCase.swift; sourceTree = "<group>"; };
		B467969F27E066DE00A5C7E8 /* SearchFollowersUseCaseProvider.swift */ = {isa = PBXFileReference; lastKnownFileType = sourcecode.swift; path = SearchFollowersUseCaseProvider.swift; sourceTree = "<group>"; };
		B46796A527E0692F00A5C7E8 /* Network.swift */ = {isa = PBXFileReference; lastKnownFileType = sourcecode.swift; path = Network.swift; sourceTree = "<group>"; };
		B46796A827E06E0300A5C7E8 /* FollowersNetwork.swift */ = {isa = PBXFileReference; lastKnownFileType = sourcecode.swift; path = FollowersNetwork.swift; sourceTree = "<group>"; };
		B46796AA27E06EEF00A5C7E8 /* NetworkProvider.swift */ = {isa = PBXFileReference; lastKnownFileType = sourcecode.swift; path = NetworkProvider.swift; sourceTree = "<group>"; };
		B46796AD27E06FFE00A5C7E8 /* NetworkSearchFollowersUseCase.swift */ = {isa = PBXFileReference; lastKnownFileType = sourcecode.swift; path = NetworkSearchFollowersUseCase.swift; sourceTree = "<group>"; };
		B46796AF27E0721C00A5C7E8 /* NetworkSearchFollowersUseCaseProvider.swift */ = {isa = PBXFileReference; lastKnownFileType = sourcecode.swift; path = NetworkSearchFollowersUseCaseProvider.swift; sourceTree = "<group>"; };
		B46796B427E075F300A5C7E8 /* ViewModelType.swift */ = {isa = PBXFileReference; lastKnownFileType = sourcecode.swift; path = ViewModelType.swift; sourceTree = "<group>"; };
		B46796B627E0772800A5C7E8 /* SearchFollowersViewModel.swift */ = {isa = PBXFileReference; lastKnownFileType = sourcecode.swift; path = SearchFollowersViewModel.swift; sourceTree = "<group>"; };
		B46796B827E0CEDF00A5C7E8 /* SearchFollowersViewController.swift */ = {isa = PBXFileReference; lastKnownFileType = sourcecode.swift; path = SearchFollowersViewController.swift; sourceTree = "<group>"; };
		B46796BC27E0D19D00A5C7E8 /* UIViewController+Rx.swift */ = {isa = PBXFileReference; lastKnownFileType = sourcecode.swift; path = "UIViewController+Rx.swift"; sourceTree = "<group>"; };
		B46F651527EAF5AF002AF286 /* AvatarNetwork.swift */ = {isa = PBXFileReference; lastKnownFileType = sourcecode.swift; path = AvatarNetwork.swift; sourceTree = "<group>"; };
		B46F651727EAF672002AF286 /* DownloadAvatarUseCase.swift */ = {isa = PBXFileReference; lastKnownFileType = sourcecode.swift; path = DownloadAvatarUseCase.swift; sourceTree = "<group>"; };
		B46F651927EAF6AE002AF286 /* DownloadAvatarUseCaseProvider.swift */ = {isa = PBXFileReference; lastKnownFileType = sourcecode.swift; path = DownloadAvatarUseCaseProvider.swift; sourceTree = "<group>"; };
		B46F651B27EAF6E8002AF286 /* NetworkDownloadAvatarUseCase.swift */ = {isa = PBXFileReference; lastKnownFileType = sourcecode.swift; path = NetworkDownloadAvatarUseCase.swift; sourceTree = "<group>"; };
		B46F651D27EAF73B002AF286 /* NetworkDownloadAvatarUseCaseProvider.swift */ = {isa = PBXFileReference; lastKnownFileType = sourcecode.swift; path = NetworkDownloadAvatarUseCaseProvider.swift; sourceTree = "<group>"; };
		B4F7B4DA27E5BAA30056A4CC /* SearchFollowersCollectionViewCell.swift */ = {isa = PBXFileReference; lastKnownFileType = sourcecode.swift; path = SearchFollowersCollectionViewCell.swift; sourceTree = "<group>"; };
/* End PBXFileReference section */

/* Begin PBXFrameworksBuildPhase section */
		B467967B27E0648B00A5C7E8 /* Frameworks */ = {
			isa = PBXFrameworksBuildPhase;
			buildActionMask = 2147483647;
			files = (
				9F6D7A7F0E354FE3D64DB3C6 /* Pods_CleanRxPractice.framework in Frameworks */,
			);
			runOnlyForDeploymentPostprocessing = 0;
		};
/* End PBXFrameworksBuildPhase section */

/* Begin PBXGroup section */
		0C7A04A917B77AA499DCD6CA /* Frameworks */ = {
			isa = PBXGroup;
			children = (
				9A8023A59F757C10345E25E8 /* Pods_CleanRxPractice.framework */,
			);
			name = Frameworks;
			sourceTree = "<group>";
		};
		70A09E6DDC536ECBF38A13D6 /* Pods */ = {
			isa = PBXGroup;
			children = (
				B288BC01858E460D91E414F2 /* Pods-CleanRxPractice.debug.xcconfig */,
				49AE251BA1714CABFA3857C5 /* Pods-CleanRxPractice.release.xcconfig */,
			);
			path = Pods;
			sourceTree = "<group>";
		};
		B467967527E0648B00A5C7E8 = {
			isa = PBXGroup;
			children = (
				B467968027E0648B00A5C7E8 /* CleanRxPractice */,
				B467967F27E0648B00A5C7E8 /* Products */,
				70A09E6DDC536ECBF38A13D6 /* Pods */,
				0C7A04A917B77AA499DCD6CA /* Frameworks */,
			);
			sourceTree = "<group>";
		};
		B467967F27E0648B00A5C7E8 /* Products */ = {
			isa = PBXGroup;
			children = (
				B467967E27E0648B00A5C7E8 /* CleanRxPractice.app */,
			);
			name = Products;
			sourceTree = "<group>";
		};
		B467968027E0648B00A5C7E8 /* CleanRxPractice */ = {
			isa = PBXGroup;
			children = (
				B46796BA27E0D18A00A5C7E8 /* Extensions */,
				B467969727E0655200A5C7E8 /* Application */,
				B467969627E0654E00A5C7E8 /* Platform */,
				B467969527E0654B00A5C7E8 /* Domain */,
				B467968127E0648B00A5C7E8 /* AppDelegate.swift */,
				B467968A27E0648C00A5C7E8 /* Assets.xcassets */,
				B467968C27E0648C00A5C7E8 /* LaunchScreen.storyboard */,
				B467968F27E0648C00A5C7E8 /* Info.plist */,
			);
			path = CleanRxPractice;
			sourceTree = "<group>";
		};
		B467969527E0654B00A5C7E8 /* Domain */ = {
			isa = PBXGroup;
			children = (
				B467969C27E0660C00A5C7E8 /* Providers */,
				B467969927E0658200A5C7E8 /* UseCases */,
				B467969827E0657F00A5C7E8 /* Entities */,
			);
			path = Domain;
			sourceTree = "<group>";
		};
		B467969627E0654E00A5C7E8 /* Platform */ = {
			isa = PBXGroup;
			children = (
				B46796A427E068CC00A5C7E8 /* Network */,
			);
			path = Platform;
			sourceTree = "<group>";
		};
		B467969727E0655200A5C7E8 /* Application */ = {
			isa = PBXGroup;
			children = (
				B46796B327E075E700A5C7E8 /* Scenes */,
				B46796B227E075E400A5C7E8 /* Common */,
			);
			path = Application;
			sourceTree = "<group>";
		};
		B467969827E0657F00A5C7E8 /* Entities */ = {
			isa = PBXGroup;
			children = (
				B467969A27E065B000A5C7E8 /* Follower.swift */,
			);
			path = Entities;
			sourceTree = "<group>";
		};
		B467969927E0658200A5C7E8 /* UseCases */ = {
			isa = PBXGroup;
			children = (
				B467969D27E0662900A5C7E8 /* SearchFollowersUseCase.swift */,
				B46F651727EAF672002AF286 /* DownloadAvatarUseCase.swift */,
			);
			path = UseCases;
			sourceTree = "<group>";
		};
		B467969C27E0660C00A5C7E8 /* Providers */ = {
			isa = PBXGroup;
			children = (
				B467969F27E066DE00A5C7E8 /* SearchFollowersUseCaseProvider.swift */,
				B46F651927EAF6AE002AF286 /* DownloadAvatarUseCaseProvider.swift */,
			);
			path = Providers;
			sourceTree = "<group>";
		};
		B46796A427E068CC00A5C7E8 /* Network */ = {
			isa = PBXGroup;
			children = (
				B46796AC27E06FF500A5C7E8 /* UseCases */,
				B46796A727E06D5E00A5C7E8 /* API */,
				B46796A527E0692F00A5C7E8 /* Network.swift */,
				B46796AA27E06EEF00A5C7E8 /* NetworkProvider.swift */,
			);
			path = Network;
			sourceTree = "<group>";
		};
		B46796A727E06D5E00A5C7E8 /* API */ = {
			isa = PBXGroup;
			children = (
				B46796A827E06E0300A5C7E8 /* FollowersNetwork.swift */,
				B46F651527EAF5AF002AF286 /* AvatarNetwork.swift */,
			);
			path = API;
			sourceTree = "<group>";
		};
		B46796AC27E06FF500A5C7E8 /* UseCases */ = {
			isa = PBXGroup;
			children = (
				B46796AD27E06FFE00A5C7E8 /* NetworkSearchFollowersUseCase.swift */,
				B46796AF27E0721C00A5C7E8 /* NetworkSearchFollowersUseCaseProvider.swift */,
				B46F651B27EAF6E8002AF286 /* NetworkDownloadAvatarUseCase.swift */,
				B46F651D27EAF73B002AF286 /* NetworkDownloadAvatarUseCaseProvider.swift */,
			);
			path = UseCases;
			sourceTree = "<group>";
		};
		B46796B127E075D600A5C7E8 /* SearchFollowers */ = {
			isa = PBXGroup;
			children = (
				B46796B627E0772800A5C7E8 /* SearchFollowersViewModel.swift */,
				B46796B827E0CEDF00A5C7E8 /* SearchFollowersViewController.swift */,
				B4F7B4DA27E5BAA30056A4CC /* SearchFollowersCollectionViewCell.swift */,
			);
			path = SearchFollowers;
			sourceTree = "<group>";
		};
		B46796B227E075E400A5C7E8 /* Common */ = {
			isa = PBXGroup;
			children = (
				B46796B427E075F300A5C7E8 /* ViewModelType.swift */,
			);
			path = Common;
			sourceTree = "<group>";
		};
		B46796B327E075E700A5C7E8 /* Scenes */ = {
			isa = PBXGroup;
			children = (
				B46796B127E075D600A5C7E8 /* SearchFollowers */,
			);
			path = Scenes;
			sourceTree = "<group>";
		};
		B46796BA27E0D18A00A5C7E8 /* Extensions */ = {
			isa = PBXGroup;
			children = (
				B46796BB27E0D19000A5C7E8 /* RxExtensions */,
			);
			path = Extensions;
			sourceTree = "<group>";
		};
		B46796BB27E0D19000A5C7E8 /* RxExtensions */ = {
			isa = PBXGroup;
			children = (
				B46796BC27E0D19D00A5C7E8 /* UIViewController+Rx.swift */,
			);
			path = RxExtensions;
			sourceTree = "<group>";
		};
/* End PBXGroup section */

/* Begin PBXNativeTarget section */
		B467967D27E0648B00A5C7E8 /* CleanRxPractice */ = {
			isa = PBXNativeTarget;
			buildConfigurationList = B467969227E0648C00A5C7E8 /* Build configuration list for PBXNativeTarget "CleanRxPractice" */;
			buildPhases = (
				9EB2F9ED70B9FD3CAB671DEC /* [CP] Check Pods Manifest.lock */,
				B467967A27E0648B00A5C7E8 /* Sources */,
				B467967B27E0648B00A5C7E8 /* Frameworks */,
				B467967C27E0648B00A5C7E8 /* Resources */,
				347DA4C4A759EE9DD2610071 /* [CP] Embed Pods Frameworks */,
			);
			buildRules = (
			);
			dependencies = (
			);
			name = CleanRxPractice;
			productName = CleanRxPractice;
			productReference = B467967E27E0648B00A5C7E8 /* CleanRxPractice.app */;
			productType = "com.apple.product-type.application";
		};
/* End PBXNativeTarget section */

/* Begin PBXProject section */
		B467967627E0648B00A5C7E8 /* Project object */ = {
			isa = PBXProject;
			attributes = {
				BuildIndependentTargetsInParallel = 1;
				LastSwiftUpdateCheck = 1320;
				LastUpgradeCheck = 1320;
				TargetAttributes = {
					B467967D27E0648B00A5C7E8 = {
						CreatedOnToolsVersion = 13.2.1;
					};
				};
			};
			buildConfigurationList = B467967927E0648B00A5C7E8 /* Build configuration list for PBXProject "CleanRxPractice" */;
			compatibilityVersion = "Xcode 13.0";
			developmentRegion = en;
			hasScannedForEncodings = 0;
			knownRegions = (
				en,
				Base,
			);
			mainGroup = B467967527E0648B00A5C7E8;
			productRefGroup = B467967F27E0648B00A5C7E8 /* Products */;
			projectDirPath = "";
			projectRoot = "";
			targets = (
				B467967D27E0648B00A5C7E8 /* CleanRxPractice */,
			);
		};
/* End PBXProject section */

/* Begin PBXResourcesBuildPhase section */
		B467967C27E0648B00A5C7E8 /* Resources */ = {
			isa = PBXResourcesBuildPhase;
			buildActionMask = 2147483647;
			files = (
				B467968E27E0648C00A5C7E8 /* LaunchScreen.storyboard in Resources */,
				B467968B27E0648C00A5C7E8 /* Assets.xcassets in Resources */,
			);
			runOnlyForDeploymentPostprocessing = 0;
		};
/* End PBXResourcesBuildPhase section */

/* Begin PBXShellScriptBuildPhase section */
		347DA4C4A759EE9DD2610071 /* [CP] Embed Pods Frameworks */ = {
			isa = PBXShellScriptBuildPhase;
			buildActionMask = 2147483647;
			files = (
			);
			inputFileListPaths = (
				"${PODS_ROOT}/Target Support Files/Pods-CleanRxPractice/Pods-CleanRxPractice-frameworks-${CONFIGURATION}-input-files.xcfilelist",
			);
			name = "[CP] Embed Pods Frameworks";
			outputFileListPaths = (
				"${PODS_ROOT}/Target Support Files/Pods-CleanRxPractice/Pods-CleanRxPractice-frameworks-${CONFIGURATION}-output-files.xcfilelist",
			);
			runOnlyForDeploymentPostprocessing = 0;
			shellPath = /bin/sh;
			shellScript = "\"${PODS_ROOT}/Target Support Files/Pods-CleanRxPractice/Pods-CleanRxPractice-frameworks.sh\"\n";
			showEnvVarsInLog = 0;
		};
		9EB2F9ED70B9FD3CAB671DEC /* [CP] Check Pods Manifest.lock */ = {
			isa = PBXShellScriptBuildPhase;
			buildActionMask = 2147483647;
			files = (
			);
			inputFileListPaths = (
			);
			inputPaths = (
				"${PODS_PODFILE_DIR_PATH}/Podfile.lock",
				"${PODS_ROOT}/Manifest.lock",
			);
			name = "[CP] Check Pods Manifest.lock";
			outputFileListPaths = (
			);
			outputPaths = (
				"$(DERIVED_FILE_DIR)/Pods-CleanRxPractice-checkManifestLockResult.txt",
			);
			runOnlyForDeploymentPostprocessing = 0;
			shellPath = /bin/sh;
			shellScript = "diff \"${PODS_PODFILE_DIR_PATH}/Podfile.lock\" \"${PODS_ROOT}/Manifest.lock\" > /dev/null\nif [ $? != 0 ] ; then\n    # print error to STDERR\n    echo \"error: The sandbox is not in sync with the Podfile.lock. Run 'pod install' or update your CocoaPods installation.\" >&2\n    exit 1\nfi\n# This output is used by Xcode 'outputs' to avoid re-running this script phase.\necho \"SUCCESS\" > \"${SCRIPT_OUTPUT_FILE_0}\"\n";
			showEnvVarsInLog = 0;
		};
/* End PBXShellScriptBuildPhase section */

/* Begin PBXSourcesBuildPhase section */
		B467967A27E0648B00A5C7E8 /* Sources */ = {
			isa = PBXSourcesBuildPhase;
			buildActionMask = 2147483647;
			files = (
				B46796B927E0CEDF00A5C7E8 /* SearchFollowersViewController.swift in Sources */,
				B46796B727E0772800A5C7E8 /* SearchFollowersViewModel.swift in Sources */,
				B46796B527E075F300A5C7E8 /* ViewModelType.swift in Sources */,
				B467969B27E065B000A5C7E8 /* Follower.swift in Sources */,
				B46796A627E0692F00A5C7E8 /* Network.swift in Sources */,
				B46796BD27E0D19D00A5C7E8 /* UIViewController+Rx.swift in Sources */,
				B46F651827EAF672002AF286 /* DownloadAvatarUseCase.swift in Sources */,
				B46F651E27EAF73B002AF286 /* NetworkDownloadAvatarUseCaseProvider.swift in Sources */,
				B46796B027E0721C00A5C7E8 /* NetworkSearchFollowersUseCaseProvider.swift in Sources */,
				B46796A927E06E0300A5C7E8 /* FollowersNetwork.swift in Sources */,
				B46F651C27EAF6E8002AF286 /* NetworkDownloadAvatarUseCase.swift in Sources */,
				B467968227E0648B00A5C7E8 /* AppDelegate.swift in Sources */,
				B46F651A27EAF6AE002AF286 /* DownloadAvatarUseCaseProvider.swift in Sources */,
				B46796AE27E06FFE00A5C7E8 /* NetworkSearchFollowersUseCase.swift in Sources */,
				B46796AB27E06EEF00A5C7E8 /* NetworkProvider.swift in Sources */,
				B46F651627EAF5AF002AF286 /* AvatarNetwork.swift in Sources */,
				B46796A027E066DE00A5C7E8 /* SearchFollowersUseCaseProvider.swift in Sources */,
				B4F7B4DB27E5BAA30056A4CC /* SearchFollowersCollectionViewCell.swift in Sources */,
				B467969E27E0662900A5C7E8 /* SearchFollowersUseCase.swift in Sources */,
			);
			runOnlyForDeploymentPostprocessing = 0;
		};
/* End PBXSourcesBuildPhase section */

/* Begin PBXVariantGroup section */
		B467968C27E0648C00A5C7E8 /* LaunchScreen.storyboard */ = {
			isa = PBXVariantGroup;
			children = (
				B467968D27E0648C00A5C7E8 /* Base */,
			);
			name = LaunchScreen.storyboard;
			sourceTree = "<group>";
		};
/* End PBXVariantGroup section */

/* Begin XCBuildConfiguration section */
		B467969027E0648C00A5C7E8 /* Debug */ = {
			isa = XCBuildConfiguration;
			buildSettings = {
				ALWAYS_SEARCH_USER_PATHS = NO;
				CLANG_ANALYZER_NONNULL = YES;
				CLANG_ANALYZER_NUMBER_OBJECT_CONVERSION = YES_AGGRESSIVE;
				CLANG_CXX_LANGUAGE_STANDARD = "gnu++17";
				CLANG_CXX_LIBRARY = "libc++";
				CLANG_ENABLE_MODULES = YES;
				CLANG_ENABLE_OBJC_ARC = YES;
				CLANG_ENABLE_OBJC_WEAK = YES;
				CLANG_WARN_BLOCK_CAPTURE_AUTORELEASING = YES;
				CLANG_WARN_BOOL_CONVERSION = YES;
				CLANG_WARN_COMMA = YES;
				CLANG_WARN_CONSTANT_CONVERSION = YES;
				CLANG_WARN_DEPRECATED_OBJC_IMPLEMENTATIONS = YES;
				CLANG_WARN_DIRECT_OBJC_ISA_USAGE = YES_ERROR;
				CLANG_WARN_DOCUMENTATION_COMMENTS = YES;
				CLANG_WARN_EMPTY_BODY = YES;
				CLANG_WARN_ENUM_CONVERSION = YES;
				CLANG_WARN_INFINITE_RECURSION = YES;
				CLANG_WARN_INT_CONVERSION = YES;
				CLANG_WARN_NON_LITERAL_NULL_CONVERSION = YES;
				CLANG_WARN_OBJC_IMPLICIT_RETAIN_SELF = YES;
				CLANG_WARN_OBJC_LITERAL_CONVERSION = YES;
				CLANG_WARN_OBJC_ROOT_CLASS = YES_ERROR;
				CLANG_WARN_QUOTED_INCLUDE_IN_FRAMEWORK_HEADER = YES;
				CLANG_WARN_RANGE_LOOP_ANALYSIS = YES;
				CLANG_WARN_STRICT_PROTOTYPES = YES;
				CLANG_WARN_SUSPICIOUS_MOVE = YES;
				CLANG_WARN_UNGUARDED_AVAILABILITY = YES_AGGRESSIVE;
				CLANG_WARN_UNREACHABLE_CODE = YES;
				CLANG_WARN__DUPLICATE_METHOD_MATCH = YES;
				COPY_PHASE_STRIP = NO;
				DEBUG_INFORMATION_FORMAT = dwarf;
				ENABLE_STRICT_OBJC_MSGSEND = YES;
				ENABLE_TESTABILITY = YES;
				GCC_C_LANGUAGE_STANDARD = gnu11;
				GCC_DYNAMIC_NO_PIC = NO;
				GCC_NO_COMMON_BLOCKS = YES;
				GCC_OPTIMIZATION_LEVEL = 0;
				GCC_PREPROCESSOR_DEFINITIONS = (
					"DEBUG=1",
					"$(inherited)",
				);
				GCC_WARN_64_TO_32_BIT_CONVERSION = YES;
				GCC_WARN_ABOUT_RETURN_TYPE = YES_ERROR;
				GCC_WARN_UNDECLARED_SELECTOR = YES;
				GCC_WARN_UNINITIALIZED_AUTOS = YES_AGGRESSIVE;
				GCC_WARN_UNUSED_FUNCTION = YES;
				GCC_WARN_UNUSED_VARIABLE = YES;
				IPHONEOS_DEPLOYMENT_TARGET = 15.2;
				MTL_ENABLE_DEBUG_INFO = INCLUDE_SOURCE;
				MTL_FAST_MATH = YES;
				ONLY_ACTIVE_ARCH = YES;
				SDKROOT = iphoneos;
				SWIFT_ACTIVE_COMPILATION_CONDITIONS = DEBUG;
				SWIFT_OPTIMIZATION_LEVEL = "-Onone";
			};
			name = Debug;
		};
		B467969127E0648C00A5C7E8 /* Release */ = {
			isa = XCBuildConfiguration;
			buildSettings = {
				ALWAYS_SEARCH_USER_PATHS = NO;
				CLANG_ANALYZER_NONNULL = YES;
				CLANG_ANALYZER_NUMBER_OBJECT_CONVERSION = YES_AGGRESSIVE;
				CLANG_CXX_LANGUAGE_STANDARD = "gnu++17";
				CLANG_CXX_LIBRARY = "libc++";
				CLANG_ENABLE_MODULES = YES;
				CLANG_ENABLE_OBJC_ARC = YES;
				CLANG_ENABLE_OBJC_WEAK = YES;
				CLANG_WARN_BLOCK_CAPTURE_AUTORELEASING = YES;
				CLANG_WARN_BOOL_CONVERSION = YES;
				CLANG_WARN_COMMA = YES;
				CLANG_WARN_CONSTANT_CONVERSION = YES;
				CLANG_WARN_DEPRECATED_OBJC_IMPLEMENTATIONS = YES;
				CLANG_WARN_DIRECT_OBJC_ISA_USAGE = YES_ERROR;
				CLANG_WARN_DOCUMENTATION_COMMENTS = YES;
				CLANG_WARN_EMPTY_BODY = YES;
				CLANG_WARN_ENUM_CONVERSION = YES;
				CLANG_WARN_INFINITE_RECURSION = YES;
				CLANG_WARN_INT_CONVERSION = YES;
				CLANG_WARN_NON_LITERAL_NULL_CONVERSION = YES;
				CLANG_WARN_OBJC_IMPLICIT_RETAIN_SELF = YES;
				CLANG_WARN_OBJC_LITERAL_CONVERSION = YES;
				CLANG_WARN_OBJC_ROOT_CLASS = YES_ERROR;
				CLANG_WARN_QUOTED_INCLUDE_IN_FRAMEWORK_HEADER = YES;
				CLANG_WARN_RANGE_LOOP_ANALYSIS = YES;
				CLANG_WARN_STRICT_PROTOTYPES = YES;
				CLANG_WARN_SUSPICIOUS_MOVE = YES;
				CLANG_WARN_UNGUARDED_AVAILABILITY = YES_AGGRESSIVE;
				CLANG_WARN_UNREACHABLE_CODE = YES;
				CLANG_WARN__DUPLICATE_METHOD_MATCH = YES;
				COPY_PHASE_STRIP = NO;
				DEBUG_INFORMATION_FORMAT = "dwarf-with-dsym";
				ENABLE_NS_ASSERTIONS = NO;
				ENABLE_STRICT_OBJC_MSGSEND = YES;
				GCC_C_LANGUAGE_STANDARD = gnu11;
				GCC_NO_COMMON_BLOCKS = YES;
				GCC_WARN_64_TO_32_BIT_CONVERSION = YES;
				GCC_WARN_ABOUT_RETURN_TYPE = YES_ERROR;
				GCC_WARN_UNDECLARED_SELECTOR = YES;
				GCC_WARN_UNINITIALIZED_AUTOS = YES_AGGRESSIVE;
				GCC_WARN_UNUSED_FUNCTION = YES;
				GCC_WARN_UNUSED_VARIABLE = YES;
				IPHONEOS_DEPLOYMENT_TARGET = 15.2;
				MTL_ENABLE_DEBUG_INFO = NO;
				MTL_FAST_MATH = YES;
				SDKROOT = iphoneos;
				SWIFT_COMPILATION_MODE = wholemodule;
				SWIFT_OPTIMIZATION_LEVEL = "-O";
				VALIDATE_PRODUCT = YES;
			};
			name = Release;
		};
		B467969327E0648C00A5C7E8 /* Debug */ = {
			isa = XCBuildConfiguration;
			baseConfigurationReference = B288BC01858E460D91E414F2 /* Pods-CleanRxPractice.debug.xcconfig */;
			buildSettings = {
				ASSETCATALOG_COMPILER_APPICON_NAME = AppIcon;
				ASSETCATALOG_COMPILER_GLOBAL_ACCENT_COLOR_NAME = AccentColor;
				CODE_SIGN_STYLE = Automatic;
				CURRENT_PROJECT_VERSION = 1;
				DEVELOPMENT_TEAM = SK9D9HK9A2;
				GENERATE_INFOPLIST_FILE = YES;
				INFOPLIST_FILE = CleanRxPractice/Info.plist;
				INFOPLIST_KEY_UIApplicationSupportsIndirectInputEvents = YES;
				INFOPLIST_KEY_UILaunchStoryboardName = LaunchScreen;
				INFOPLIST_KEY_UISupportedInterfaceOrientations_iPad = "UIInterfaceOrientationPortrait UIInterfaceOrientationPortraitUpsideDown UIInterfaceOrientationLandscapeLeft UIInterfaceOrientationLandscapeRight";
				INFOPLIST_KEY_UISupportedInterfaceOrientations_iPhone = "UIInterfaceOrientationPortrait UIInterfaceOrientationLandscapeLeft UIInterfaceOrientationLandscapeRight";
				IPHONEOS_DEPLOYMENT_TARGET = 13.0;
				LD_RUNPATH_SEARCH_PATHS = (
					"$(inherited)",
					"@executable_path/Frameworks",
				);
				MARKETING_VERSION = 1.0;
				PRODUCT_BUNDLE_IDENTIFIER = com.howift.CleanRxPractice;
				PRODUCT_NAME = "$(TARGET_NAME)";
				SWIFT_EMIT_LOC_STRINGS = YES;
				SWIFT_VERSION = 5.0;
				TARGETED_DEVICE_FAMILY = 1;
			};
			name = Debug;
		};
		B467969427E0648C00A5C7E8 /* Release */ = {
			isa = XCBuildConfiguration;
			baseConfigurationReference = 49AE251BA1714CABFA3857C5 /* Pods-CleanRxPractice.release.xcconfig */;
			buildSettings = {
				ASSETCATALOG_COMPILER_APPICON_NAME = AppIcon;
				ASSETCATALOG_COMPILER_GLOBAL_ACCENT_COLOR_NAME = AccentColor;
				CODE_SIGN_STYLE = Automatic;
				CURRENT_PROJECT_VERSION = 1;
				DEVELOPMENT_TEAM = SK9D9HK9A2;
				GENERATE_INFOPLIST_FILE = YES;
				INFOPLIST_FILE = CleanRxPractice/Info.plist;
				INFOPLIST_KEY_UIApplicationSupportsIndirectInputEvents = YES;
				INFOPLIST_KEY_UILaunchStoryboardName = LaunchScreen;
				INFOPLIST_KEY_UISupportedInterfaceOrientations_iPad = "UIInterfaceOrientationPortrait UIInterfaceOrientationPortraitUpsideDown UIInterfaceOrientationLandscapeLeft UIInterfaceOrientationLandscapeRight";
				INFOPLIST_KEY_UISupportedInterfaceOrientations_iPhone = "UIInterfaceOrientationPortrait UIInterfaceOrientationLandscapeLeft UIInterfaceOrientationLandscapeRight";
				IPHONEOS_DEPLOYMENT_TARGET = 13.0;
				LD_RUNPATH_SEARCH_PATHS = (
					"$(inherited)",
					"@executable_path/Frameworks",
				);
				MARKETING_VERSION = 1.0;
				PRODUCT_BUNDLE_IDENTIFIER = com.howift.CleanRxPractice;
				PRODUCT_NAME = "$(TARGET_NAME)";
				SWIFT_EMIT_LOC_STRINGS = YES;
				SWIFT_VERSION = 5.0;
				TARGETED_DEVICE_FAMILY = 1;
			};
			name = Release;
		};
/* End XCBuildConfiguration section */

/* Begin XCConfigurationList section */
		B467967927E0648B00A5C7E8 /* Build configuration list for PBXProject "CleanRxPractice" */ = {
			isa = XCConfigurationList;
			buildConfigurations = (
				B467969027E0648C00A5C7E8 /* Debug */,
				B467969127E0648C00A5C7E8 /* Release */,
			);
			defaultConfigurationIsVisible = 0;
			defaultConfigurationName = Release;
		};
		B467969227E0648C00A5C7E8 /* Build configuration list for PBXNativeTarget "CleanRxPractice" */ = {
			isa = XCConfigurationList;
			buildConfigurations = (
				B467969327E0648C00A5C7E8 /* Debug */,
				B467969427E0648C00A5C7E8 /* Release */,
			);
			defaultConfigurationIsVisible = 0;
			defaultConfigurationName = Release;
		};
/* End XCConfigurationList section */
	};
	rootObject = B467967627E0648B00A5C7E8 /* Project object */;
}
